// !$*UTF8*$!
{
	archiveVersion = 1;
	classes = {
	};
	objectVersion = 52;
	objects = {

/* Begin PBXBuildFile section */
		7D044F7F25C75F4B00E8A4C9 /* MoviesEndpoint.swift in Sources */ = {isa = PBXBuildFile; fileRef = 7D044F7E25C75F4B00E8A4C9 /* MoviesEndpoint.swift */; };
		7D0F9C4825D0BFCC00E0A129 /* RequestCastService.swift in Sources */ = {isa = PBXBuildFile; fileRef = 7D0F9C4725D0BFCC00E0A129 /* RequestCastService.swift */; };
		7D0F9C5825D0DB4200E0A129 /* CinemaTvCollectionViewDataSource.swift in Sources */ = {isa = PBXBuildFile; fileRef = 7D0F9C5725D0DB4200E0A129 /* CinemaTvCollectionViewDataSource.swift */; };
		7D12B5D52720E5780021EA2C /* EmptyStateView.swift in Sources */ = {isa = PBXBuildFile; fileRef = 7D12B5D42720E5780021EA2C /* EmptyStateView.swift */; };
		7D1E2F0E26816BB20052E02D /* MoviesSearchViewModel.swift in Sources */ = {isa = PBXBuildFile; fileRef = 7D1E2F0D26816BB20052E02D /* MoviesSearchViewModel.swift */; };
		7D22EBF125E2E6AA00BC6A13 /* FavoritesMoviesViewController.swift in Sources */ = {isa = PBXBuildFile; fileRef = 7D22EBF025E2E6AA00BC6A13 /* FavoritesMoviesViewController.swift */; };
		7D22EC0925E2F9E100BC6A13 /* FavoritesMoviesDatasource.swift in Sources */ = {isa = PBXBuildFile; fileRef = 7D22EC0825E2F9E100BC6A13 /* FavoritesMoviesDatasource.swift */; };
		7D22EC0D25E2FCD900BC6A13 /* FavoritesMoviesCell.swift in Sources */ = {isa = PBXBuildFile; fileRef = 7D22EC0C25E2FCD900BC6A13 /* FavoritesMoviesCell.swift */; };
		7D22EC1125E3281C00BC6A13 /* FavoritesCoordinator.swift in Sources */ = {isa = PBXBuildFile; fileRef = 7D22EC1025E3281C00BC6A13 /* FavoritesCoordinator.swift */; };
		7D22EC1D25E404B300BC6A13 /* CinemaTv.xcdatamodeld in Sources */ = {isa = PBXBuildFile; fileRef = 7D22EC1B25E404B300BC6A13 /* CinemaTv.xcdatamodeld */; };
		7D22ED0C25E44A5C00BC6A13 /* UIView+DropShadow.swift in Sources */ = {isa = PBXBuildFile; fileRef = 7D22ED0B25E44A5C00BC6A13 /* UIView+DropShadow.swift */; };
		7D31B8CF2661AA1600AAEB3D /* WatchProviders.swift in Sources */ = {isa = PBXBuildFile; fileRef = 7D31B8CE2661AA1600AAEB3D /* WatchProviders.swift */; };
		7D31B8D12661B0E600AAEB3D /* WatchProvidersService.swift in Sources */ = {isa = PBXBuildFile; fileRef = 7D31B8D02661B0E600AAEB3D /* WatchProvidersService.swift */; };
		7D3A0EF625D20B2B00D8BC5E /* ListMoviesSwiftUI.swift in Sources */ = {isa = PBXBuildFile; fileRef = 7D3A0EF525D20B2B00D8BC5E /* ListMoviesSwiftUI.swift */; };
		7D3A0F0125D20D8400D8BC5E /* MovieViewModel.swift in Sources */ = {isa = PBXBuildFile; fileRef = 7D3A0F0025D20D8400D8BC5E /* MovieViewModel.swift */; };
		7D3A0F2225D21E4E00D8BC5E /* ImageLoader.swift in Sources */ = {isa = PBXBuildFile; fileRef = 7D3A0F2125D21E4E00D8BC5E /* ImageLoader.swift */; };
		7D3A0F2C25D2273F00D8BC5E /* MovieImages.swift in Sources */ = {isa = PBXBuildFile; fileRef = 7D3A0F2B25D2273F00D8BC5E /* MovieImages.swift */; };
		7D49E2FC26312FF50065153F /* CastManager.swift in Sources */ = {isa = PBXBuildFile; fileRef = 7D49E2FB26312FF50065153F /* CastManager.swift */; };
		7D49E3022631330A0065153F /* ProvidersManager.swift in Sources */ = {isa = PBXBuildFile; fileRef = 7D49E3012631330A0065153F /* ProvidersManager.swift */; };
		7D5321B8263E312100B490A0 /* AboutViewControllerSpec.swift in Sources */ = {isa = PBXBuildFile; fileRef = FFAA339F25A24B37007B402F /* AboutViewControllerSpec.swift */; };
		7D5870E725C3918B00DE8D38 /* RegistrationViewController.swift in Sources */ = {isa = PBXBuildFile; fileRef = 7D5870E625C3918B00DE8D38 /* RegistrationViewController.swift */; };
		7D5870EB25C392A000DE8D38 /* RegistrationView.swift in Sources */ = {isa = PBXBuildFile; fileRef = 7D5870EA25C392A000DE8D38 /* RegistrationView.swift */; };
		7D5870F725C3935E00DE8D38 /* CodeView.swift in Sources */ = {isa = PBXBuildFile; fileRef = 7D5870F625C3935E00DE8D38 /* CodeView.swift */; };
		7D60ADA125DB14550064E3E6 /* Kingfisher in Frameworks */ = {isa = PBXBuildFile; productRef = 7D60ADA025DB14550064E3E6 /* Kingfisher */; };
		7D67C40225DA26FB00530E17 /* DiscoverCollectionViewCell.swift in Sources */ = {isa = PBXBuildFile; fileRef = FFA8EA1F252046EC00FA6117 /* DiscoverCollectionViewCell.swift */; };
		7D67C46025DA289C00530E17 /* LoginViewModel.swift in Sources */ = {isa = PBXBuildFile; fileRef = FF77501025BE02D000C5B65A /* LoginViewModel.swift */; };
		7D784412262CF5CA0046423B /* DiscoverSeriesHomeManager.swift in Sources */ = {isa = PBXBuildFile; fileRef = 7D784411262CF5CA0046423B /* DiscoverSeriesHomeManager.swift */; };
		7D94F20125DAF0E500E77DF8 /* CastCollectionViewCell.swift in Sources */ = {isa = PBXBuildFile; fileRef = FF94486A2550D9E700BE8510 /* CastCollectionViewCell.swift */; };
		7DA6FC7A25DB1CCA0022300E /* JGProgressHUD in Frameworks */ = {isa = PBXBuildFile; productRef = 7DA6FC7925DB1CCA0022300E /* JGProgressHUD */; };
		7DA8C2C92630BC9A005C1162 /* FavoritesManager.swift in Sources */ = {isa = PBXBuildFile; fileRef = 7DA8C2C82630BC9A005C1162 /* FavoritesManager.swift */; };
		7DA8C2CD2630C200005C1162 /* UIButton+Extension.swift in Sources */ = {isa = PBXBuildFile; fileRef = 7DA8C2CC2630C200005C1162 /* UIButton+Extension.swift */; };
		7DABFFAC25C7311E00FCAF94 /* NetworkProtocol.swift in Sources */ = {isa = PBXBuildFile; fileRef = 7DABFFAB25C7311E00FCAF94 /* NetworkProtocol.swift */; };
		7DABFFDE25C7525F00FCAF94 /* APIService.swift in Sources */ = {isa = PBXBuildFile; fileRef = 7DABFFDD25C7525F00FCAF94 /* APIService.swift */; };
		7DAF08732676BD1000F3D71C /* MoviesSearchService.swift in Sources */ = {isa = PBXBuildFile; fileRef = 7DAF08722676BD1000F3D71C /* MoviesSearchService.swift */; };
		7DAF08752676C48800F3D71C /* MoviesSearchModel.swift in Sources */ = {isa = PBXBuildFile; fileRef = 7DAF08742676C48800F3D71C /* MoviesSearchModel.swift */; };
		7DAF08772676C66B00F3D71C /* MoviesSearchViewController.swift in Sources */ = {isa = PBXBuildFile; fileRef = 7DAF08762676C66B00F3D71C /* MoviesSearchViewController.swift */; };
		7DAF08792676CD4B00F3D71C /* MoviesSearchCoordinator.swift in Sources */ = {isa = PBXBuildFile; fileRef = 7DAF08782676CD4B00F3D71C /* MoviesSearchCoordinator.swift */; };
		7DB75AF325CEDAE200E80A57 /* NewAbout.swift in Sources */ = {isa = PBXBuildFile; fileRef = 7DB75AF225CEDAE200E80A57 /* NewAbout.swift */; };
		7DB75AF725CEE89900E80A57 /* MyImage.swift in Sources */ = {isa = PBXBuildFile; fileRef = 7DB75AF625CEE89900E80A57 /* MyImage.swift */; };
		7DB75B0025CEF77800E80A57 /* SocialViews.swift in Sources */ = {isa = PBXBuildFile; fileRef = 7DB75AFF25CEF77800E80A57 /* SocialViews.swift */; };
		7DB8D08326307FA2008A8F66 /* OnAirSeriesManager.swift in Sources */ = {isa = PBXBuildFile; fileRef = 7DB8D08226307FA2008A8F66 /* OnAirSeriesManager.swift */; };
		7DB8D087263089BF008A8F66 /* PopularSeriesManager.swift in Sources */ = {isa = PBXBuildFile; fileRef = 7DB8D086263089BF008A8F66 /* PopularSeriesManager.swift */; };
		7DBDC77425DC3217005540F5 /* MovieTableViewCell.swift in Sources */ = {isa = PBXBuildFile; fileRef = 7DBDC77325DC3217005540F5 /* MovieTableViewCell.swift */; };
		7DBDC77825DC390E005540F5 /* UITableView+Extension.swift in Sources */ = {isa = PBXBuildFile; fileRef = 7DBDC77725DC390E005540F5 /* UITableView+Extension.swift */; };
		7DBDC79E25DC6C35005540F5 /* TopRatedMovieCell.swift in Sources */ = {isa = PBXBuildFile; fileRef = 7DBDC79D25DC6C35005540F5 /* TopRatedMovieCell.swift */; };
		7DBDC7A225DDCB6F005540F5 /* NewDiscoverMoviesView.swift in Sources */ = {isa = PBXBuildFile; fileRef = 7DBDC7A125DDCB6F005540F5 /* NewDiscoverMoviesView.swift */; };
		7DBDC7A925DDEB19005540F5 /* ErrorViewController.swift in Sources */ = {isa = PBXBuildFile; fileRef = 7DBDC7A825DDEB19005540F5 /* ErrorViewController.swift */; };
		7DC54D462607D38A0017C642 /* CardConfig.swift in Sources */ = {isa = PBXBuildFile; fileRef = 7DC54D452607D38A0017C642 /* CardConfig.swift */; };
		7DD17DAA26C9BC9C00A092D2 /* GoogleService-Info.plist in Resources */ = {isa = PBXBuildFile; fileRef = 7DD17DA926C9BC9C00A092D2 /* GoogleService-Info.plist */; };
		7DD1D3B826A61C4A007FD860 /* MoviesSearchCell.swift in Sources */ = {isa = PBXBuildFile; fileRef = 7DD1D3B726A61C4A007FD860 /* MoviesSearchCell.swift */; };
		7DD3735C25D84948001472B7 /* DiscoverMoviesSection.swift in Sources */ = {isa = PBXBuildFile; fileRef = 7DD3735B25D84948001472B7 /* DiscoverMoviesSection.swift */; };
		7DD3736025D84E47001472B7 /* CinemaTvCollectionView.swift in Sources */ = {isa = PBXBuildFile; fileRef = 7DD3735F25D84E47001472B7 /* CinemaTvCollectionView.swift */; };
		7DD3736425D85311001472B7 /* DiscoverMoviesHomeViewController.swift in Sources */ = {isa = PBXBuildFile; fileRef = 7DD3736325D85311001472B7 /* DiscoverMoviesHomeViewController.swift */; };
		7DD3737025D9DA60001472B7 /* UICollectionView+Extension.swift in Sources */ = {isa = PBXBuildFile; fileRef = 7DD3736F25D9DA60001472B7 /* UICollectionView+Extension.swift */; };
		7DD3737425D9DAAF001472B7 /* DescribeProtocol.swift in Sources */ = {isa = PBXBuildFile; fileRef = 7DD3737325D9DAAF001472B7 /* DescribeProtocol.swift */; };
		7DD3737825D9DC26001472B7 /* UIViewController+Identifier.swift in Sources */ = {isa = PBXBuildFile; fileRef = 7DD3737725D9DC26001472B7 /* UIViewController+Identifier.swift */; };
		7DD3739225D9DE52001472B7 /* NSObject+DescribeProtocol.swift in Sources */ = {isa = PBXBuildFile; fileRef = 7DD3739125D9DE52001472B7 /* NSObject+DescribeProtocol.swift */; };
		7DD3739625D9E01B001472B7 /* UIImageView+Extension.swift in Sources */ = {isa = PBXBuildFile; fileRef = 7DD3739525D9E01B001472B7 /* UIImageView+Extension.swift */; };
		7DD3739A25D9EF28001472B7 /* HeaderView.swift in Sources */ = {isa = PBXBuildFile; fileRef = 7DD3739925D9EF28001472B7 /* HeaderView.swift */; };
		7DD3739E25D9EFDC001472B7 /* UILabel+Extension.swift in Sources */ = {isa = PBXBuildFile; fileRef = 7DD3739D25D9EFDC001472B7 /* UILabel+Extension.swift */; };
		7DD373A825D9F088001472B7 /* UIimage+Extension.swift in Sources */ = {isa = PBXBuildFile; fileRef = 7DD373A725D9F088001472B7 /* UIimage+Extension.swift */; };
		7DD3FE0325CA0E4600A101AC /* APIServiceError.swift in Sources */ = {isa = PBXBuildFile; fileRef = 7DD3FE0225CA0E4600A101AC /* APIServiceError.swift */; };
		7DD3FE0725CA153800A101AC /* SeriesEndpoint.swift in Sources */ = {isa = PBXBuildFile; fileRef = 7DD3FE0625CA153800A101AC /* SeriesEndpoint.swift */; };
		7DD4CE67267849E70039E632 /* MoviesSearchSection.swift in Sources */ = {isa = PBXBuildFile; fileRef = 7DD4CE66267849E70039E632 /* MoviesSearchSection.swift */; };
		7DE2B11725DAD38500FE65FB /* FirebaseFirestore in Frameworks */ = {isa = PBXBuildFile; productRef = 7DE2B11625DAD38500FE65FB /* FirebaseFirestore */; };
		7DE2B11925DAD38500FE65FB /* FirebaseDatabase in Frameworks */ = {isa = PBXBuildFile; productRef = 7DE2B11825DAD38500FE65FB /* FirebaseDatabase */; };
		7DE2B11B25DAD38500FE65FB /* FirebaseAnalytics in Frameworks */ = {isa = PBXBuildFile; productRef = 7DE2B11A25DAD38500FE65FB /* FirebaseAnalytics */; };
		7DE2B11D25DAD38500FE65FB /* FirebaseStorage in Frameworks */ = {isa = PBXBuildFile; productRef = 7DE2B11C25DAD38500FE65FB /* FirebaseStorage */; };
		7DE2B11F25DAD38500FE65FB /* FirebaseCrashlytics in Frameworks */ = {isa = PBXBuildFile; productRef = 7DE2B11E25DAD38500FE65FB /* FirebaseCrashlytics */; };
		7DE2B12125DAD38500FE65FB /* FirebaseRemoteConfig in Frameworks */ = {isa = PBXBuildFile; productRef = 7DE2B12025DAD38500FE65FB /* FirebaseRemoteConfig */; };
		7DE2B12325DAD38500FE65FB /* FirebaseAuth in Frameworks */ = {isa = PBXBuildFile; productRef = 7DE2B12225DAD38500FE65FB /* FirebaseAuth */; };
		7DE2B12525DAD38500FE65FB /* FirebaseDynamicLinks in Frameworks */ = {isa = PBXBuildFile; productRef = 7DE2B12425DAD38500FE65FB /* FirebaseDynamicLinks */; };
		7DE2B12725DAD38500FE65FB /* FirebaseMessaging in Frameworks */ = {isa = PBXBuildFile; productRef = 7DE2B12625DAD38500FE65FB /* FirebaseMessaging */; };
		7DE2B13725DAD56B00FE65FB /* SnapKit in Frameworks */ = {isa = PBXBuildFile; productRef = 7DE2B13625DAD56B00FE65FB /* SnapKit */; };
		7DF73728262264CF00CABC6B /* UIEdgeInsets.swift in Sources */ = {isa = PBXBuildFile; fileRef = 7DF73727262264CF00CABC6B /* UIEdgeInsets.swift */; };
		7DFEFEE8260FAF3A0052D8E5 /* TableViewManager.swift in Sources */ = {isa = PBXBuildFile; fileRef = 7DFEFEE7260FAF390052D8E5 /* TableViewManager.swift */; };
		FF08C6CB250B29920007F26F /* UIViewController+Extension.swift in Sources */ = {isa = PBXBuildFile; fileRef = FF08C6CA250B29920007F26F /* UIViewController+Extension.swift */; };
		FF0D460725200CF40069A74A /* DiscoverViewModel.swift in Sources */ = {isa = PBXBuildFile; fileRef = FF0D460625200CF40069A74A /* DiscoverViewModel.swift */; };
		FF0D4609252013230069A74A /* DiscoverMovies.swift in Sources */ = {isa = PBXBuildFile; fileRef = FF0D4608252013230069A74A /* DiscoverMovies.swift */; };
		FF0D460C252019060069A74A /* Coordinator.swift in Sources */ = {isa = PBXBuildFile; fileRef = FF0D460B252019060069A74A /* Coordinator.swift */; };
		FF0D46122520345B0069A74A /* Storyboarded.swift in Sources */ = {isa = PBXBuildFile; fileRef = FF0D46112520345B0069A74A /* Storyboarded.swift */; };
		FF0D4614252035EC0069A74A /* MainCoordinator.swift in Sources */ = {isa = PBXBuildFile; fileRef = FF0D4613252035EC0069A74A /* MainCoordinator.swift */; };
		FF1168982506E2A500F30652 /* SeriesViewModel.swift in Sources */ = {isa = PBXBuildFile; fileRef = FF1168972506E2A500F30652 /* SeriesViewModel.swift */; };
		FF11689B2506FEB200F30652 /* UIView+Extension.swift in Sources */ = {isa = PBXBuildFile; fileRef = FF11689A2506FEB200F30652 /* UIView+Extension.swift */; };
		FF11689E25070A2200F30652 /* Constants.swift in Sources */ = {isa = PBXBuildFile; fileRef = FF11689D25070A2200F30652 /* Constants.swift */; };
		FF1168A0250710C500F30652 /* SeriesOnAir.swift in Sources */ = {isa = PBXBuildFile; fileRef = FF11689F250710C500F30652 /* SeriesOnAir.swift */; };
		FF164E55259CF6DC001536DA /* RequestAPITvShows.swift in Sources */ = {isa = PBXBuildFile; fileRef = FF164E54259CF6DC001536DA /* RequestAPITvShows.swift */; };
		FF1F8372243A8EFE00886A67 /* TopRatedSeries.swift in Sources */ = {isa = PBXBuildFile; fileRef = FF1F8371243A8EFD00886A67 /* TopRatedSeries.swift */; };
		FF2030FB253FA1AC0038DD56 /* MovieCast.swift in Sources */ = {isa = PBXBuildFile; fileRef = FF2030FA253FA1AC0038DD56 /* MovieCast.swift */; };
		FF271612252FD78200370ED1 /* DetailCoordinator.swift in Sources */ = {isa = PBXBuildFile; fileRef = FF271611252FD78200370ED1 /* DetailCoordinator.swift */; };
		FF2EC46C25BB8F9900144DB3 /* LoginView.swift in Sources */ = {isa = PBXBuildFile; fileRef = FF2EC46B25BB8F9900144DB3 /* LoginView.swift */; };
		FF34C61B25A25C05004337C2 /* CinemaTvTests.swift in Sources */ = {isa = PBXBuildFile; fileRef = FF34C61A25A25C05004337C2 /* CinemaTvTests.swift */; };
		FF5AC10F250CFA8800C780A6 /* PopularCollectionViewCell.swift in Sources */ = {isa = PBXBuildFile; fileRef = FF5AC10D250CFA8800C780A6 /* PopularCollectionViewCell.swift */; };
		FF5AC110250CFA8800C780A6 /* PopularCollectionViewCell.xib in Resources */ = {isa = PBXBuildFile; fileRef = FF5AC10E250CFA8800C780A6 /* PopularCollectionViewCell.xib */; };
		FF5AC118250D2DE400C780A6 /* OnTheAirCollectionViewCell.swift in Sources */ = {isa = PBXBuildFile; fileRef = FF5AC116250D2DE400C780A6 /* OnTheAirCollectionViewCell.swift */; };
		FF5AC119250D2DE400C780A6 /* OnTheAirCollectionViewCell.xib in Resources */ = {isa = PBXBuildFile; fileRef = FF5AC117250D2DE400C780A6 /* OnTheAirCollectionViewCell.xib */; };
		FF5AC11D250D90F500C780A6 /* TrailerViewController.swift in Sources */ = {isa = PBXBuildFile; fileRef = FF5AC11B250D90F500C780A6 /* TrailerViewController.swift */; };
		FF5AC11E250D90F500C780A6 /* TrailerViewController.xib in Resources */ = {isa = PBXBuildFile; fileRef = FF5AC11C250D90F500C780A6 /* TrailerViewController.xib */; };
		FF5AC120250D96C700C780A6 /* Videos.swift in Sources */ = {isa = PBXBuildFile; fileRef = FF5AC11F250D96C700C780A6 /* Videos.swift */; };
		FF6C37B6259F81A100EAFECE /* AboutViewController.swift in Sources */ = {isa = PBXBuildFile; fileRef = FF6C37B5259F81A100EAFECE /* AboutViewController.swift */; };
		FF6CDB9B25351DAC002DC3B7 /* DetailViewModel.swift in Sources */ = {isa = PBXBuildFile; fileRef = FF6CDB9A25351DAC002DC3B7 /* DetailViewModel.swift */; };
		FF6CDB9D253532FA002DC3B7 /* DetailViewController.swift in Sources */ = {isa = PBXBuildFile; fileRef = FF6CDB9C253532FA002DC3B7 /* DetailViewController.swift */; };
		FF7B6A6E2517052100DEBA7E /* OverlayViewController.swift in Sources */ = {isa = PBXBuildFile; fileRef = FF7B6A6C2517052100DEBA7E /* OverlayViewController.swift */; };
		FF7B6A6F2517052100DEBA7E /* OverlayViewController.xib in Resources */ = {isa = PBXBuildFile; fileRef = FF7B6A6D2517052100DEBA7E /* OverlayViewController.xib */; };
		FF7B6A742518225800DEBA7E /* DetailsSeries.swift in Sources */ = {isa = PBXBuildFile; fileRef = FF7B6A732518225800DEBA7E /* DetailsSeries.swift */; };
		FF80D58A250EDC6400A15326 /* DiscoverSeriesHomeViewController.swift in Sources */ = {isa = PBXBuildFile; fileRef = FF80D589250EDC6400A15326 /* DiscoverSeriesHomeViewController.swift */; };
		FF92EE6A251C38A5006B8E48 /* ProvidersCollectionViewCell.swift in Sources */ = {isa = PBXBuildFile; fileRef = FF92EE68251C38A5006B8E48 /* ProvidersCollectionViewCell.swift */; };
		FF92EE6B251C38A5006B8E48 /* ProvidersCollectionViewCell.xib in Resources */ = {isa = PBXBuildFile; fileRef = FF92EE69251C38A5006B8E48 /* ProvidersCollectionViewCell.xib */; };
		FF92EE6E251C3D86006B8E48 /* OverlayViewModel.swift in Sources */ = {isa = PBXBuildFile; fileRef = FF92EE6D251C3D86006B8E48 /* OverlayViewModel.swift */; };
		FF94486D2550D9E700BE8510 /* CastCollectionViewCell.xib in Resources */ = {isa = PBXBuildFile; fileRef = FF94486B2550D9E700BE8510 /* CastCollectionViewCell.xib */; };
		FF95B21A242ED04300C5FF83 /* AppDelegate.swift in Sources */ = {isa = PBXBuildFile; fileRef = FF95B219242ED04300C5FF83 /* AppDelegate.swift */; };
		FF95B21C242ED04300C5FF83 /* SceneDelegate.swift in Sources */ = {isa = PBXBuildFile; fileRef = FF95B21B242ED04300C5FF83 /* SceneDelegate.swift */; };
		FF95B221242ED04300C5FF83 /* DiscoverSeriesHome.storyboard in Resources */ = {isa = PBXBuildFile; fileRef = FF95B21F242ED04300C5FF83 /* DiscoverSeriesHome.storyboard */; };
		FF95B226242ED05000C5FF83 /* Assets.xcassets in Resources */ = {isa = PBXBuildFile; fileRef = FF95B225242ED05000C5FF83 /* Assets.xcassets */; };
		FF95B229242ED05000C5FF83 /* LaunchScreen.storyboard in Resources */ = {isa = PBXBuildFile; fileRef = FF95B227242ED05000C5FF83 /* LaunchScreen.storyboard */; };
		FF95B23D2431565D00C5FF83 /* Movie.swift in Sources */ = {isa = PBXBuildFile; fileRef = FF95B23C2431565D00C5FF83 /* Movie.swift */; };
		FF95B23F2431582D00C5FF83 /* RequestAPIMovies.swift in Sources */ = {isa = PBXBuildFile; fileRef = FF95B23E2431582D00C5FF83 /* RequestAPIMovies.swift */; };
		FF96D59D2436913D006CF3C7 /* PopularSeries.swift in Sources */ = {isa = PBXBuildFile; fileRef = FF96D59C2436913D006CF3C7 /* PopularSeries.swift */; };
		FFA8EA22252046EC00FA6117 /* DiscoverCollectionViewCell.xib in Resources */ = {isa = PBXBuildFile; fileRef = FFA8EA20252046EC00FA6117 /* DiscoverCollectionViewCell.xib */; };
		FFA8EA28252185C400FA6117 /* UICollectionView+Helper.swift in Sources */ = {isa = PBXBuildFile; fileRef = FFA8EA27252185C400FA6117 /* UICollectionView+Helper.swift */; };
		FFAA339725A24B19007B402F /* CinemaTvUITests.swift in Sources */ = {isa = PBXBuildFile; fileRef = FFAA339625A24B19007B402F /* CinemaTvUITests.swift */; };
		FFB64F0A251D413200E5C2EA /* UIImage+Extension.swift in Sources */ = {isa = PBXBuildFile; fileRef = FFB64F09251D413200E5C2EA /* UIImage+Extension.swift */; };
		FFBC3CEB255B228B00E059F6 /* DiscoverSeries.swift in Sources */ = {isa = PBXBuildFile; fileRef = FFBC3CEA255B228B00E059F6 /* DiscoverSeries.swift */; };
		FFBE1DB825BFD91600BDA4CB /* (null) in Embed Frameworks */ = {isa = PBXBuildFile; settings = {ATTRIBUTES = (CodeSignOnCopy, RemoveHeadersOnCopy, ); }; };
		FFCC7EE925100D6B00994F11 /* TrailerViewModel.swift in Sources */ = {isa = PBXBuildFile; fileRef = FFCC7EE825100D6B00994F11 /* TrailerViewModel.swift */; };
		FFDC28EE253553F0003B58B5 /* MainTabBarController.swift in Sources */ = {isa = PBXBuildFile; fileRef = FFDC28ED253553F0003B58B5 /* MainTabBarController.swift */; };
		FFDC28F225369DA0003B58B5 /* SeriesCoordinator.swift in Sources */ = {isa = PBXBuildFile; fileRef = FFDC28F125369DA0003B58B5 /* SeriesCoordinator.swift */; };
		FFDC28F42536A2F8003B58B5 /* Localizable.strings in Resources */ = {isa = PBXBuildFile; fileRef = FFDC28F32536A2F8003B58B5 /* Localizable.strings */; };
		FFDC28F62536A3BF003B58B5 /* String+LocalizableHelper.swift in Sources */ = {isa = PBXBuildFile; fileRef = FFDC28F52536A3BF003B58B5 /* String+LocalizableHelper.swift */; };
		FFE30A7625B5EC4D00E29825 /* LoginViewController.swift in Sources */ = {isa = PBXBuildFile; fileRef = FFE30A7525B5EC4D00E29825 /* LoginViewController.swift */; };
		FFF9C8F0255B1EE300E53CBD /* DiscoverSeriesCollectionViewCell.swift in Sources */ = {isa = PBXBuildFile; fileRef = FFF9C8EE255B1EE300E53CBD /* DiscoverSeriesCollectionViewCell.swift */; };
		FFF9C8F1255B1EE300E53CBD /* DiscoverSeriesCollectionViewCell.xib in Resources */ = {isa = PBXBuildFile; fileRef = FFF9C8EF255B1EE300E53CBD /* DiscoverSeriesCollectionViewCell.xib */; };
/* End PBXBuildFile section */

/* Begin PBXContainerItemProxy section */
		FF34C61D25A25C05004337C2 /* PBXContainerItemProxy */ = {
			isa = PBXContainerItemProxy;
			containerPortal = FF95B20E242ED04300C5FF83 /* Project object */;
			proxyType = 1;
			remoteGlobalIDString = FF95B215242ED04300C5FF83;
			remoteInfo = CinemaTv;
		};
		FFAA339925A24B19007B402F /* PBXContainerItemProxy */ = {
			isa = PBXContainerItemProxy;
			containerPortal = FF95B20E242ED04300C5FF83 /* Project object */;
			proxyType = 1;
			remoteGlobalIDString = FF95B215242ED04300C5FF83;
			remoteInfo = CinemaTv;
		};
		FFE05A8725A34EF0005DD7C6 /* PBXContainerItemProxy */ = {
			isa = PBXContainerItemProxy;
			containerPortal = FF95B20E242ED04300C5FF83 /* Project object */;
			proxyType = 1;
			remoteGlobalIDString = FFAA339325A24B19007B402F;
			remoteInfo = CinemaTvUITests;
		};
/* End PBXContainerItemProxy section */

/* Begin PBXCopyFilesBuildPhase section */
		7D25AADA2648CFC70085FEDE /* Embed App Extensions */ = {
			isa = PBXCopyFilesBuildPhase;
			buildActionMask = 2147483647;
			dstPath = "";
			dstSubfolderSpec = 13;
			files = (
			);
			name = "Embed App Extensions";
			runOnlyForDeploymentPostprocessing = 0;
		};
		FFB64F20251D6C1400E5C2EA /* Embed Frameworks */ = {
			isa = PBXCopyFilesBuildPhase;
			buildActionMask = 2147483647;
			dstPath = "";
			dstSubfolderSpec = 10;
			files = (
				FFBE1DB825BFD91600BDA4CB /* (null) in Embed Frameworks */,
			);
			name = "Embed Frameworks";
			runOnlyForDeploymentPostprocessing = 0;
		};
/* End PBXCopyFilesBuildPhase section */

/* Begin PBXFileReference section */
		7D044F7E25C75F4B00E8A4C9 /* MoviesEndpoint.swift */ = {isa = PBXFileReference; lastKnownFileType = sourcecode.swift; path = MoviesEndpoint.swift; sourceTree = "<group>"; };
		7D0F9C4725D0BFCC00E0A129 /* RequestCastService.swift */ = {isa = PBXFileReference; lastKnownFileType = sourcecode.swift; path = RequestCastService.swift; sourceTree = "<group>"; };
		7D0F9C5725D0DB4200E0A129 /* CinemaTvCollectionViewDataSource.swift */ = {isa = PBXFileReference; lastKnownFileType = sourcecode.swift; path = CinemaTvCollectionViewDataSource.swift; sourceTree = "<group>"; };
		7D12B5D42720E5780021EA2C /* EmptyStateView.swift */ = {isa = PBXFileReference; lastKnownFileType = sourcecode.swift; path = EmptyStateView.swift; sourceTree = "<group>"; };
		7D1E2F0D26816BB20052E02D /* MoviesSearchViewModel.swift */ = {isa = PBXFileReference; lastKnownFileType = sourcecode.swift; path = MoviesSearchViewModel.swift; sourceTree = "<group>"; };
		7D22EBF025E2E6AA00BC6A13 /* FavoritesMoviesViewController.swift */ = {isa = PBXFileReference; lastKnownFileType = sourcecode.swift; path = FavoritesMoviesViewController.swift; sourceTree = "<group>"; };
		7D22EC0825E2F9E100BC6A13 /* FavoritesMoviesDatasource.swift */ = {isa = PBXFileReference; lastKnownFileType = sourcecode.swift; path = FavoritesMoviesDatasource.swift; sourceTree = "<group>"; };
		7D22EC0C25E2FCD900BC6A13 /* FavoritesMoviesCell.swift */ = {isa = PBXFileReference; lastKnownFileType = sourcecode.swift; path = FavoritesMoviesCell.swift; sourceTree = "<group>"; };
		7D22EC1025E3281C00BC6A13 /* FavoritesCoordinator.swift */ = {isa = PBXFileReference; lastKnownFileType = sourcecode.swift; path = FavoritesCoordinator.swift; sourceTree = "<group>"; };
		7D22EC1C25E404B300BC6A13 /* CinemaTv.xcdatamodel */ = {isa = PBXFileReference; lastKnownFileType = wrapper.xcdatamodel; path = CinemaTv.xcdatamodel; sourceTree = "<group>"; };
		7D22ED0B25E44A5C00BC6A13 /* UIView+DropShadow.swift */ = {isa = PBXFileReference; lastKnownFileType = sourcecode.swift; path = "UIView+DropShadow.swift"; sourceTree = "<group>"; };
		7D25AACA2648CFC60085FEDE /* WidgetKit.framework */ = {isa = PBXFileReference; lastKnownFileType = wrapper.framework; name = WidgetKit.framework; path = System/Library/Frameworks/WidgetKit.framework; sourceTree = SDKROOT; };
		7D25AACC2648CFC60085FEDE /* SwiftUI.framework */ = {isa = PBXFileReference; lastKnownFileType = wrapper.framework; name = SwiftUI.framework; path = System/Library/Frameworks/SwiftUI.framework; sourceTree = SDKROOT; };
		7D31B8CE2661AA1600AAEB3D /* WatchProviders.swift */ = {isa = PBXFileReference; lastKnownFileType = sourcecode.swift; path = WatchProviders.swift; sourceTree = "<group>"; };
		7D31B8D02661B0E600AAEB3D /* WatchProvidersService.swift */ = {isa = PBXFileReference; lastKnownFileType = sourcecode.swift; path = WatchProvidersService.swift; sourceTree = "<group>"; };
		7D3A0EF525D20B2B00D8BC5E /* ListMoviesSwiftUI.swift */ = {isa = PBXFileReference; lastKnownFileType = sourcecode.swift; path = ListMoviesSwiftUI.swift; sourceTree = "<group>"; };
		7D3A0F0025D20D8400D8BC5E /* MovieViewModel.swift */ = {isa = PBXFileReference; lastKnownFileType = sourcecode.swift; path = MovieViewModel.swift; sourceTree = "<group>"; };
		7D3A0F2125D21E4E00D8BC5E /* ImageLoader.swift */ = {isa = PBXFileReference; lastKnownFileType = sourcecode.swift; path = ImageLoader.swift; sourceTree = "<group>"; };
		7D3A0F2B25D2273F00D8BC5E /* MovieImages.swift */ = {isa = PBXFileReference; lastKnownFileType = sourcecode.swift; path = MovieImages.swift; sourceTree = "<group>"; };
		7D49E2FB26312FF50065153F /* CastManager.swift */ = {isa = PBXFileReference; lastKnownFileType = sourcecode.swift; path = CastManager.swift; sourceTree = "<group>"; };
		7D49E3012631330A0065153F /* ProvidersManager.swift */ = {isa = PBXFileReference; lastKnownFileType = sourcecode.swift; path = ProvidersManager.swift; sourceTree = "<group>"; };
		7D5870E625C3918B00DE8D38 /* RegistrationViewController.swift */ = {isa = PBXFileReference; lastKnownFileType = sourcecode.swift; path = RegistrationViewController.swift; sourceTree = "<group>"; };
		7D5870EA25C392A000DE8D38 /* RegistrationView.swift */ = {isa = PBXFileReference; lastKnownFileType = sourcecode.swift; path = RegistrationView.swift; sourceTree = "<group>"; };
		7D5870F625C3935E00DE8D38 /* CodeView.swift */ = {isa = PBXFileReference; lastKnownFileType = sourcecode.swift; path = CodeView.swift; sourceTree = "<group>"; };
		7D784411262CF5CA0046423B /* DiscoverSeriesHomeManager.swift */ = {isa = PBXFileReference; lastKnownFileType = sourcecode.swift; path = DiscoverSeriesHomeManager.swift; sourceTree = "<group>"; };
		7DA8C2C82630BC9A005C1162 /* FavoritesManager.swift */ = {isa = PBXFileReference; lastKnownFileType = sourcecode.swift; path = FavoritesManager.swift; sourceTree = "<group>"; };
		7DA8C2CC2630C200005C1162 /* UIButton+Extension.swift */ = {isa = PBXFileReference; lastKnownFileType = sourcecode.swift; path = "UIButton+Extension.swift"; sourceTree = "<group>"; };
		7DABFFAB25C7311E00FCAF94 /* NetworkProtocol.swift */ = {isa = PBXFileReference; lastKnownFileType = sourcecode.swift; path = NetworkProtocol.swift; sourceTree = "<group>"; };
		7DABFFDD25C7525F00FCAF94 /* APIService.swift */ = {isa = PBXFileReference; lastKnownFileType = sourcecode.swift; path = APIService.swift; sourceTree = "<group>"; };
		7DAF08722676BD1000F3D71C /* MoviesSearchService.swift */ = {isa = PBXFileReference; lastKnownFileType = sourcecode.swift; path = MoviesSearchService.swift; sourceTree = "<group>"; };
		7DAF08742676C48800F3D71C /* MoviesSearchModel.swift */ = {isa = PBXFileReference; lastKnownFileType = sourcecode.swift; path = MoviesSearchModel.swift; sourceTree = "<group>"; };
		7DAF08762676C66B00F3D71C /* MoviesSearchViewController.swift */ = {isa = PBXFileReference; lastKnownFileType = sourcecode.swift; path = MoviesSearchViewController.swift; sourceTree = "<group>"; };
		7DAF08782676CD4B00F3D71C /* MoviesSearchCoordinator.swift */ = {isa = PBXFileReference; lastKnownFileType = sourcecode.swift; path = MoviesSearchCoordinator.swift; sourceTree = "<group>"; };
		7DB75AF225CEDAE200E80A57 /* NewAbout.swift */ = {isa = PBXFileReference; lastKnownFileType = sourcecode.swift; path = NewAbout.swift; sourceTree = "<group>"; };
		7DB75AF625CEE89900E80A57 /* MyImage.swift */ = {isa = PBXFileReference; lastKnownFileType = sourcecode.swift; path = MyImage.swift; sourceTree = "<group>"; };
		7DB75AFF25CEF77800E80A57 /* SocialViews.swift */ = {isa = PBXFileReference; lastKnownFileType = sourcecode.swift; path = SocialViews.swift; sourceTree = "<group>"; };
		7DB8D08226307FA2008A8F66 /* OnAirSeriesManager.swift */ = {isa = PBXFileReference; lastKnownFileType = sourcecode.swift; path = OnAirSeriesManager.swift; sourceTree = "<group>"; };
		7DB8D086263089BF008A8F66 /* PopularSeriesManager.swift */ = {isa = PBXFileReference; lastKnownFileType = sourcecode.swift; path = PopularSeriesManager.swift; sourceTree = "<group>"; };
		7DBDC77325DC3217005540F5 /* MovieTableViewCell.swift */ = {isa = PBXFileReference; lastKnownFileType = sourcecode.swift; path = MovieTableViewCell.swift; sourceTree = "<group>"; };
		7DBDC77725DC390E005540F5 /* UITableView+Extension.swift */ = {isa = PBXFileReference; lastKnownFileType = sourcecode.swift; path = "UITableView+Extension.swift"; sourceTree = "<group>"; };
		7DBDC79D25DC6C35005540F5 /* TopRatedMovieCell.swift */ = {isa = PBXFileReference; lastKnownFileType = sourcecode.swift; path = TopRatedMovieCell.swift; sourceTree = "<group>"; };
		7DBDC7A125DDCB6F005540F5 /* NewDiscoverMoviesView.swift */ = {isa = PBXFileReference; lastKnownFileType = sourcecode.swift; path = NewDiscoverMoviesView.swift; sourceTree = "<group>"; };
		7DBDC7A825DDEB19005540F5 /* ErrorViewController.swift */ = {isa = PBXFileReference; lastKnownFileType = sourcecode.swift; path = ErrorViewController.swift; sourceTree = "<group>"; };
		7DC54D452607D38A0017C642 /* CardConfig.swift */ = {isa = PBXFileReference; lastKnownFileType = sourcecode.swift; path = CardConfig.swift; sourceTree = "<group>"; };
		7DD17DA926C9BC9C00A092D2 /* GoogleService-Info.plist */ = {isa = PBXFileReference; fileEncoding = 4; lastKnownFileType = text.plist.xml; path = "GoogleService-Info.plist"; sourceTree = "<group>"; };
		7DD1D3B726A61C4A007FD860 /* MoviesSearchCell.swift */ = {isa = PBXFileReference; lastKnownFileType = sourcecode.swift; path = MoviesSearchCell.swift; sourceTree = "<group>"; };
		7DD3735B25D84948001472B7 /* DiscoverMoviesSection.swift */ = {isa = PBXFileReference; lastKnownFileType = sourcecode.swift; path = DiscoverMoviesSection.swift; sourceTree = "<group>"; };
		7DD3735F25D84E47001472B7 /* CinemaTvCollectionView.swift */ = {isa = PBXFileReference; lastKnownFileType = sourcecode.swift; path = CinemaTvCollectionView.swift; sourceTree = "<group>"; };
		7DD3736325D85311001472B7 /* DiscoverMoviesHomeViewController.swift */ = {isa = PBXFileReference; lastKnownFileType = sourcecode.swift; path = DiscoverMoviesHomeViewController.swift; sourceTree = "<group>"; };
		7DD3736F25D9DA60001472B7 /* UICollectionView+Extension.swift */ = {isa = PBXFileReference; lastKnownFileType = sourcecode.swift; path = "UICollectionView+Extension.swift"; sourceTree = "<group>"; };
		7DD3737325D9DAAF001472B7 /* DescribeProtocol.swift */ = {isa = PBXFileReference; lastKnownFileType = sourcecode.swift; path = DescribeProtocol.swift; sourceTree = "<group>"; };
		7DD3737725D9DC26001472B7 /* UIViewController+Identifier.swift */ = {isa = PBXFileReference; lastKnownFileType = sourcecode.swift; path = "UIViewController+Identifier.swift"; sourceTree = "<group>"; };
		7DD3739125D9DE52001472B7 /* NSObject+DescribeProtocol.swift */ = {isa = PBXFileReference; lastKnownFileType = sourcecode.swift; path = "NSObject+DescribeProtocol.swift"; sourceTree = "<group>"; };
		7DD3739525D9E01B001472B7 /* UIImageView+Extension.swift */ = {isa = PBXFileReference; lastKnownFileType = sourcecode.swift; path = "UIImageView+Extension.swift"; sourceTree = "<group>"; };
		7DD3739925D9EF28001472B7 /* HeaderView.swift */ = {isa = PBXFileReference; lastKnownFileType = sourcecode.swift; path = HeaderView.swift; sourceTree = "<group>"; };
		7DD3739D25D9EFDC001472B7 /* UILabel+Extension.swift */ = {isa = PBXFileReference; lastKnownFileType = sourcecode.swift; path = "UILabel+Extension.swift"; sourceTree = "<group>"; };
		7DD373A725D9F088001472B7 /* UIimage+Extension.swift */ = {isa = PBXFileReference; lastKnownFileType = sourcecode.swift; path = "UIimage+Extension.swift"; sourceTree = "<group>"; };
		7DD3FE0225CA0E4600A101AC /* APIServiceError.swift */ = {isa = PBXFileReference; lastKnownFileType = sourcecode.swift; path = APIServiceError.swift; sourceTree = "<group>"; };
		7DD3FE0625CA153800A101AC /* SeriesEndpoint.swift */ = {isa = PBXFileReference; lastKnownFileType = sourcecode.swift; path = SeriesEndpoint.swift; sourceTree = "<group>"; };
		7DD4CE66267849E70039E632 /* MoviesSearchSection.swift */ = {isa = PBXFileReference; lastKnownFileType = sourcecode.swift; path = MoviesSearchSection.swift; sourceTree = "<group>"; };
		7DF73727262264CF00CABC6B /* UIEdgeInsets.swift */ = {isa = PBXFileReference; lastKnownFileType = sourcecode.swift; path = UIEdgeInsets.swift; sourceTree = "<group>"; };
		7DFEFEE7260FAF390052D8E5 /* TableViewManager.swift */ = {isa = PBXFileReference; lastKnownFileType = sourcecode.swift; path = TableViewManager.swift; sourceTree = "<group>"; };
		FF08C6CA250B29920007F26F /* UIViewController+Extension.swift */ = {isa = PBXFileReference; lastKnownFileType = sourcecode.swift; path = "UIViewController+Extension.swift"; sourceTree = "<group>"; };
		FF0D460625200CF40069A74A /* DiscoverViewModel.swift */ = {isa = PBXFileReference; lastKnownFileType = sourcecode.swift; path = DiscoverViewModel.swift; sourceTree = "<group>"; };
		FF0D4608252013230069A74A /* DiscoverMovies.swift */ = {isa = PBXFileReference; lastKnownFileType = sourcecode.swift; path = DiscoverMovies.swift; sourceTree = "<group>"; };
		FF0D460B252019060069A74A /* Coordinator.swift */ = {isa = PBXFileReference; lastKnownFileType = sourcecode.swift; path = Coordinator.swift; sourceTree = "<group>"; };
		FF0D46112520345B0069A74A /* Storyboarded.swift */ = {isa = PBXFileReference; lastKnownFileType = sourcecode.swift; path = Storyboarded.swift; sourceTree = "<group>"; };
		FF0D4613252035EC0069A74A /* MainCoordinator.swift */ = {isa = PBXFileReference; lastKnownFileType = sourcecode.swift; path = MainCoordinator.swift; sourceTree = "<group>"; };
		FF1168972506E2A500F30652 /* SeriesViewModel.swift */ = {isa = PBXFileReference; lastKnownFileType = sourcecode.swift; path = SeriesViewModel.swift; sourceTree = "<group>"; };
		FF11689A2506FEB200F30652 /* UIView+Extension.swift */ = {isa = PBXFileReference; lastKnownFileType = sourcecode.swift; path = "UIView+Extension.swift"; sourceTree = "<group>"; };
		FF11689D25070A2200F30652 /* Constants.swift */ = {isa = PBXFileReference; lastKnownFileType = sourcecode.swift; path = Constants.swift; sourceTree = "<group>"; };
		FF11689F250710C500F30652 /* SeriesOnAir.swift */ = {isa = PBXFileReference; lastKnownFileType = sourcecode.swift; path = SeriesOnAir.swift; sourceTree = "<group>"; };
		FF164E54259CF6DC001536DA /* RequestAPITvShows.swift */ = {isa = PBXFileReference; lastKnownFileType = sourcecode.swift; path = RequestAPITvShows.swift; sourceTree = "<group>"; };
		FF1F8371243A8EFD00886A67 /* TopRatedSeries.swift */ = {isa = PBXFileReference; lastKnownFileType = sourcecode.swift; path = TopRatedSeries.swift; sourceTree = "<group>"; };
		FF2030FA253FA1AC0038DD56 /* MovieCast.swift */ = {isa = PBXFileReference; lastKnownFileType = sourcecode.swift; path = MovieCast.swift; sourceTree = "<group>"; };
		FF271611252FD78200370ED1 /* DetailCoordinator.swift */ = {isa = PBXFileReference; lastKnownFileType = sourcecode.swift; path = DetailCoordinator.swift; sourceTree = "<group>"; };
		FF2EC46B25BB8F9900144DB3 /* LoginView.swift */ = {isa = PBXFileReference; lastKnownFileType = sourcecode.swift; path = LoginView.swift; sourceTree = "<group>"; };
		FF34C61825A25C05004337C2 /* CinemaTvTests.xctest */ = {isa = PBXFileReference; explicitFileType = wrapper.cfbundle; includeInIndex = 0; path = CinemaTvTests.xctest; sourceTree = BUILT_PRODUCTS_DIR; };
		FF34C61A25A25C05004337C2 /* CinemaTvTests.swift */ = {isa = PBXFileReference; lastKnownFileType = sourcecode.swift; path = CinemaTvTests.swift; sourceTree = "<group>"; };
		FF34C61C25A25C05004337C2 /* Info.plist */ = {isa = PBXFileReference; lastKnownFileType = text.plist.xml; path = Info.plist; sourceTree = "<group>"; };
		FF5AC10D250CFA8800C780A6 /* PopularCollectionViewCell.swift */ = {isa = PBXFileReference; lastKnownFileType = sourcecode.swift; path = PopularCollectionViewCell.swift; sourceTree = "<group>"; };
		FF5AC10E250CFA8800C780A6 /* PopularCollectionViewCell.xib */ = {isa = PBXFileReference; lastKnownFileType = file.xib; path = PopularCollectionViewCell.xib; sourceTree = "<group>"; };
		FF5AC116250D2DE400C780A6 /* OnTheAirCollectionViewCell.swift */ = {isa = PBXFileReference; lastKnownFileType = sourcecode.swift; path = OnTheAirCollectionViewCell.swift; sourceTree = "<group>"; };
		FF5AC117250D2DE400C780A6 /* OnTheAirCollectionViewCell.xib */ = {isa = PBXFileReference; lastKnownFileType = file.xib; path = OnTheAirCollectionViewCell.xib; sourceTree = "<group>"; };
		FF5AC11B250D90F500C780A6 /* TrailerViewController.swift */ = {isa = PBXFileReference; lastKnownFileType = sourcecode.swift; path = TrailerViewController.swift; sourceTree = "<group>"; };
		FF5AC11C250D90F500C780A6 /* TrailerViewController.xib */ = {isa = PBXFileReference; lastKnownFileType = file.xib; path = TrailerViewController.xib; sourceTree = "<group>"; };
		FF5AC11F250D96C700C780A6 /* Videos.swift */ = {isa = PBXFileReference; lastKnownFileType = sourcecode.swift; path = Videos.swift; sourceTree = "<group>"; };
		FF6C37B5259F81A100EAFECE /* AboutViewController.swift */ = {isa = PBXFileReference; lastKnownFileType = sourcecode.swift; path = AboutViewController.swift; sourceTree = "<group>"; };
		FF6CDB9A25351DAC002DC3B7 /* DetailViewModel.swift */ = {isa = PBXFileReference; lastKnownFileType = sourcecode.swift; path = DetailViewModel.swift; sourceTree = "<group>"; };
		FF6CDB9C253532FA002DC3B7 /* DetailViewController.swift */ = {isa = PBXFileReference; fileEncoding = 4; lastKnownFileType = sourcecode.swift; path = DetailViewController.swift; sourceTree = "<group>"; };
		FF77501025BE02D000C5B65A /* LoginViewModel.swift */ = {isa = PBXFileReference; lastKnownFileType = sourcecode.swift; path = LoginViewModel.swift; sourceTree = "<group>"; };
		FF7B6A6C2517052100DEBA7E /* OverlayViewController.swift */ = {isa = PBXFileReference; lastKnownFileType = sourcecode.swift; path = OverlayViewController.swift; sourceTree = "<group>"; };
		FF7B6A6D2517052100DEBA7E /* OverlayViewController.xib */ = {isa = PBXFileReference; lastKnownFileType = file.xib; path = OverlayViewController.xib; sourceTree = "<group>"; };
		FF7B6A732518225800DEBA7E /* DetailsSeries.swift */ = {isa = PBXFileReference; lastKnownFileType = sourcecode.swift; path = DetailsSeries.swift; sourceTree = "<group>"; };
		FF80D589250EDC6400A15326 /* DiscoverSeriesHomeViewController.swift */ = {isa = PBXFileReference; fileEncoding = 4; lastKnownFileType = sourcecode.swift; path = DiscoverSeriesHomeViewController.swift; sourceTree = "<group>"; };
		FF92EE68251C38A5006B8E48 /* ProvidersCollectionViewCell.swift */ = {isa = PBXFileReference; lastKnownFileType = sourcecode.swift; path = ProvidersCollectionViewCell.swift; sourceTree = "<group>"; };
		FF92EE69251C38A5006B8E48 /* ProvidersCollectionViewCell.xib */ = {isa = PBXFileReference; lastKnownFileType = file.xib; path = ProvidersCollectionViewCell.xib; sourceTree = "<group>"; };
		FF92EE6D251C3D86006B8E48 /* OverlayViewModel.swift */ = {isa = PBXFileReference; lastKnownFileType = sourcecode.swift; path = OverlayViewModel.swift; sourceTree = "<group>"; };
		FF94486A2550D9E700BE8510 /* CastCollectionViewCell.swift */ = {isa = PBXFileReference; lastKnownFileType = sourcecode.swift; path = CastCollectionViewCell.swift; sourceTree = "<group>"; };
		FF94486B2550D9E700BE8510 /* CastCollectionViewCell.xib */ = {isa = PBXFileReference; lastKnownFileType = file.xib; path = CastCollectionViewCell.xib; sourceTree = "<group>"; };
		FF95B216242ED04300C5FF83 /* CinemaTv.app */ = {isa = PBXFileReference; explicitFileType = wrapper.application; includeInIndex = 0; path = CinemaTv.app; sourceTree = BUILT_PRODUCTS_DIR; };
		FF95B219242ED04300C5FF83 /* AppDelegate.swift */ = {isa = PBXFileReference; lastKnownFileType = sourcecode.swift; path = AppDelegate.swift; sourceTree = "<group>"; };
		FF95B21B242ED04300C5FF83 /* SceneDelegate.swift */ = {isa = PBXFileReference; lastKnownFileType = sourcecode.swift; path = SceneDelegate.swift; sourceTree = "<group>"; };
		FF95B220242ED04300C5FF83 /* Base */ = {isa = PBXFileReference; lastKnownFileType = file.storyboard; name = Base; path = Base.lproj/DiscoverSeriesHome.storyboard; sourceTree = "<group>"; };
		FF95B225242ED05000C5FF83 /* Assets.xcassets */ = {isa = PBXFileReference; lastKnownFileType = folder.assetcatalog; path = Assets.xcassets; sourceTree = "<group>"; };
		FF95B228242ED05000C5FF83 /* Base */ = {isa = PBXFileReference; lastKnownFileType = file.storyboard; name = Base; path = Base.lproj/LaunchScreen.storyboard; sourceTree = "<group>"; };
		FF95B22A242ED05000C5FF83 /* Info.plist */ = {isa = PBXFileReference; lastKnownFileType = text.plist.xml; path = Info.plist; sourceTree = "<group>"; };
		FF95B23C2431565D00C5FF83 /* Movie.swift */ = {isa = PBXFileReference; lastKnownFileType = sourcecode.swift; path = Movie.swift; sourceTree = "<group>"; };
		FF95B23E2431582D00C5FF83 /* RequestAPIMovies.swift */ = {isa = PBXFileReference; lastKnownFileType = sourcecode.swift; path = RequestAPIMovies.swift; sourceTree = "<group>"; };
		FF96D59C2436913D006CF3C7 /* PopularSeries.swift */ = {isa = PBXFileReference; lastKnownFileType = sourcecode.swift; path = PopularSeries.swift; sourceTree = "<group>"; };
		FFA8EA1F252046EC00FA6117 /* DiscoverCollectionViewCell.swift */ = {isa = PBXFileReference; lastKnownFileType = sourcecode.swift; path = DiscoverCollectionViewCell.swift; sourceTree = "<group>"; };
		FFA8EA20252046EC00FA6117 /* DiscoverCollectionViewCell.xib */ = {isa = PBXFileReference; lastKnownFileType = file.xib; path = DiscoverCollectionViewCell.xib; sourceTree = "<group>"; };
		FFA8EA27252185C400FA6117 /* UICollectionView+Helper.swift */ = {isa = PBXFileReference; lastKnownFileType = sourcecode.swift; path = "UICollectionView+Helper.swift"; sourceTree = "<group>"; };
		FFAA339425A24B19007B402F /* CinemaTvUITests.xctest */ = {isa = PBXFileReference; explicitFileType = wrapper.cfbundle; includeInIndex = 0; path = CinemaTvUITests.xctest; sourceTree = BUILT_PRODUCTS_DIR; };
		FFAA339625A24B19007B402F /* CinemaTvUITests.swift */ = {isa = PBXFileReference; lastKnownFileType = sourcecode.swift; path = CinemaTvUITests.swift; sourceTree = "<group>"; };
		FFAA339825A24B19007B402F /* Info.plist */ = {isa = PBXFileReference; lastKnownFileType = text.plist.xml; path = Info.plist; sourceTree = "<group>"; };
		FFAA339F25A24B37007B402F /* AboutViewControllerSpec.swift */ = {isa = PBXFileReference; lastKnownFileType = sourcecode.swift; path = AboutViewControllerSpec.swift; sourceTree = "<group>"; };
		FFB64F09251D413200E5C2EA /* UIImage+Extension.swift */ = {isa = PBXFileReference; lastKnownFileType = sourcecode.swift; path = "UIImage+Extension.swift"; sourceTree = "<group>"; };
		FFBC3CEA255B228B00E059F6 /* DiscoverSeries.swift */ = {isa = PBXFileReference; lastKnownFileType = sourcecode.swift; path = DiscoverSeries.swift; sourceTree = "<group>"; };
		FFCC7EE825100D6B00994F11 /* TrailerViewModel.swift */ = {isa = PBXFileReference; lastKnownFileType = sourcecode.swift; path = TrailerViewModel.swift; sourceTree = "<group>"; };
		FFDC28ED253553F0003B58B5 /* MainTabBarController.swift */ = {isa = PBXFileReference; lastKnownFileType = sourcecode.swift; path = MainTabBarController.swift; sourceTree = "<group>"; };
		FFDC28F125369DA0003B58B5 /* SeriesCoordinator.swift */ = {isa = PBXFileReference; lastKnownFileType = sourcecode.swift; path = SeriesCoordinator.swift; sourceTree = "<group>"; };
		FFDC28F32536A2F8003B58B5 /* Localizable.strings */ = {isa = PBXFileReference; lastKnownFileType = text.plist.strings; path = Localizable.strings; sourceTree = "<group>"; };
		FFDC28F52536A3BF003B58B5 /* String+LocalizableHelper.swift */ = {isa = PBXFileReference; lastKnownFileType = sourcecode.swift; path = "String+LocalizableHelper.swift"; sourceTree = "<group>"; };
		FFE30A7525B5EC4D00E29825 /* LoginViewController.swift */ = {isa = PBXFileReference; lastKnownFileType = sourcecode.swift; path = LoginViewController.swift; sourceTree = "<group>"; };
		FFF9C8EE255B1EE300E53CBD /* DiscoverSeriesCollectionViewCell.swift */ = {isa = PBXFileReference; lastKnownFileType = sourcecode.swift; path = DiscoverSeriesCollectionViewCell.swift; sourceTree = "<group>"; };
		FFF9C8EF255B1EE300E53CBD /* DiscoverSeriesCollectionViewCell.xib */ = {isa = PBXFileReference; lastKnownFileType = file.xib; path = DiscoverSeriesCollectionViewCell.xib; sourceTree = "<group>"; };
/* End PBXFileReference section */

/* Begin PBXFrameworksBuildPhase section */
		FF34C61525A25C05004337C2 /* Frameworks */ = {
			isa = PBXFrameworksBuildPhase;
			buildActionMask = 2147483647;
			files = (
			);
			runOnlyForDeploymentPostprocessing = 0;
		};
		FF95B213242ED04300C5FF83 /* Frameworks */ = {
			isa = PBXFrameworksBuildPhase;
			buildActionMask = 2147483647;
			files = (
				7D60ADA125DB14550064E3E6 /* Kingfisher in Frameworks */,
				7DA6FC7A25DB1CCA0022300E /* JGProgressHUD in Frameworks */,
				7DE2B11925DAD38500FE65FB /* FirebaseDatabase in Frameworks */,
				7DE2B12725DAD38500FE65FB /* FirebaseMessaging in Frameworks */,
				7DE2B11B25DAD38500FE65FB /* FirebaseAnalytics in Frameworks */,
				7DE2B12125DAD38500FE65FB /* FirebaseRemoteConfig in Frameworks */,
				7DE2B11F25DAD38500FE65FB /* FirebaseCrashlytics in Frameworks */,
				7DE2B12525DAD38500FE65FB /* FirebaseDynamicLinks in Frameworks */,
				7DE2B11D25DAD38500FE65FB /* FirebaseStorage in Frameworks */,
				7DE2B11725DAD38500FE65FB /* FirebaseFirestore in Frameworks */,
				7DE2B12325DAD38500FE65FB /* FirebaseAuth in Frameworks */,
				7DE2B13725DAD56B00FE65FB /* SnapKit in Frameworks */,
			);
			runOnlyForDeploymentPostprocessing = 0;
		};
		FFAA339125A24B19007B402F /* Frameworks */ = {
			isa = PBXFrameworksBuildPhase;
			buildActionMask = 2147483647;
			files = (
			);
			runOnlyForDeploymentPostprocessing = 0;
		};
/* End PBXFrameworksBuildPhase section */

/* Begin PBXGroup section */
		295D6DB3E9B37497304D8213 /* Pods */ = {
			isa = PBXGroup;
			children = (
			);
			path = Pods;
			sourceTree = "<group>";
		};
		7D12B5D32720E5560021EA2C /* Views */ = {
			isa = PBXGroup;
			children = (
				7DAF08762676C66B00F3D71C /* MoviesSearchViewController.swift */,
				7D12B5D42720E5780021EA2C /* EmptyStateView.swift */,
			);
			path = Views;
			sourceTree = "<group>";
		};
		7D22EBED25E2E61F00BC6A13 /* Favorites */ = {
			isa = PBXGroup;
			children = (
				7D22EBEF25E2E63E00BC6A13 /* SeriesFavorites */,
				7D22EBEE25E2E62C00BC6A13 /* MoviesFavorites */,
			);
			path = Favorites;
			sourceTree = "<group>";
		};
		7D22EBEE25E2E62C00BC6A13 /* MoviesFavorites */ = {
			isa = PBXGroup;
			children = (
				7D22EBF025E2E6AA00BC6A13 /* FavoritesMoviesViewController.swift */,
				7D22EC0C25E2FCD900BC6A13 /* FavoritesMoviesCell.swift */,
				7D22EC0825E2F9E100BC6A13 /* FavoritesMoviesDatasource.swift */,
			);
			path = MoviesFavorites;
			sourceTree = "<group>";
		};
		7D22EBEF25E2E63E00BC6A13 /* SeriesFavorites */ = {
			isa = PBXGroup;
			children = (
			);
			path = SeriesFavorites;
			sourceTree = "<group>";
		};
		7D3A0EFF25D20D6F00D8BC5E /* ViewModels */ = {
			isa = PBXGroup;
			children = (
				7D3A0F0025D20D8400D8BC5E /* MovieViewModel.swift */,
			);
			path = ViewModels;
			sourceTree = "<group>";
		};
		7D3A0F1A25D21E3800D8BC5E /* Service */ = {
			isa = PBXGroup;
			children = (
				7D3A0F2125D21E4E00D8BC5E /* ImageLoader.swift */,
			);
			path = Service;
			sourceTree = "<group>";
		};
		7D5870E525C3917000DE8D38 /* Registration */ = {
			isa = PBXGroup;
			children = (
				7D5870E625C3918B00DE8D38 /* RegistrationViewController.swift */,
				7D5870EA25C392A000DE8D38 /* RegistrationView.swift */,
			);
			path = Registration;
			sourceTree = "<group>";
		};
		7D5870F525C3935300DE8D38 /* Protocols */ = {
			isa = PBXGroup;
			children = (
				7D5870F625C3935E00DE8D38 /* CodeView.swift */,
				7DABFFAB25C7311E00FCAF94 /* NetworkProtocol.swift */,
				7DD3737325D9DAAF001472B7 /* DescribeProtocol.swift */,
				7DFEFEE7260FAF390052D8E5 /* TableViewManager.swift */,
			);
			path = Protocols;
			sourceTree = "<group>";
		};
		7D784410262CF5BB0046423B /* Managers */ = {
			isa = PBXGroup;
			children = (
				7DD3735B25D84948001472B7 /* DiscoverMoviesSection.swift */,
				7D784411262CF5CA0046423B /* DiscoverSeriesHomeManager.swift */,
				7DB8D08226307FA2008A8F66 /* OnAirSeriesManager.swift */,
				7DB8D086263089BF008A8F66 /* PopularSeriesManager.swift */,
				7DA8C2C82630BC9A005C1162 /* FavoritesManager.swift */,
				7D49E2FB26312FF50065153F /* CastManager.swift */,
				7D49E3012631330A0065153F /* ProvidersManager.swift */,
				7DD4CE66267849E70039E632 /* MoviesSearchSection.swift */,
			);
			path = Managers;
			sourceTree = "<group>";
		};
		7DB75AFA25CEF75800E80A57 /* SwiftUIViews */ = {
			isa = PBXGroup;
			children = (
				7D3A0F1A25D21E3800D8BC5E /* Service */,
				7D3A0EFF25D20D6F00D8BC5E /* ViewModels */,
				7DB75AF225CEDAE200E80A57 /* NewAbout.swift */,
				7DB75AF625CEE89900E80A57 /* MyImage.swift */,
				7DB75AFF25CEF77800E80A57 /* SocialViews.swift */,
				7D3A0EF525D20B2B00D8BC5E /* ListMoviesSwiftUI.swift */,
				7D3A0F2B25D2273F00D8BC5E /* MovieImages.swift */,
			);
			path = SwiftUIViews;
			sourceTree = "<group>";
		};
		7DBDC7A725DDEB08005540F5 /* Loading */ = {
			isa = PBXGroup;
			children = (
				7DBDC7A825DDEB19005540F5 /* ErrorViewController.swift */,
			);
			path = Loading;
			sourceTree = "<group>";
		};
		7DD1D3B326A5FD5E007FD860 /* Discover */ = {
			isa = PBXGroup;
			children = (
				7DD3736325D85311001472B7 /* DiscoverMoviesHomeViewController.swift */,
				FF80D589250EDC6400A15326 /* DiscoverSeriesHomeViewController.swift */,
			);
			path = Discover;
			sourceTree = "<group>";
		};
		7DD1D3B426A5FD6E007FD860 /* Search */ = {
			isa = PBXGroup;
			children = (
				7D12B5D32720E5560021EA2C /* Views */,
			);
			path = Search;
			sourceTree = "<group>";
		};
		7DD1D3B526A5FD80007FD860 /* Detail */ = {
			isa = PBXGroup;
			children = (
				FF6CDB9C253532FA002DC3B7 /* DetailViewController.swift */,
			);
			path = Detail;
			sourceTree = "<group>";
		};
		7DD1D3B626A61B9F007FD860 /* Search */ = {
			isa = PBXGroup;
			children = (
				7DD1D3B726A61C4A007FD860 /* MoviesSearchCell.swift */,
			);
			path = Search;
			sourceTree = "<group>";
		};
		7DD3736E25D9DA30001472B7 /* Extensions */ = {
			isa = PBXGroup;
			children = (
				FF11689A2506FEB200F30652 /* UIView+Extension.swift */,
				7D22ED0B25E44A5C00BC6A13 /* UIView+DropShadow.swift */,
				7DD3736F25D9DA60001472B7 /* UICollectionView+Extension.swift */,
				7DD3737725D9DC26001472B7 /* UIViewController+Identifier.swift */,
				7DD3739125D9DE52001472B7 /* NSObject+DescribeProtocol.swift */,
				7DD3739525D9E01B001472B7 /* UIImageView+Extension.swift */,
				7DD3739D25D9EFDC001472B7 /* UILabel+Extension.swift */,
				7DD373A725D9F088001472B7 /* UIimage+Extension.swift */,
				7DBDC77725DC390E005540F5 /* UITableView+Extension.swift */,
				FF08C6CA250B29920007F26F /* UIViewController+Extension.swift */,
				7DF73727262264CF00CABC6B /* UIEdgeInsets.swift */,
				7DA8C2CC2630C200005C1162 /* UIButton+Extension.swift */,
			);
			path = Extensions;
			sourceTree = "<group>";
		};
		7DFA1E972631B04E00B803F7 /* Endpoints */ = {
			isa = PBXGroup;
			children = (
				7D044F7E25C75F4B00E8A4C9 /* MoviesEndpoint.swift */,
				7DD3FE0625CA153800A101AC /* SeriesEndpoint.swift */,
			);
			path = Endpoints;
			sourceTree = "<group>";
		};
		C3D037F41B309278C52C5499 /* Frameworks */ = {
			isa = PBXGroup;
			children = (
				7D25AACA2648CFC60085FEDE /* WidgetKit.framework */,
				7D25AACC2648CFC60085FEDE /* SwiftUI.framework */,
			);
			name = Frameworks;
			sourceTree = "<group>";
		};
		FF0D460A252018DD0069A74A /* Coordinators */ = {
			isa = PBXGroup;
			children = (
				FF0D46112520345B0069A74A /* Storyboarded.swift */,
				FF0D460B252019060069A74A /* Coordinator.swift */,
				FF0D4613252035EC0069A74A /* MainCoordinator.swift */,
				FFDC28F125369DA0003B58B5 /* SeriesCoordinator.swift */,
				FF271611252FD78200370ED1 /* DetailCoordinator.swift */,
				7D22EC1025E3281C00BC6A13 /* FavoritesCoordinator.swift */,
				7DAF08782676CD4B00F3D71C /* MoviesSearchCoordinator.swift */,
			);
			path = Coordinators;
			sourceTree = "<group>";
		};
		FF1168962506E28800F30652 /* ViewModels */ = {
			isa = PBXGroup;
			children = (
				FF1168972506E2A500F30652 /* SeriesViewModel.swift */,
				FFCC7EE825100D6B00994F11 /* TrailerViewModel.swift */,
				FF92EE6D251C3D86006B8E48 /* OverlayViewModel.swift */,
				FF0D460625200CF40069A74A /* DiscoverViewModel.swift */,
				FF6CDB9A25351DAC002DC3B7 /* DetailViewModel.swift */,
				FF77501025BE02D000C5B65A /* LoginViewModel.swift */,
				7D1E2F0D26816BB20052E02D /* MoviesSearchViewModel.swift */,
			);
			path = ViewModels;
			sourceTree = "<group>";
		};
		FF1168992506FE9500F30652 /* Helpers */ = {
			isa = PBXGroup;
			children = (
				FFDC28F52536A3BF003B58B5 /* String+LocalizableHelper.swift */,
				FFB64F09251D413200E5C2EA /* UIImage+Extension.swift */,
				FFA8EA27252185C400FA6117 /* UICollectionView+Helper.swift */,
				7D0F9C5725D0DB4200E0A129 /* CinemaTvCollectionViewDataSource.swift */,
				7DD3735F25D84E47001472B7 /* CinemaTvCollectionView.swift */,
				7DC54D452607D38A0017C642 /* CardConfig.swift */,
			);
			path = Helpers;
			sourceTree = "<group>";
		};
		FF11689C25070A1000F30652 /* Utils */ = {
			isa = PBXGroup;
			children = (
				FF11689D25070A2200F30652 /* Constants.swift */,
				FFDC28F32536A2F8003B58B5 /* Localizable.strings */,
			);
			path = Utils;
			sourceTree = "<group>";
		};
		FF34C61925A25C05004337C2 /* CinemaTvTests */ = {
			isa = PBXGroup;
			children = (
				FFAA339F25A24B37007B402F /* AboutViewControllerSpec.swift */,
				FF34C61A25A25C05004337C2 /* CinemaTvTests.swift */,
				FF34C61C25A25C05004337C2 /* Info.plist */,
			);
			path = CinemaTvTests;
			sourceTree = "<group>";
		};
		FF5AC10B250CF9F100C780A6 /* Home */ = {
			isa = PBXGroup;
			children = (
				FF95B21F242ED04300C5FF83 /* DiscoverSeriesHome.storyboard */,
				FF95B227242ED05000C5FF83 /* LaunchScreen.storyboard */,
				FFDC28ED253553F0003B58B5 /* MainTabBarController.swift */,
				7DBDC7A125DDCB6F005540F5 /* NewDiscoverMoviesView.swift */,
				7DD3739925D9EF28001472B7 /* HeaderView.swift */,
			);
			path = Home;
			sourceTree = "<group>";
		};
		FF5AC10C250CFA2300C780A6 /* Detail */ = {
			isa = PBXGroup;
			children = (
				FF92EE66251C3813006B8E48 /* CardInfos */,
			);
			path = Detail;
			sourceTree = "<group>";
		};
		FF5AC111250D007200C780A6 /* Custom Views */ = {
			isa = PBXGroup;
			children = (
				FF5AC10D250CFA8800C780A6 /* PopularCollectionViewCell.swift */,
				FF5AC10E250CFA8800C780A6 /* PopularCollectionViewCell.xib */,
				FF5AC116250D2DE400C780A6 /* OnTheAirCollectionViewCell.swift */,
				FF5AC117250D2DE400C780A6 /* OnTheAirCollectionViewCell.xib */,
				FFA8EA1F252046EC00FA6117 /* DiscoverCollectionViewCell.swift */,
				7DBDC79D25DC6C35005540F5 /* TopRatedMovieCell.swift */,
				FFA8EA20252046EC00FA6117 /* DiscoverCollectionViewCell.xib */,
				FFF9C8EE255B1EE300E53CBD /* DiscoverSeriesCollectionViewCell.swift */,
				FFF9C8EF255B1EE300E53CBD /* DiscoverSeriesCollectionViewCell.xib */,
				7DBDC77325DC3217005540F5 /* MovieTableViewCell.swift */,
			);
			path = "Custom Views";
			sourceTree = "<group>";
		};
		FF5AC11A250D90B000C780A6 /* Trailer */ = {
			isa = PBXGroup;
			children = (
				FF5AC11B250D90F500C780A6 /* TrailerViewController.swift */,
				FF5AC11C250D90F500C780A6 /* TrailerViewController.xib */,
			);
			path = Trailer;
			sourceTree = "<group>";
		};
		FF6C37B2259F817C00EAFECE /* About */ = {
			isa = PBXGroup;
			children = (
				FF6C37B5259F81A100EAFECE /* AboutViewController.swift */,
				7DB75AFA25CEF75800E80A57 /* SwiftUIViews */,
			);
			path = About;
			sourceTree = "<group>";
		};
		FF92EE66251C3813006B8E48 /* CardInfos */ = {
			isa = PBXGroup;
			children = (
				FF92EE67251C3843006B8E48 /* Custom Views */,
				FF7B6A6C2517052100DEBA7E /* OverlayViewController.swift */,
				FF7B6A6D2517052100DEBA7E /* OverlayViewController.xib */,
			);
			path = CardInfos;
			sourceTree = "<group>";
		};
		FF92EE67251C3843006B8E48 /* Custom Views */ = {
			isa = PBXGroup;
			children = (
				FF92EE68251C38A5006B8E48 /* ProvidersCollectionViewCell.swift */,
				FF92EE69251C38A5006B8E48 /* ProvidersCollectionViewCell.xib */,
				FF94486A2550D9E700BE8510 /* CastCollectionViewCell.swift */,
				FF94486B2550D9E700BE8510 /* CastCollectionViewCell.xib */,
			);
			path = "Custom Views";
			sourceTree = "<group>";
		};
		FF95B20D242ED04300C5FF83 = {
			isa = PBXGroup;
			children = (
				FF95B218242ED04300C5FF83 /* CinemaTv */,
				FFAA339525A24B19007B402F /* CinemaTvUITests */,
				FF34C61925A25C05004337C2 /* CinemaTvTests */,
				FF95B217242ED04300C5FF83 /* Products */,
				295D6DB3E9B37497304D8213 /* Pods */,
				C3D037F41B309278C52C5499 /* Frameworks */,
			);
			sourceTree = "<group>";
		};
		FF95B217242ED04300C5FF83 /* Products */ = {
			isa = PBXGroup;
			children = (
				FF95B216242ED04300C5FF83 /* CinemaTv.app */,
				FFAA339425A24B19007B402F /* CinemaTvUITests.xctest */,
				FF34C61825A25C05004337C2 /* CinemaTvTests.xctest */,
			);
			name = Products;
			sourceTree = "<group>";
		};
		FF95B218242ED04300C5FF83 /* CinemaTv */ = {
			isa = PBXGroup;
			children = (
				7DD3736E25D9DA30001472B7 /* Extensions */,
				7D5870F525C3935300DE8D38 /* Protocols */,
				FF0D460A252018DD0069A74A /* Coordinators */,
				FF11689C25070A1000F30652 /* Utils */,
				FF1168992506FE9500F30652 /* Helpers */,
				FFC4702924D4BCD40046877B /* Service */,
				FF95B23B2431562F00C5FF83 /* Models */,
				FF95B238243155ED00C5FF83 /* Views */,
				FF1168962506E28800F30652 /* ViewModels */,
				FF95B2392431560A00C5FF83 /* Controllers */,
				FF95B219242ED04300C5FF83 /* AppDelegate.swift */,
				FF95B21B242ED04300C5FF83 /* SceneDelegate.swift */,
				FF95B225242ED05000C5FF83 /* Assets.xcassets */,
				7DD17DA926C9BC9C00A092D2 /* GoogleService-Info.plist */,
				FF95B22A242ED05000C5FF83 /* Info.plist */,
				7D22EC1B25E404B300BC6A13 /* CinemaTv.xcdatamodeld */,
			);
			path = CinemaTv;
			sourceTree = "<group>";
		};
		FF95B238243155ED00C5FF83 /* Views */ = {
			isa = PBXGroup;
			children = (
				7DD1D3B626A61B9F007FD860 /* Search */,
				7D22EBED25E2E61F00BC6A13 /* Favorites */,
				7DBDC7A725DDEB08005540F5 /* Loading */,
				7D5870E525C3917000DE8D38 /* Registration */,
				FFE30A7425B5EC3800E29825 /* Login */,
				FF6C37B2259F817C00EAFECE /* About */,
				FF5AC11A250D90B000C780A6 /* Trailer */,
				FF5AC10B250CF9F100C780A6 /* Home */,
				FF5AC10C250CFA2300C780A6 /* Detail */,
				FF5AC111250D007200C780A6 /* Custom Views */,
			);
			path = Views;
			sourceTree = "<group>";
		};
		FF95B2392431560A00C5FF83 /* Controllers */ = {
			isa = PBXGroup;
			children = (
				7D784410262CF5BB0046423B /* Managers */,
				7DD1D3B326A5FD5E007FD860 /* Discover */,
				7DD1D3B426A5FD6E007FD860 /* Search */,
				7DD1D3B526A5FD80007FD860 /* Detail */,
			);
			path = Controllers;
			sourceTree = "<group>";
		};
		FF95B23B2431562F00C5FF83 /* Models */ = {
			isa = PBXGroup;
			children = (
				FF95B23C2431565D00C5FF83 /* Movie.swift */,
				FF2030FA253FA1AC0038DD56 /* MovieCast.swift */,
				FF0D4608252013230069A74A /* DiscoverMovies.swift */,
				FF1F8371243A8EFD00886A67 /* TopRatedSeries.swift */,
				FF96D59C2436913D006CF3C7 /* PopularSeries.swift */,
				FF11689F250710C500F30652 /* SeriesOnAir.swift */,
				FF5AC11F250D96C700C780A6 /* Videos.swift */,
				FF7B6A732518225800DEBA7E /* DetailsSeries.swift */,
				FFBC3CEA255B228B00E059F6 /* DiscoverSeries.swift */,
				7D31B8CE2661AA1600AAEB3D /* WatchProviders.swift */,
				7DAF08742676C48800F3D71C /* MoviesSearchModel.swift */,
			);
			path = Models;
			sourceTree = "<group>";
		};
		FFAA339525A24B19007B402F /* CinemaTvUITests */ = {
			isa = PBXGroup;
			children = (
				FFAA339625A24B19007B402F /* CinemaTvUITests.swift */,
				FFAA339825A24B19007B402F /* Info.plist */,
			);
			path = CinemaTvUITests;
			sourceTree = "<group>";
		};
		FFC4702924D4BCD40046877B /* Service */ = {
			isa = PBXGroup;
			children = (
				7DFA1E972631B04E00B803F7 /* Endpoints */,
				FF95B23E2431582D00C5FF83 /* RequestAPIMovies.swift */,
				7DAF08722676BD1000F3D71C /* MoviesSearchService.swift */,
				7DABFFDD25C7525F00FCAF94 /* APIService.swift */,
				FF164E54259CF6DC001536DA /* RequestAPITvShows.swift */,
				7DD3FE0225CA0E4600A101AC /* APIServiceError.swift */,
				7D0F9C4725D0BFCC00E0A129 /* RequestCastService.swift */,
				7D31B8D02661B0E600AAEB3D /* WatchProvidersService.swift */,
			);
			path = Service;
			sourceTree = "<group>";
		};
		FFE30A7425B5EC3800E29825 /* Login */ = {
			isa = PBXGroup;
			children = (
				FFE30A7525B5EC4D00E29825 /* LoginViewController.swift */,
				FF2EC46B25BB8F9900144DB3 /* LoginView.swift */,
			);
			path = Login;
			sourceTree = "<group>";
		};
/* End PBXGroup section */

/* Begin PBXNativeTarget section */
		FF34C61725A25C05004337C2 /* CinemaTvTests */ = {
			isa = PBXNativeTarget;
			buildConfigurationList = FF34C62125A25C05004337C2 /* Build configuration list for PBXNativeTarget "CinemaTvTests" */;
			buildPhases = (
				FF34C61425A25C05004337C2 /* Sources */,
				FF34C61525A25C05004337C2 /* Frameworks */,
				FF34C61625A25C05004337C2 /* Resources */,
			);
			buildRules = (
			);
			dependencies = (
				FFE05A8825A34EF0005DD7C6 /* PBXTargetDependency */,
				FF34C61E25A25C05004337C2 /* PBXTargetDependency */,
			);
			name = CinemaTvTests;
			productName = CinemaTvTests;
			productReference = FF34C61825A25C05004337C2 /* CinemaTvTests.xctest */;
			productType = "com.apple.product-type.bundle.unit-test";
		};
		FF95B215242ED04300C5FF83 /* CinemaTv */ = {
			isa = PBXNativeTarget;
			buildConfigurationList = FF95B22D242ED05000C5FF83 /* Build configuration list for PBXNativeTarget "CinemaTv" */;
			buildPhases = (
				FF95B212242ED04300C5FF83 /* Sources */,
				FF95B213242ED04300C5FF83 /* Frameworks */,
				FF95B214242ED04300C5FF83 /* Resources */,
				FFB64F20251D6C1400E5C2EA /* Embed Frameworks */,
				7D25AADA2648CFC70085FEDE /* Embed App Extensions */,
			);
			buildRules = (
			);
			dependencies = (
			);
			name = CinemaTv;
			packageProductDependencies = (
				7DE2B11625DAD38500FE65FB /* FirebaseFirestore */,
				7DE2B11825DAD38500FE65FB /* FirebaseDatabase */,
				7DE2B11A25DAD38500FE65FB /* FirebaseAnalytics */,
				7DE2B11C25DAD38500FE65FB /* FirebaseStorage */,
				7DE2B11E25DAD38500FE65FB /* FirebaseCrashlytics */,
				7DE2B12025DAD38500FE65FB /* FirebaseRemoteConfig */,
				7DE2B12225DAD38500FE65FB /* FirebaseAuth */,
				7DE2B12425DAD38500FE65FB /* FirebaseDynamicLinks */,
				7DE2B12625DAD38500FE65FB /* FirebaseMessaging */,
				7DE2B13625DAD56B00FE65FB /* SnapKit */,
				7D60ADA025DB14550064E3E6 /* Kingfisher */,
				7DA6FC7925DB1CCA0022300E /* JGProgressHUD */,
			);
			productName = "ToDoMovie&Series";
			productReference = FF95B216242ED04300C5FF83 /* CinemaTv.app */;
			productType = "com.apple.product-type.application";
		};
		FFAA339325A24B19007B402F /* CinemaTvUITests */ = {
			isa = PBXNativeTarget;
			buildConfigurationList = FFAA339B25A24B19007B402F /* Build configuration list for PBXNativeTarget "CinemaTvUITests" */;
			buildPhases = (
				FFAA339025A24B19007B402F /* Sources */,
				FFAA339125A24B19007B402F /* Frameworks */,
				FFAA339225A24B19007B402F /* Resources */,
			);
			buildRules = (
			);
			dependencies = (
				FFAA339A25A24B19007B402F /* PBXTargetDependency */,
			);
			name = CinemaTvUITests;
			productName = CinemaTvUITests;
			productReference = FFAA339425A24B19007B402F /* CinemaTvUITests.xctest */;
			productType = "com.apple.product-type.bundle.ui-testing";
		};
/* End PBXNativeTarget section */

/* Begin PBXProject section */
		FF95B20E242ED04300C5FF83 /* Project object */ = {
			isa = PBXProject;
			attributes = {
				LastSwiftUpdateCheck = 1250;
				LastUpgradeCheck = 1200;
				ORGANIZATIONNAME = "Danilo Requena";
				TargetAttributes = {
					FF34C61725A25C05004337C2 = {
						CreatedOnToolsVersion = 12.3;
						TestTargetID = FF95B215242ED04300C5FF83;
					};
					FF95B215242ED04300C5FF83 = {
						CreatedOnToolsVersion = 11.4;
					};
					FFAA339325A24B19007B402F = {
						CreatedOnToolsVersion = 12.3;
						TestTargetID = FF95B215242ED04300C5FF83;
					};
				};
			};
			buildConfigurationList = FF95B211242ED04300C5FF83 /* Build configuration list for PBXProject "CinemaTv" */;
			compatibilityVersion = "Xcode 9.3";
			developmentRegion = en;
			hasScannedForEncodings = 0;
			knownRegions = (
				en,
				Base,
			);
			mainGroup = FF95B20D242ED04300C5FF83;
			packageReferences = (
				7DE2B11525DAD38500FE65FB /* XCRemoteSwiftPackageReference "firebase-ios-sdk" */,
				7DE2B13525DAD56B00FE65FB /* XCRemoteSwiftPackageReference "SnapKit" */,
				7D60AD9F25DB14550064E3E6 /* XCRemoteSwiftPackageReference "Kingfisher" */,
				7DA6FC7825DB1CCA0022300E /* XCRemoteSwiftPackageReference "JGProgressHUD" */,
			);
			productRefGroup = FF95B217242ED04300C5FF83 /* Products */;
			projectDirPath = "";
			projectRoot = "";
			targets = (
				FF95B215242ED04300C5FF83 /* CinemaTv */,
				FFAA339325A24B19007B402F /* CinemaTvUITests */,
				FF34C61725A25C05004337C2 /* CinemaTvTests */,
			);
		};
/* End PBXProject section */

/* Begin PBXResourcesBuildPhase section */
		FF34C61625A25C05004337C2 /* Resources */ = {
			isa = PBXResourcesBuildPhase;
			buildActionMask = 2147483647;
			files = (
			);
			runOnlyForDeploymentPostprocessing = 0;
		};
		FF95B214242ED04300C5FF83 /* Resources */ = {
			isa = PBXResourcesBuildPhase;
			buildActionMask = 2147483647;
			files = (
				7DD17DAA26C9BC9C00A092D2 /* GoogleService-Info.plist in Resources */,
				FF95B229242ED05000C5FF83 /* LaunchScreen.storyboard in Resources */,
				FF92EE6B251C38A5006B8E48 /* ProvidersCollectionViewCell.xib in Resources */,
				FF95B226242ED05000C5FF83 /* Assets.xcassets in Resources */,
				FF94486D2550D9E700BE8510 /* CastCollectionViewCell.xib in Resources */,
				FF5AC119250D2DE400C780A6 /* OnTheAirCollectionViewCell.xib in Resources */,
				FFF9C8F1255B1EE300E53CBD /* DiscoverSeriesCollectionViewCell.xib in Resources */,
				FF95B221242ED04300C5FF83 /* DiscoverSeriesHome.storyboard in Resources */,
				FF5AC11E250D90F500C780A6 /* TrailerViewController.xib in Resources */,
				FFDC28F42536A2F8003B58B5 /* Localizable.strings in Resources */,
				FF7B6A6F2517052100DEBA7E /* OverlayViewController.xib in Resources */,
				FFA8EA22252046EC00FA6117 /* DiscoverCollectionViewCell.xib in Resources */,
				FF5AC110250CFA8800C780A6 /* PopularCollectionViewCell.xib in Resources */,
			);
			runOnlyForDeploymentPostprocessing = 0;
		};
		FFAA339225A24B19007B402F /* Resources */ = {
			isa = PBXResourcesBuildPhase;
			buildActionMask = 2147483647;
			files = (
			);
			runOnlyForDeploymentPostprocessing = 0;
		};
/* End PBXResourcesBuildPhase section */

/* Begin PBXSourcesBuildPhase section */
		FF34C61425A25C05004337C2 /* Sources */ = {
			isa = PBXSourcesBuildPhase;
			buildActionMask = 2147483647;
			files = (
				FF34C61B25A25C05004337C2 /* CinemaTvTests.swift in Sources */,
				7D5321B8263E312100B490A0 /* AboutViewControllerSpec.swift in Sources */,
			);
			runOnlyForDeploymentPostprocessing = 0;
		};
		FF95B212242ED04300C5FF83 /* Sources */ = {
			isa = PBXSourcesBuildPhase;
			buildActionMask = 2147483647;
			files = (
				FF5AC118250D2DE400C780A6 /* OnTheAirCollectionViewCell.swift in Sources */,
				FF0D4609252013230069A74A /* DiscoverMovies.swift in Sources */,
				7D3A0F2C25D2273F00D8BC5E /* MovieImages.swift in Sources */,
				FF1168A0250710C500F30652 /* SeriesOnAir.swift in Sources */,
				7D1E2F0E26816BB20052E02D /* MoviesSearchViewModel.swift in Sources */,
				FF271612252FD78200370ED1 /* DetailCoordinator.swift in Sources */,
				FFBC3CEB255B228B00E059F6 /* DiscoverSeries.swift in Sources */,
				FF92EE6E251C3D86006B8E48 /* OverlayViewModel.swift in Sources */,
				7DB75AF325CEDAE200E80A57 /* NewAbout.swift in Sources */,
				7D49E2FC26312FF50065153F /* CastManager.swift in Sources */,
				7DBDC7A225DDCB6F005540F5 /* NewDiscoverMoviesView.swift in Sources */,
				7DFEFEE8260FAF3A0052D8E5 /* TableViewManager.swift in Sources */,
				7D3A0F0125D20D8400D8BC5E /* MovieViewModel.swift in Sources */,
				7DB75B0025CEF77800E80A57 /* SocialViews.swift in Sources */,
				FF80D58A250EDC6400A15326 /* DiscoverSeriesHomeViewController.swift in Sources */,
				FF5AC11D250D90F500C780A6 /* TrailerViewController.swift in Sources */,
				7DAF08792676CD4B00F3D71C /* MoviesSearchCoordinator.swift in Sources */,
				FF11689E25070A2200F30652 /* Constants.swift in Sources */,
				7DBDC77425DC3217005540F5 /* MovieTableViewCell.swift in Sources */,
				7D784412262CF5CA0046423B /* DiscoverSeriesHomeManager.swift in Sources */,
				FFDC28F62536A3BF003B58B5 /* String+LocalizableHelper.swift in Sources */,
				7DD3737825D9DC26001472B7 /* UIViewController+Identifier.swift in Sources */,
				7D3A0F2225D21E4E00D8BC5E /* ImageLoader.swift in Sources */,
				7DD3737025D9DA60001472B7 /* UICollectionView+Extension.swift in Sources */,
				7DBDC7A925DDEB19005540F5 /* ErrorViewController.swift in Sources */,
				FF95B23D2431565D00C5FF83 /* Movie.swift in Sources */,
				7D5870F725C3935E00DE8D38 /* CodeView.swift in Sources */,
				7DD3FE0325CA0E4600A101AC /* APIServiceError.swift in Sources */,
				7D31B8CF2661AA1600AAEB3D /* WatchProviders.swift in Sources */,
				FF11689B2506FEB200F30652 /* UIView+Extension.swift in Sources */,
				7DD3739E25D9EFDC001472B7 /* UILabel+Extension.swift in Sources */,
				FF95B23F2431582D00C5FF83 /* RequestAPIMovies.swift in Sources */,
				FF164E55259CF6DC001536DA /* RequestAPITvShows.swift in Sources */,
				FF08C6CB250B29920007F26F /* UIViewController+Extension.swift in Sources */,
				7DF73728262264CF00CABC6B /* UIEdgeInsets.swift in Sources */,
				7DABFFAC25C7311E00FCAF94 /* NetworkProtocol.swift in Sources */,
				FF1168982506E2A500F30652 /* SeriesViewModel.swift in Sources */,
				FF1F8372243A8EFE00886A67 /* TopRatedSeries.swift in Sources */,
				7DD3739A25D9EF28001472B7 /* HeaderView.swift in Sources */,
				7DD3737425D9DAAF001472B7 /* DescribeProtocol.swift in Sources */,
				7D0F9C5825D0DB4200E0A129 /* CinemaTvCollectionViewDataSource.swift in Sources */,
				FFDC28EE253553F0003B58B5 /* MainTabBarController.swift in Sources */,
				7DD373A825D9F088001472B7 /* UIimage+Extension.swift in Sources */,
				FFB64F0A251D413200E5C2EA /* UIImage+Extension.swift in Sources */,
				FF0D460C252019060069A74A /* Coordinator.swift in Sources */,
				7DA8C2CD2630C200005C1162 /* UIButton+Extension.swift in Sources */,
				7D044F7F25C75F4B00E8A4C9 /* MoviesEndpoint.swift in Sources */,
				7D67C46025DA289C00530E17 /* LoginViewModel.swift in Sources */,
				7DAF08732676BD1000F3D71C /* MoviesSearchService.swift in Sources */,
				FF6C37B6259F81A100EAFECE /* AboutViewController.swift in Sources */,
				7DB75AF725CEE89900E80A57 /* MyImage.swift in Sources */,
				7DC54D462607D38A0017C642 /* CardConfig.swift in Sources */,
				7DAF08752676C48800F3D71C /* MoviesSearchModel.swift in Sources */,
				FFE30A7625B5EC4D00E29825 /* LoginViewController.swift in Sources */,
				7D22EC0925E2F9E100BC6A13 /* FavoritesMoviesDatasource.swift in Sources */,
				7D94F20125DAF0E500E77DF8 /* CastCollectionViewCell.swift in Sources */,
				7DBDC77825DC390E005540F5 /* UITableView+Extension.swift in Sources */,
				7D3A0EF625D20B2B00D8BC5E /* ListMoviesSwiftUI.swift in Sources */,
				7D31B8D12661B0E600AAEB3D /* WatchProvidersService.swift in Sources */,
				FF96D59D2436913D006CF3C7 /* PopularSeries.swift in Sources */,
				7DD3735C25D84948001472B7 /* DiscoverMoviesSection.swift in Sources */,
				7DD3739225D9DE52001472B7 /* NSObject+DescribeProtocol.swift in Sources */,
				FF7B6A6E2517052100DEBA7E /* OverlayViewController.swift in Sources */,
				FF95B21A242ED04300C5FF83 /* AppDelegate.swift in Sources */,
				FFA8EA28252185C400FA6117 /* UICollectionView+Helper.swift in Sources */,
				7D12B5D52720E5780021EA2C /* EmptyStateView.swift in Sources */,
				FF6CDB9D253532FA002DC3B7 /* DetailViewController.swift in Sources */,
				7DABFFDE25C7525F00FCAF94 /* APIService.swift in Sources */,
				7D22EC1D25E404B300BC6A13 /* CinemaTv.xcdatamodeld in Sources */,
				7DD1D3B826A61C4A007FD860 /* MoviesSearchCell.swift in Sources */,
				FFF9C8F0255B1EE300E53CBD /* DiscoverSeriesCollectionViewCell.swift in Sources */,
				7DA8C2C92630BC9A005C1162 /* FavoritesManager.swift in Sources */,
				7D67C40225DA26FB00530E17 /* DiscoverCollectionViewCell.swift in Sources */,
				FF2030FB253FA1AC0038DD56 /* MovieCast.swift in Sources */,
				FF2EC46C25BB8F9900144DB3 /* LoginView.swift in Sources */,
				7D22ED0C25E44A5C00BC6A13 /* UIView+DropShadow.swift in Sources */,
				FFDC28F225369DA0003B58B5 /* SeriesCoordinator.swift in Sources */,
				7D0F9C4825D0BFCC00E0A129 /* RequestCastService.swift in Sources */,
				7D22EC1125E3281C00BC6A13 /* FavoritesCoordinator.swift in Sources */,
				FF95B21C242ED04300C5FF83 /* SceneDelegate.swift in Sources */,
				7DB8D087263089BF008A8F66 /* PopularSeriesManager.swift in Sources */,
				7D49E3022631330A0065153F /* ProvidersManager.swift in Sources */,
				7DD3736425D85311001472B7 /* DiscoverMoviesHomeViewController.swift in Sources */,
				7DD3736025D84E47001472B7 /* CinemaTvCollectionView.swift in Sources */,
				7DD3FE0725CA153800A101AC /* SeriesEndpoint.swift in Sources */,
				7D5870EB25C392A000DE8D38 /* RegistrationView.swift in Sources */,
				7DAF08772676C66B00F3D71C /* MoviesSearchViewController.swift in Sources */,
				7D5870E725C3918B00DE8D38 /* RegistrationViewController.swift in Sources */,
				FF0D4614252035EC0069A74A /* MainCoordinator.swift in Sources */,
				7D22EC0D25E2FCD900BC6A13 /* FavoritesMoviesCell.swift in Sources */,
				FF92EE6A251C38A5006B8E48 /* ProvidersCollectionViewCell.swift in Sources */,
				7DD4CE67267849E70039E632 /* MoviesSearchSection.swift in Sources */,
				FFCC7EE925100D6B00994F11 /* TrailerViewModel.swift in Sources */,
				7DB8D08326307FA2008A8F66 /* OnAirSeriesManager.swift in Sources */,
				FF0D46122520345B0069A74A /* Storyboarded.swift in Sources */,
				7DBDC79E25DC6C35005540F5 /* TopRatedMovieCell.swift in Sources */,
				7DD3739625D9E01B001472B7 /* UIImageView+Extension.swift in Sources */,
				FF5AC10F250CFA8800C780A6 /* PopularCollectionViewCell.swift in Sources */,
				FF6CDB9B25351DAC002DC3B7 /* DetailViewModel.swift in Sources */,
				7D22EBF125E2E6AA00BC6A13 /* FavoritesMoviesViewController.swift in Sources */,
				FF0D460725200CF40069A74A /* DiscoverViewModel.swift in Sources */,
				FF5AC120250D96C700C780A6 /* Videos.swift in Sources */,
				FF7B6A742518225800DEBA7E /* DetailsSeries.swift in Sources */,
			);
			runOnlyForDeploymentPostprocessing = 0;
		};
		FFAA339025A24B19007B402F /* Sources */ = {
			isa = PBXSourcesBuildPhase;
			buildActionMask = 2147483647;
			files = (
				FFAA339725A24B19007B402F /* CinemaTvUITests.swift in Sources */,
			);
			runOnlyForDeploymentPostprocessing = 0;
		};
/* End PBXSourcesBuildPhase section */

/* Begin PBXTargetDependency section */
		FF34C61E25A25C05004337C2 /* PBXTargetDependency */ = {
			isa = PBXTargetDependency;
			target = FF95B215242ED04300C5FF83 /* CinemaTv */;
			targetProxy = FF34C61D25A25C05004337C2 /* PBXContainerItemProxy */;
		};
		FFAA339A25A24B19007B402F /* PBXTargetDependency */ = {
			isa = PBXTargetDependency;
			target = FF95B215242ED04300C5FF83 /* CinemaTv */;
			targetProxy = FFAA339925A24B19007B402F /* PBXContainerItemProxy */;
		};
		FFE05A8825A34EF0005DD7C6 /* PBXTargetDependency */ = {
			isa = PBXTargetDependency;
			target = FFAA339325A24B19007B402F /* CinemaTvUITests */;
			targetProxy = FFE05A8725A34EF0005DD7C6 /* PBXContainerItemProxy */;
		};
/* End PBXTargetDependency section */

/* Begin PBXVariantGroup section */
		FF95B21F242ED04300C5FF83 /* DiscoverSeriesHome.storyboard */ = {
			isa = PBXVariantGroup;
			children = (
				FF95B220242ED04300C5FF83 /* Base */,
			);
			name = DiscoverSeriesHome.storyboard;
			sourceTree = "<group>";
		};
		FF95B227242ED05000C5FF83 /* LaunchScreen.storyboard */ = {
			isa = PBXVariantGroup;
			children = (
				FF95B228242ED05000C5FF83 /* Base */,
			);
			name = LaunchScreen.storyboard;
			sourceTree = "<group>";
		};
/* End PBXVariantGroup section */

/* Begin XCBuildConfiguration section */
		FF34C61F25A25C05004337C2 /* Debug */ = {
			isa = XCBuildConfiguration;
			buildSettings = {
				ARCHS = "$(ARCHS_STANDARD)";
				BUNDLE_LOADER = "$(TEST_HOST)";
				CODE_SIGN_STYLE = Automatic;
				DEVELOPMENT_TEAM = SM9KCJGMUP;
				FRAMEWORK_SEARCH_PATHS = "$(inherited)";
				HEADER_SEARCH_PATHS = "$(inherited)";
				INFOPLIST_FILE = CinemaTvTests/Info.plist;
				IPHONEOS_DEPLOYMENT_TARGET = 14.0;
				LD_RUNPATH_SEARCH_PATHS = (
					"$(inherited)",
					"@executable_path/Frameworks",
					"@loader_path/Frameworks",
				);
				PRODUCT_BUNDLE_IDENTIFIER = daniloRequena.CinemaTvTests;
				PRODUCT_NAME = "$(TARGET_NAME)";
				SWIFT_VERSION = 5.0;
				TARGETED_DEVICE_FAMILY = "1,2";
				TEST_HOST = "$(BUILT_PRODUCTS_DIR)/CinemaTv.app/CinemaTv";
			};
			name = Debug;
		};
		FF34C62025A25C05004337C2 /* Release */ = {
			isa = XCBuildConfiguration;
			buildSettings = {
				ARCHS = "$(ARCHS_STANDARD)";
				BUNDLE_LOADER = "$(TEST_HOST)";
				CODE_SIGN_STYLE = Automatic;
				DEVELOPMENT_TEAM = SM9KCJGMUP;
				FRAMEWORK_SEARCH_PATHS = "$(inherited)";
				HEADER_SEARCH_PATHS = "$(inherited)";
				INFOPLIST_FILE = CinemaTvTests/Info.plist;
				IPHONEOS_DEPLOYMENT_TARGET = 14.0;
				LD_RUNPATH_SEARCH_PATHS = (
					"$(inherited)",
					"@executable_path/Frameworks",
					"@loader_path/Frameworks",
				);
				PRODUCT_BUNDLE_IDENTIFIER = daniloRequena.CinemaTvTests;
				PRODUCT_NAME = "$(TARGET_NAME)";
				SWIFT_VERSION = 5.0;
				TARGETED_DEVICE_FAMILY = "1,2";
				TEST_HOST = "$(BUILT_PRODUCTS_DIR)/CinemaTv.app/CinemaTv";
			};
			name = Release;
		};
		FF95B22B242ED05000C5FF83 /* Debug */ = {
			isa = XCBuildConfiguration;
			buildSettings = {
				ALWAYS_EMBED_SWIFT_STANDARD_LIBRARIES = NO;
				ALWAYS_SEARCH_USER_PATHS = NO;
				CLANG_ANALYZER_NONNULL = YES;
				CLANG_ANALYZER_NUMBER_OBJECT_CONVERSION = YES_AGGRESSIVE;
				CLANG_CXX_LANGUAGE_STANDARD = "gnu++14";
				CLANG_CXX_LIBRARY = "libc++";
				CLANG_ENABLE_MODULES = YES;
				CLANG_ENABLE_OBJC_ARC = YES;
				CLANG_ENABLE_OBJC_WEAK = YES;
				CLANG_WARN_BLOCK_CAPTURE_AUTORELEASING = YES;
				CLANG_WARN_BOOL_CONVERSION = YES;
				CLANG_WARN_COMMA = YES;
				CLANG_WARN_CONSTANT_CONVERSION = YES;
				CLANG_WARN_DEPRECATED_OBJC_IMPLEMENTATIONS = YES;
				CLANG_WARN_DIRECT_OBJC_ISA_USAGE = YES_ERROR;
				CLANG_WARN_DOCUMENTATION_COMMENTS = YES;
				CLANG_WARN_EMPTY_BODY = YES;
				CLANG_WARN_ENUM_CONVERSION = YES;
				CLANG_WARN_INFINITE_RECURSION = YES;
				CLANG_WARN_INT_CONVERSION = YES;
				CLANG_WARN_NON_LITERAL_NULL_CONVERSION = YES;
				CLANG_WARN_OBJC_IMPLICIT_RETAIN_SELF = YES;
				CLANG_WARN_OBJC_LITERAL_CONVERSION = YES;
				CLANG_WARN_OBJC_ROOT_CLASS = YES_ERROR;
				CLANG_WARN_QUOTED_INCLUDE_IN_FRAMEWORK_HEADER = YES;
				CLANG_WARN_RANGE_LOOP_ANALYSIS = YES;
				CLANG_WARN_STRICT_PROTOTYPES = YES;
				CLANG_WARN_SUSPICIOUS_MOVE = YES;
				CLANG_WARN_UNGUARDED_AVAILABILITY = YES_AGGRESSIVE;
				CLANG_WARN_UNREACHABLE_CODE = YES;
				CLANG_WARN__DUPLICATE_METHOD_MATCH = YES;
				COPY_PHASE_STRIP = NO;
				DEBUG_INFORMATION_FORMAT = dwarf;
				ENABLE_STRICT_OBJC_MSGSEND = YES;
				ENABLE_TESTABILITY = YES;
				"EXCLUDED_ARCHS[sdk=iphonesimulator*]" = arm64;
				GCC_C_LANGUAGE_STANDARD = gnu11;
				GCC_DYNAMIC_NO_PIC = NO;
				GCC_NO_COMMON_BLOCKS = YES;
				GCC_OPTIMIZATION_LEVEL = 0;
				GCC_PREPROCESSOR_DEFINITIONS = (
					"DEBUG=1",
					"$(inherited)",
				);
				GCC_WARN_64_TO_32_BIT_CONVERSION = YES;
				GCC_WARN_ABOUT_RETURN_TYPE = YES_ERROR;
				GCC_WARN_UNDECLARED_SELECTOR = YES;
				GCC_WARN_UNINITIALIZED_AUTOS = YES_AGGRESSIVE;
				GCC_WARN_UNUSED_FUNCTION = YES;
				GCC_WARN_UNUSED_VARIABLE = YES;
				IPHONEOS_DEPLOYMENT_TARGET = 14.4;
				MTL_ENABLE_DEBUG_INFO = INCLUDE_SOURCE;
				MTL_FAST_MATH = YES;
				ONLY_ACTIVE_ARCH = YES;
				SDKROOT = iphoneos;
				SWIFT_ACTIVE_COMPILATION_CONDITIONS = DEBUG;
				SWIFT_OPTIMIZATION_LEVEL = "-Onone";
			};
			name = Debug;
		};
		FF95B22C242ED05000C5FF83 /* Release */ = {
			isa = XCBuildConfiguration;
			buildSettings = {
				ALWAYS_EMBED_SWIFT_STANDARD_LIBRARIES = NO;
				ALWAYS_SEARCH_USER_PATHS = NO;
				CLANG_ANALYZER_NONNULL = YES;
				CLANG_ANALYZER_NUMBER_OBJECT_CONVERSION = YES_AGGRESSIVE;
				CLANG_CXX_LANGUAGE_STANDARD = "gnu++14";
				CLANG_CXX_LIBRARY = "libc++";
				CLANG_ENABLE_MODULES = YES;
				CLANG_ENABLE_OBJC_ARC = YES;
				CLANG_ENABLE_OBJC_WEAK = YES;
				CLANG_WARN_BLOCK_CAPTURE_AUTORELEASING = YES;
				CLANG_WARN_BOOL_CONVERSION = YES;
				CLANG_WARN_COMMA = YES;
				CLANG_WARN_CONSTANT_CONVERSION = YES;
				CLANG_WARN_DEPRECATED_OBJC_IMPLEMENTATIONS = YES;
				CLANG_WARN_DIRECT_OBJC_ISA_USAGE = YES_ERROR;
				CLANG_WARN_DOCUMENTATION_COMMENTS = YES;
				CLANG_WARN_EMPTY_BODY = YES;
				CLANG_WARN_ENUM_CONVERSION = YES;
				CLANG_WARN_INFINITE_RECURSION = YES;
				CLANG_WARN_INT_CONVERSION = YES;
				CLANG_WARN_NON_LITERAL_NULL_CONVERSION = YES;
				CLANG_WARN_OBJC_IMPLICIT_RETAIN_SELF = YES;
				CLANG_WARN_OBJC_LITERAL_CONVERSION = YES;
				CLANG_WARN_OBJC_ROOT_CLASS = YES_ERROR;
				CLANG_WARN_QUOTED_INCLUDE_IN_FRAMEWORK_HEADER = YES;
				CLANG_WARN_RANGE_LOOP_ANALYSIS = YES;
				CLANG_WARN_STRICT_PROTOTYPES = YES;
				CLANG_WARN_SUSPICIOUS_MOVE = YES;
				CLANG_WARN_UNGUARDED_AVAILABILITY = YES_AGGRESSIVE;
				CLANG_WARN_UNREACHABLE_CODE = YES;
				CLANG_WARN__DUPLICATE_METHOD_MATCH = YES;
				COPY_PHASE_STRIP = NO;
				DEBUG_INFORMATION_FORMAT = "dwarf-with-dsym";
				ENABLE_NS_ASSERTIONS = NO;
				ENABLE_STRICT_OBJC_MSGSEND = YES;
				"EXCLUDED_ARCHS[sdk=iphonesimulator*]" = arm64;
				GCC_C_LANGUAGE_STANDARD = gnu11;
				GCC_NO_COMMON_BLOCKS = YES;
				GCC_WARN_64_TO_32_BIT_CONVERSION = YES;
				GCC_WARN_ABOUT_RETURN_TYPE = YES_ERROR;
				GCC_WARN_UNDECLARED_SELECTOR = YES;
				GCC_WARN_UNINITIALIZED_AUTOS = YES_AGGRESSIVE;
				GCC_WARN_UNUSED_FUNCTION = YES;
				GCC_WARN_UNUSED_VARIABLE = YES;
				IPHONEOS_DEPLOYMENT_TARGET = 14.4;
				MTL_ENABLE_DEBUG_INFO = NO;
				MTL_FAST_MATH = YES;
				ONLY_ACTIVE_ARCH = YES;
				SDKROOT = iphoneos;
				SWIFT_COMPILATION_MODE = wholemodule;
				SWIFT_OPTIMIZATION_LEVEL = "-O";
				VALIDATE_PRODUCT = YES;
			};
			name = Release;
		};
		FF95B22E242ED05000C5FF83 /* Debug */ = {
			isa = XCBuildConfiguration;
			buildSettings = {
				ARCHS = "$(ARCHS_STANDARD)";
				ASSETCATALOG_COMPILER_APPICON_NAME = AppIcon;
				CODE_SIGN_STYLE = Automatic;
				DEVELOPMENT_TEAM = SM9KCJGMUP;
				EXCLUDED_ARCHS = "";
				FRAMEWORK_SEARCH_PATHS = "$(inherited)";
				HEADER_SEARCH_PATHS = "$(inherited)";
				INFOPLIST_FILE = CinemaTv/Info.plist;
				IPHONEOS_DEPLOYMENT_TARGET = 14.1;
				LD_RUNPATH_SEARCH_PATHS = (
					"$(inherited)",
					"@executable_path/Frameworks",
				);
				ONLY_ACTIVE_ARCH = YES;
				PRODUCT_BUNDLE_IDENTIFIER = com.dobigaster.CinemaTv;
				PRODUCT_NAME = "$(TARGET_NAME)";
				SWIFT_VERSION = 5.0;
				TARGETED_DEVICE_FAMILY = "1,2";
				VALID_ARCHS = "$(inherited) i386 x86_64";
				"VALID_ARCHS[sdk=iphonesimulator*]" = "$(inherited) i386 x86_64";
			};
			name = Debug;
		};
		FF95B22F242ED05000C5FF83 /* Release */ = {
			isa = XCBuildConfiguration;
			buildSettings = {
				ARCHS = "$(ARCHS_STANDARD)";
				ASSETCATALOG_COMPILER_APPICON_NAME = AppIcon;
				CODE_SIGN_STYLE = Automatic;
				DEVELOPMENT_TEAM = SM9KCJGMUP;
				EXCLUDED_ARCHS = "";
				FRAMEWORK_SEARCH_PATHS = "$(inherited)";
				HEADER_SEARCH_PATHS = "$(inherited)";
				INFOPLIST_FILE = CinemaTv/Info.plist;
				IPHONEOS_DEPLOYMENT_TARGET = 14.1;
				LD_RUNPATH_SEARCH_PATHS = (
					"$(inherited)",
					"@executable_path/Frameworks",
				);
				ONLY_ACTIVE_ARCH = NO;
				PRODUCT_BUNDLE_IDENTIFIER = com.dobigaster.CinemaTv;
				PRODUCT_NAME = "$(TARGET_NAME)";
				SWIFT_VERSION = 5.0;
				TARGETED_DEVICE_FAMILY = "1,2";
				VALID_ARCHS = "$(inherited) i386 x86_64";
				"VALID_ARCHS[sdk=iphonesimulator*]" = "$(inherited) i386 x86_64";
			};
			name = Release;
		};
		FFAA339C25A24B19007B402F /* Debug */ = {
			isa = XCBuildConfiguration;
			buildSettings = {
				CODE_SIGN_STYLE = Automatic;
				DEVELOPMENT_TEAM = SM9KCJGMUP;
				INFOPLIST_FILE = CinemaTvUITests/Info.plist;
				IPHONEOS_DEPLOYMENT_TARGET = 14.0;
				LD_RUNPATH_SEARCH_PATHS = (
					"$(inherited)",
					"@executable_path/Frameworks",
					"@loader_path/Frameworks",
				);
				PRODUCT_BUNDLE_IDENTIFIER = daniloRequena.CinemaTvUITests;
				PRODUCT_NAME = "$(TARGET_NAME)";
				SWIFT_VERSION = 5.0;
				TARGETED_DEVICE_FAMILY = "1,2";
				TEST_TARGET_NAME = CinemaTv;
			};
			name = Debug;
		};
		FFAA339D25A24B19007B402F /* Release */ = {
			isa = XCBuildConfiguration;
			buildSettings = {
				CODE_SIGN_STYLE = Automatic;
				DEVELOPMENT_TEAM = SM9KCJGMUP;
				INFOPLIST_FILE = CinemaTvUITests/Info.plist;
				IPHONEOS_DEPLOYMENT_TARGET = 14.0;
				LD_RUNPATH_SEARCH_PATHS = (
					"$(inherited)",
					"@executable_path/Frameworks",
					"@loader_path/Frameworks",
				);
				PRODUCT_BUNDLE_IDENTIFIER = daniloRequena.CinemaTvUITests;
				PRODUCT_NAME = "$(TARGET_NAME)";
				SWIFT_VERSION = 5.0;
				TARGETED_DEVICE_FAMILY = "1,2";
				TEST_TARGET_NAME = CinemaTv;
			};
			name = Release;
		};
/* End XCBuildConfiguration section */

/* Begin XCConfigurationList section */
		FF34C62125A25C05004337C2 /* Build configuration list for PBXNativeTarget "CinemaTvTests" */ = {
			isa = XCConfigurationList;
			buildConfigurations = (
				FF34C61F25A25C05004337C2 /* Debug */,
				FF34C62025A25C05004337C2 /* Release */,
			);
			defaultConfigurationIsVisible = 0;
			defaultConfigurationName = Release;
		};
		FF95B211242ED04300C5FF83 /* Build configuration list for PBXProject "CinemaTv" */ = {
			isa = XCConfigurationList;
			buildConfigurations = (
				FF95B22B242ED05000C5FF83 /* Debug */,
				FF95B22C242ED05000C5FF83 /* Release */,
			);
			defaultConfigurationIsVisible = 0;
			defaultConfigurationName = Release;
		};
		FF95B22D242ED05000C5FF83 /* Build configuration list for PBXNativeTarget "CinemaTv" */ = {
			isa = XCConfigurationList;
			buildConfigurations = (
				FF95B22E242ED05000C5FF83 /* Debug */,
				FF95B22F242ED05000C5FF83 /* Release */,
			);
			defaultConfigurationIsVisible = 0;
			defaultConfigurationName = Release;
		};
		FFAA339B25A24B19007B402F /* Build configuration list for PBXNativeTarget "CinemaTvUITests" */ = {
			isa = XCConfigurationList;
			buildConfigurations = (
				FFAA339C25A24B19007B402F /* Debug */,
				FFAA339D25A24B19007B402F /* Release */,
			);
			defaultConfigurationIsVisible = 0;
			defaultConfigurationName = Release;
		};
/* End XCConfigurationList section */

/* Begin XCRemoteSwiftPackageReference section */
		7D60AD9F25DB14550064E3E6 /* XCRemoteSwiftPackageReference "Kingfisher" */ = {
			isa = XCRemoteSwiftPackageReference;
			repositoryURL = "https://github.com/onevcat/Kingfisher.git";
			requirement = {
				kind = upToNextMajorVersion;
				minimumVersion = 6.1.0;
			};
		};
		7DA6FC7825DB1CCA0022300E /* XCRemoteSwiftPackageReference "JGProgressHUD" */ = {
			isa = XCRemoteSwiftPackageReference;
			repositoryURL = "https://github.com/JonasGessner/JGProgressHUD.git";
			requirement = {
				kind = upToNextMajorVersion;
				minimumVersion = 2.2.0;
			};
		};
		7DE2B11525DAD38500FE65FB /* XCRemoteSwiftPackageReference "firebase-ios-sdk" */ = {
			isa = XCRemoteSwiftPackageReference;
			repositoryURL = "https://github.com/firebase/firebase-ios-sdk.git";
			requirement = {
				kind = upToNextMajorVersion;
				minimumVersion = 7.6.0;
			};
		};
		7DE2B13525DAD56B00FE65FB /* XCRemoteSwiftPackageReference "SnapKit" */ = {
			isa = XCRemoteSwiftPackageReference;
			repositoryURL = "https://github.com/SnapKit/SnapKit.git";
			requirement = {
				kind = upToNextMajorVersion;
				minimumVersion = 5.0.1;
			};
		};
/* End XCRemoteSwiftPackageReference section */

/* Begin XCSwiftPackageProductDependency section */
		7D60ADA025DB14550064E3E6 /* Kingfisher */ = {
			isa = XCSwiftPackageProductDependency;
			package = 7D60AD9F25DB14550064E3E6 /* XCRemoteSwiftPackageReference "Kingfisher" */;
			productName = Kingfisher;
		};
		7DA6FC7925DB1CCA0022300E /* JGProgressHUD */ = {
			isa = XCSwiftPackageProductDependency;
			package = 7DA6FC7825DB1CCA0022300E /* XCRemoteSwiftPackageReference "JGProgressHUD" */;
			productName = JGProgressHUD;
		};
		7DE2B11625DAD38500FE65FB /* FirebaseFirestore */ = {
			isa = XCSwiftPackageProductDependency;
			package = 7DE2B11525DAD38500FE65FB /* XCRemoteSwiftPackageReference "firebase-ios-sdk" */;
			productName = FirebaseFirestore;
		};
		7DE2B11825DAD38500FE65FB /* FirebaseDatabase */ = {
			isa = XCSwiftPackageProductDependency;
			package = 7DE2B11525DAD38500FE65FB /* XCRemoteSwiftPackageReference "firebase-ios-sdk" */;
			productName = FirebaseDatabase;
		};
		7DE2B11A25DAD38500FE65FB /* FirebaseAnalytics */ = {
			isa = XCSwiftPackageProductDependency;
			package = 7DE2B11525DAD38500FE65FB /* XCRemoteSwiftPackageReference "firebase-ios-sdk" */;
			productName = FirebaseAnalytics;
		};
		7DE2B11C25DAD38500FE65FB /* FirebaseStorage */ = {
			isa = XCSwiftPackageProductDependency;
			package = 7DE2B11525DAD38500FE65FB /* XCRemoteSwiftPackageReference "firebase-ios-sdk" */;
			productName = FirebaseStorage;
		};
		7DE2B11E25DAD38500FE65FB /* FirebaseCrashlytics */ = {
			isa = XCSwiftPackageProductDependency;
			package = 7DE2B11525DAD38500FE65FB /* XCRemoteSwiftPackageReference "firebase-ios-sdk" */;
			productName = FirebaseCrashlytics;
		};
		7DE2B12025DAD38500FE65FB /* FirebaseRemoteConfig */ = {
			isa = XCSwiftPackageProductDependency;
			package = 7DE2B11525DAD38500FE65FB /* XCRemoteSwiftPackageReference "firebase-ios-sdk" */;
			productName = FirebaseRemoteConfig;
		};
		7DE2B12225DAD38500FE65FB /* FirebaseAuth */ = {
			isa = XCSwiftPackageProductDependency;
			package = 7DE2B11525DAD38500FE65FB /* XCRemoteSwiftPackageReference "firebase-ios-sdk" */;
			productName = FirebaseAuth;
		};
		7DE2B12425DAD38500FE65FB /* FirebaseDynamicLinks */ = {
			isa = XCSwiftPackageProductDependency;
			package = 7DE2B11525DAD38500FE65FB /* XCRemoteSwiftPackageReference "firebase-ios-sdk" */;
			productName = FirebaseDynamicLinks;
		};
		7DE2B12625DAD38500FE65FB /* FirebaseMessaging */ = {
			isa = XCSwiftPackageProductDependency;
			package = 7DE2B11525DAD38500FE65FB /* XCRemoteSwiftPackageReference "firebase-ios-sdk" */;
			productName = FirebaseMessaging;
		};
		7DE2B13625DAD56B00FE65FB /* SnapKit */ = {
			isa = XCSwiftPackageProductDependency;
			package = 7DE2B13525DAD56B00FE65FB /* XCRemoteSwiftPackageReference "SnapKit" */;
			productName = SnapKit;
		};
/* End XCSwiftPackageProductDependency section */

/* Begin XCVersionGroup section */
		7D22EC1B25E404B300BC6A13 /* CinemaTv.xcdatamodeld */ = {
			isa = XCVersionGroup;
			children = (
				7D22EC1C25E404B300BC6A13 /* CinemaTv.xcdatamodel */,
			);
			currentVersion = 7D22EC1C25E404B300BC6A13 /* CinemaTv.xcdatamodel */;
			path = CinemaTv.xcdatamodeld;
			sourceTree = "<group>";
			versionGroupType = wrapper.xcdatamodel;
		};
/* End XCVersionGroup section */
	};
	rootObject = FF95B20E242ED04300C5FF83 /* Project object */;
}
