// !$*UTF8*$!
{
	archiveVersion = 1;
	classes = {
	};
	objectVersion = 52;
	objects = {

/* Begin PBXBuildFile section */
		FF08C6C4250723270007F26F /* SeriesOnAirViewController.xib in Resources */ = {isa = PBXBuildFile; fileRef = FF08C6C2250723270007F26F /* SeriesOnAirViewController.xib */; };
		FF08C6CB250B29920007F26F /* UIViewController+Extension.swift in Sources */ = {isa = PBXBuildFile; fileRef = FF08C6CA250B29920007F26F /* UIViewController+Extension.swift */; };
		FF0D4601252009300069A74A /* Discover.storyboard in Resources */ = {isa = PBXBuildFile; fileRef = FF0D4600252009300069A74A /* Discover.storyboard */; };
		FF0D460325200B7F0069A74A /* DiscoverViewController.swift in Sources */ = {isa = PBXBuildFile; fileRef = FF0D460225200B7F0069A74A /* DiscoverViewController.swift */; };
		FF0D460725200CF40069A74A /* DiscoverViewModel.swift in Sources */ = {isa = PBXBuildFile; fileRef = FF0D460625200CF40069A74A /* DiscoverViewModel.swift */; };
		FF0D4609252013230069A74A /* DiscoverMovies.swift in Sources */ = {isa = PBXBuildFile; fileRef = FF0D4608252013230069A74A /* DiscoverMovies.swift */; };
		FF0D460C252019060069A74A /* Coordinator.swift in Sources */ = {isa = PBXBuildFile; fileRef = FF0D460B252019060069A74A /* Coordinator.swift */; };
		FF0D46122520345B0069A74A /* Storyboarded.swift in Sources */ = {isa = PBXBuildFile; fileRef = FF0D46112520345B0069A74A /* Storyboarded.swift */; };
		FF0D4614252035EC0069A74A /* MainCoordinator.swift in Sources */ = {isa = PBXBuildFile; fileRef = FF0D4613252035EC0069A74A /* MainCoordinator.swift */; };
		FF1168982506E2A500F30652 /* MainViewModel.swift in Sources */ = {isa = PBXBuildFile; fileRef = FF1168972506E2A500F30652 /* MainViewModel.swift */; };
		FF11689B2506FEB200F30652 /* UIView+Extension.swift in Sources */ = {isa = PBXBuildFile; fileRef = FF11689A2506FEB200F30652 /* UIView+Extension.swift */; };
		FF11689E25070A2200F30652 /* Constants.swift in Sources */ = {isa = PBXBuildFile; fileRef = FF11689D25070A2200F30652 /* Constants.swift */; };
		FF1168A0250710C500F30652 /* SeriesOnAir.swift in Sources */ = {isa = PBXBuildFile; fileRef = FF11689F250710C500F30652 /* SeriesOnAir.swift */; };
		FF1F836A2438E41300886A67 /* DatailSeriesViewController.xib in Resources */ = {isa = PBXBuildFile; fileRef = FF96D59E2437BE88006CF3C7 /* DatailSeriesViewController.xib */; };
		FF1F8372243A8EFE00886A67 /* TopRatedSeries.swift in Sources */ = {isa = PBXBuildFile; fileRef = FF1F8371243A8EFD00886A67 /* TopRatedSeries.swift */; };
		FF26C65C251D6EC700C177AE /* Kingfisher in Frameworks */ = {isa = PBXBuildFile; productRef = FF26C65B251D6EC700C177AE /* Kingfisher */; };
		FF26C65E251D6EC700C177AE /* KingfisherSwiftUI in Frameworks */ = {isa = PBXBuildFile; productRef = FF26C65D251D6EC700C177AE /* KingfisherSwiftUI */; };
		FF271612252FD78200370ED1 /* DetailCoordinator.swift in Sources */ = {isa = PBXBuildFile; fileRef = FF271611252FD78200370ED1 /* DetailCoordinator.swift */; };
		FF271614252FD87600370ED1 /* DetailViewController.storyboard in Resources */ = {isa = PBXBuildFile; fileRef = FF271613252FD87600370ED1 /* DetailViewController.storyboard */; };
		FF271616252FE1EE00370ED1 /* DetailMoviesViewController.swift in Sources */ = {isa = PBXBuildFile; fileRef = FF271615252FE1EE00370ED1 /* DetailMoviesViewController.swift */; };
		FF3B31BF252FE87B00C86820 /* CardInfos+Helper.swift in Sources */ = {isa = PBXBuildFile; fileRef = FF3B31BE252FE87B00C86820 /* CardInfos+Helper.swift */; };
		FF5AC10F250CFA8800C780A6 /* PopularCollectionViewCell.swift in Sources */ = {isa = PBXBuildFile; fileRef = FF5AC10D250CFA8800C780A6 /* PopularCollectionViewCell.swift */; };
		FF5AC110250CFA8800C780A6 /* PopularCollectionViewCell.xib in Resources */ = {isa = PBXBuildFile; fileRef = FF5AC10E250CFA8800C780A6 /* PopularCollectionViewCell.xib */; };
		FF5AC118250D2DE400C780A6 /* OnTheAirCollectionViewCell.swift in Sources */ = {isa = PBXBuildFile; fileRef = FF5AC116250D2DE400C780A6 /* OnTheAirCollectionViewCell.swift */; };
		FF5AC119250D2DE400C780A6 /* OnTheAirCollectionViewCell.xib in Resources */ = {isa = PBXBuildFile; fileRef = FF5AC117250D2DE400C780A6 /* OnTheAirCollectionViewCell.xib */; };
		FF5AC11D250D90F500C780A6 /* TrailerViewController.swift in Sources */ = {isa = PBXBuildFile; fileRef = FF5AC11B250D90F500C780A6 /* TrailerViewController.swift */; };
		FF5AC11E250D90F500C780A6 /* TrailerViewController.xib in Resources */ = {isa = PBXBuildFile; fileRef = FF5AC11C250D90F500C780A6 /* TrailerViewController.xib */; };
		FF5AC120250D96C700C780A6 /* Videos.swift in Sources */ = {isa = PBXBuildFile; fileRef = FF5AC11F250D96C700C780A6 /* Videos.swift */; };
		FF6CDB9B25351DAC002DC3B7 /* DetailViewModel.swift in Sources */ = {isa = PBXBuildFile; fileRef = FF6CDB9A25351DAC002DC3B7 /* DetailViewModel.swift */; };
		FF6CDB9D253532FA002DC3B7 /* DetailViewController.swift in Sources */ = {isa = PBXBuildFile; fileRef = FF6CDB9C253532FA002DC3B7 /* DetailViewController.swift */; };
		FF7B6A6E2517052100DEBA7E /* OverlayViewController.swift in Sources */ = {isa = PBXBuildFile; fileRef = FF7B6A6C2517052100DEBA7E /* OverlayViewController.swift */; };
		FF7B6A6F2517052100DEBA7E /* OverlayViewController.xib in Resources */ = {isa = PBXBuildFile; fileRef = FF7B6A6D2517052100DEBA7E /* OverlayViewController.xib */; };
		FF7B6A742518225800DEBA7E /* DetailsSeries.swift in Sources */ = {isa = PBXBuildFile; fileRef = FF7B6A732518225800DEBA7E /* DetailsSeries.swift */; };
		FF80D587250EDC5500A15326 /* DetailSeriesOnAirViewController.swift in Sources */ = {isa = PBXBuildFile; fileRef = FF80D585250EDC5500A15326 /* DetailSeriesOnAirViewController.swift */; };
		FF80D58A250EDC6400A15326 /* HomeSeriesViewController.swift in Sources */ = {isa = PBXBuildFile; fileRef = FF80D589250EDC6400A15326 /* HomeSeriesViewController.swift */; };
		FF92EE6A251C38A5006B8E48 /* WereWatchCollectionViewCell.swift in Sources */ = {isa = PBXBuildFile; fileRef = FF92EE68251C38A5006B8E48 /* WereWatchCollectionViewCell.swift */; };
		FF92EE6B251C38A5006B8E48 /* WereWatchCollectionViewCell.xib in Resources */ = {isa = PBXBuildFile; fileRef = FF92EE69251C38A5006B8E48 /* WereWatchCollectionViewCell.xib */; };
		FF92EE6E251C3D86006B8E48 /* OverlayViewModel.swift in Sources */ = {isa = PBXBuildFile; fileRef = FF92EE6D251C3D86006B8E48 /* OverlayViewModel.swift */; };
		FF95B21A242ED04300C5FF83 /* AppDelegate.swift in Sources */ = {isa = PBXBuildFile; fileRef = FF95B219242ED04300C5FF83 /* AppDelegate.swift */; };
		FF95B21C242ED04300C5FF83 /* SceneDelegate.swift in Sources */ = {isa = PBXBuildFile; fileRef = FF95B21B242ED04300C5FF83 /* SceneDelegate.swift */; };
		FF95B221242ED04300C5FF83 /* Main.storyboard in Resources */ = {isa = PBXBuildFile; fileRef = FF95B21F242ED04300C5FF83 /* Main.storyboard */; };
		FF95B224242ED04300C5FF83 /* ToDoMovie_Series.xcdatamodeld in Sources */ = {isa = PBXBuildFile; fileRef = FF95B222242ED04300C5FF83 /* ToDoMovie_Series.xcdatamodeld */; };
		FF95B226242ED05000C5FF83 /* Assets.xcassets in Resources */ = {isa = PBXBuildFile; fileRef = FF95B225242ED05000C5FF83 /* Assets.xcassets */; };
		FF95B229242ED05000C5FF83 /* LaunchScreen.storyboard in Resources */ = {isa = PBXBuildFile; fileRef = FF95B227242ED05000C5FF83 /* LaunchScreen.storyboard */; };
		FF95B231242ED2A900C5FF83 /* MoviesTableViewController.swift in Sources */ = {isa = PBXBuildFile; fileRef = FF95B230242ED2A900C5FF83 /* MoviesTableViewController.swift */; };
		FF95B235242ED2FA00C5FF83 /* MovieViewController.swift in Sources */ = {isa = PBXBuildFile; fileRef = FF95B234242ED2FA00C5FF83 /* MovieViewController.swift */; };
		FF95B23D2431565D00C5FF83 /* Movie.swift in Sources */ = {isa = PBXBuildFile; fileRef = FF95B23C2431565D00C5FF83 /* Movie.swift */; };
		FF95B23F2431582D00C5FF83 /* RequestAPI.swift in Sources */ = {isa = PBXBuildFile; fileRef = FF95B23E2431582D00C5FF83 /* RequestAPI.swift */; };
		FF96D59D2436913D006CF3C7 /* PopularSeries.swift in Sources */ = {isa = PBXBuildFile; fileRef = FF96D59C2436913D006CF3C7 /* PopularSeries.swift */; };
		FFA8EA1D2520414A00FA6117 /* DiscoverMoviesViewController.swift in Sources */ = {isa = PBXBuildFile; fileRef = FFA8EA1B2520414A00FA6117 /* DiscoverMoviesViewController.swift */; };
		FFA8EA1E2520414A00FA6117 /* DiscoverMoviesViewController.xib in Resources */ = {isa = PBXBuildFile; fileRef = FFA8EA1C2520414A00FA6117 /* DiscoverMoviesViewController.xib */; };
		FFA8EA21252046EC00FA6117 /* DiscoverCollectionViewCell.swift in Sources */ = {isa = PBXBuildFile; fileRef = FFA8EA1F252046EC00FA6117 /* DiscoverCollectionViewCell.swift */; };
		FFA8EA22252046EC00FA6117 /* DiscoverCollectionViewCell.xib in Resources */ = {isa = PBXBuildFile; fileRef = FFA8EA20252046EC00FA6117 /* DiscoverCollectionViewCell.xib */; };
		FFA8EA2425215B4000FA6117 /* DiscoverCollectViewCell.swift in Sources */ = {isa = PBXBuildFile; fileRef = FFA8EA2325215B4000FA6117 /* DiscoverCollectViewCell.swift */; };
		FFA8EA28252185C400FA6117 /* UICollectionView+Helper.swift in Sources */ = {isa = PBXBuildFile; fileRef = FFA8EA27252185C400FA6117 /* UICollectionView+Helper.swift */; };
		FFB64F0A251D413200E5C2EA /* UIImage+Extension.swift in Sources */ = {isa = PBXBuildFile; fileRef = FFB64F09251D413200E5C2EA /* UIImage+Extension.swift */; };
		FFC806842432E10C00402878 /* MovieTableViewCell.swift in Sources */ = {isa = PBXBuildFile; fileRef = FFC806822432E10C00402878 /* MovieTableViewCell.swift */; };
		FFCC7EE925100D6B00994F11 /* TrailerViewModel.swift in Sources */ = {isa = PBXBuildFile; fileRef = FFCC7EE825100D6B00994F11 /* TrailerViewModel.swift */; };
		FFDC28EE253553F0003B58B5 /* MainTabBarController.swift in Sources */ = {isa = PBXBuildFile; fileRef = FFDC28ED253553F0003B58B5 /* MainTabBarController.swift */; };
		FFDC28F225369DA0003B58B5 /* SeriesCoordinator.swift in Sources */ = {isa = PBXBuildFile; fileRef = FFDC28F125369DA0003B58B5 /* SeriesCoordinator.swift */; };
/* End PBXBuildFile section */

/* Begin PBXCopyFilesBuildPhase section */
		FFB64F20251D6C1400E5C2EA /* Embed Frameworks */ = {
			isa = PBXCopyFilesBuildPhase;
			buildActionMask = 2147483647;
			dstPath = "";
			dstSubfolderSpec = 10;
			files = (
			);
			name = "Embed Frameworks";
			runOnlyForDeploymentPostprocessing = 0;
		};
/* End PBXCopyFilesBuildPhase section */

/* Begin PBXFileReference section */
		FF08C6C2250723270007F26F /* SeriesOnAirViewController.xib */ = {isa = PBXFileReference; lastKnownFileType = file.xib; name = SeriesOnAirViewController.xib; path = "ToDoMovie&Series/Views/Detail/SeriesOnAirViewController.xib"; sourceTree = SOURCE_ROOT; };
		FF08C6CA250B29920007F26F /* UIViewController+Extension.swift */ = {isa = PBXFileReference; lastKnownFileType = sourcecode.swift; path = "UIViewController+Extension.swift"; sourceTree = "<group>"; };
		FF0D4600252009300069A74A /* Discover.storyboard */ = {isa = PBXFileReference; lastKnownFileType = file.storyboard; path = Discover.storyboard; sourceTree = "<group>"; };
		FF0D460225200B7F0069A74A /* DiscoverViewController.swift */ = {isa = PBXFileReference; lastKnownFileType = sourcecode.swift; path = DiscoverViewController.swift; sourceTree = "<group>"; };
		FF0D460625200CF40069A74A /* DiscoverViewModel.swift */ = {isa = PBXFileReference; lastKnownFileType = sourcecode.swift; path = DiscoverViewModel.swift; sourceTree = "<group>"; };
		FF0D4608252013230069A74A /* DiscoverMovies.swift */ = {isa = PBXFileReference; lastKnownFileType = sourcecode.swift; path = DiscoverMovies.swift; sourceTree = "<group>"; };
		FF0D460B252019060069A74A /* Coordinator.swift */ = {isa = PBXFileReference; lastKnownFileType = sourcecode.swift; path = Coordinator.swift; sourceTree = "<group>"; };
		FF0D46112520345B0069A74A /* Storyboarded.swift */ = {isa = PBXFileReference; lastKnownFileType = sourcecode.swift; path = Storyboarded.swift; sourceTree = "<group>"; };
		FF0D4613252035EC0069A74A /* MainCoordinator.swift */ = {isa = PBXFileReference; lastKnownFileType = sourcecode.swift; path = MainCoordinator.swift; sourceTree = "<group>"; };
		FF1168972506E2A500F30652 /* MainViewModel.swift */ = {isa = PBXFileReference; lastKnownFileType = sourcecode.swift; path = MainViewModel.swift; sourceTree = "<group>"; };
		FF11689A2506FEB200F30652 /* UIView+Extension.swift */ = {isa = PBXFileReference; lastKnownFileType = sourcecode.swift; path = "UIView+Extension.swift"; sourceTree = "<group>"; };
		FF11689D25070A2200F30652 /* Constants.swift */ = {isa = PBXFileReference; lastKnownFileType = sourcecode.swift; path = Constants.swift; sourceTree = "<group>"; };
		FF11689F250710C500F30652 /* SeriesOnAir.swift */ = {isa = PBXFileReference; lastKnownFileType = sourcecode.swift; path = SeriesOnAir.swift; sourceTree = "<group>"; };
		FF1F8371243A8EFD00886A67 /* TopRatedSeries.swift */ = {isa = PBXFileReference; lastKnownFileType = sourcecode.swift; path = TopRatedSeries.swift; sourceTree = "<group>"; };
		FF271611252FD78200370ED1 /* DetailCoordinator.swift */ = {isa = PBXFileReference; lastKnownFileType = sourcecode.swift; path = DetailCoordinator.swift; sourceTree = "<group>"; };
		FF271613252FD87600370ED1 /* DetailViewController.storyboard */ = {isa = PBXFileReference; lastKnownFileType = file.storyboard; path = DetailViewController.storyboard; sourceTree = "<group>"; };
		FF271615252FE1EE00370ED1 /* DetailMoviesViewController.swift */ = {isa = PBXFileReference; lastKnownFileType = sourcecode.swift; path = DetailMoviesViewController.swift; sourceTree = "<group>"; };
		FF3B31BE252FE87B00C86820 /* CardInfos+Helper.swift */ = {isa = PBXFileReference; lastKnownFileType = sourcecode.swift; path = "CardInfos+Helper.swift"; sourceTree = "<group>"; };
		FF5AC10D250CFA8800C780A6 /* PopularCollectionViewCell.swift */ = {isa = PBXFileReference; lastKnownFileType = sourcecode.swift; path = PopularCollectionViewCell.swift; sourceTree = "<group>"; };
		FF5AC10E250CFA8800C780A6 /* PopularCollectionViewCell.xib */ = {isa = PBXFileReference; lastKnownFileType = file.xib; path = PopularCollectionViewCell.xib; sourceTree = "<group>"; };
		FF5AC116250D2DE400C780A6 /* OnTheAirCollectionViewCell.swift */ = {isa = PBXFileReference; lastKnownFileType = sourcecode.swift; path = OnTheAirCollectionViewCell.swift; sourceTree = "<group>"; };
		FF5AC117250D2DE400C780A6 /* OnTheAirCollectionViewCell.xib */ = {isa = PBXFileReference; lastKnownFileType = file.xib; path = OnTheAirCollectionViewCell.xib; sourceTree = "<group>"; };
		FF5AC11B250D90F500C780A6 /* TrailerViewController.swift */ = {isa = PBXFileReference; lastKnownFileType = sourcecode.swift; path = TrailerViewController.swift; sourceTree = "<group>"; };
		FF5AC11C250D90F500C780A6 /* TrailerViewController.xib */ = {isa = PBXFileReference; lastKnownFileType = file.xib; path = TrailerViewController.xib; sourceTree = "<group>"; };
		FF5AC11F250D96C700C780A6 /* Videos.swift */ = {isa = PBXFileReference; lastKnownFileType = sourcecode.swift; path = Videos.swift; sourceTree = "<group>"; };
		FF6CDB9A25351DAC002DC3B7 /* DetailViewModel.swift */ = {isa = PBXFileReference; lastKnownFileType = sourcecode.swift; path = DetailViewModel.swift; sourceTree = "<group>"; };
		FF6CDB9C253532FA002DC3B7 /* DetailViewController.swift */ = {isa = PBXFileReference; fileEncoding = 4; lastKnownFileType = sourcecode.swift; name = DetailViewController.swift; path = Details/DetailViewController.swift; sourceTree = "<group>"; };
		FF7B6A6C2517052100DEBA7E /* OverlayViewController.swift */ = {isa = PBXFileReference; lastKnownFileType = sourcecode.swift; path = OverlayViewController.swift; sourceTree = "<group>"; };
		FF7B6A6D2517052100DEBA7E /* OverlayViewController.xib */ = {isa = PBXFileReference; lastKnownFileType = file.xib; path = OverlayViewController.xib; sourceTree = "<group>"; };
		FF7B6A732518225800DEBA7E /* DetailsSeries.swift */ = {isa = PBXFileReference; lastKnownFileType = sourcecode.swift; path = DetailsSeries.swift; sourceTree = "<group>"; };
		FF80D585250EDC5500A15326 /* DetailSeriesOnAirViewController.swift */ = {isa = PBXFileReference; fileEncoding = 4; lastKnownFileType = sourcecode.swift; name = DetailSeriesOnAirViewController.swift; path = Details/DetailSeriesOnAirViewController.swift; sourceTree = "<group>"; };
		FF80D589250EDC6400A15326 /* HomeSeriesViewController.swift */ = {isa = PBXFileReference; fileEncoding = 4; lastKnownFileType = sourcecode.swift; name = HomeSeriesViewController.swift; path = Home/HomeSeriesViewController.swift; sourceTree = "<group>"; };
		FF92EE68251C38A5006B8E48 /* WereWatchCollectionViewCell.swift */ = {isa = PBXFileReference; lastKnownFileType = sourcecode.swift; path = WereWatchCollectionViewCell.swift; sourceTree = "<group>"; };
		FF92EE69251C38A5006B8E48 /* WereWatchCollectionViewCell.xib */ = {isa = PBXFileReference; lastKnownFileType = file.xib; path = WereWatchCollectionViewCell.xib; sourceTree = "<group>"; };
		FF92EE6D251C3D86006B8E48 /* OverlayViewModel.swift */ = {isa = PBXFileReference; lastKnownFileType = sourcecode.swift; path = OverlayViewModel.swift; sourceTree = "<group>"; };
		FF95B216242ED04300C5FF83 /* ToDoMovie&Series.app */ = {isa = PBXFileReference; explicitFileType = wrapper.application; includeInIndex = 0; path = "ToDoMovie&Series.app"; sourceTree = BUILT_PRODUCTS_DIR; };
		FF95B219242ED04300C5FF83 /* AppDelegate.swift */ = {isa = PBXFileReference; lastKnownFileType = sourcecode.swift; path = AppDelegate.swift; sourceTree = "<group>"; };
		FF95B21B242ED04300C5FF83 /* SceneDelegate.swift */ = {isa = PBXFileReference; lastKnownFileType = sourcecode.swift; path = SceneDelegate.swift; sourceTree = "<group>"; };
		FF95B220242ED04300C5FF83 /* Base */ = {isa = PBXFileReference; lastKnownFileType = file.storyboard; name = Base; path = Base.lproj/Main.storyboard; sourceTree = "<group>"; };
		FF95B223242ED04300C5FF83 /* ToDoMovie_Series.xcdatamodel */ = {isa = PBXFileReference; lastKnownFileType = wrapper.xcdatamodel; path = ToDoMovie_Series.xcdatamodel; sourceTree = "<group>"; };
		FF95B225242ED05000C5FF83 /* Assets.xcassets */ = {isa = PBXFileReference; lastKnownFileType = folder.assetcatalog; path = Assets.xcassets; sourceTree = "<group>"; };
		FF95B228242ED05000C5FF83 /* Base */ = {isa = PBXFileReference; lastKnownFileType = file.storyboard; name = Base; path = Base.lproj/LaunchScreen.storyboard; sourceTree = "<group>"; };
		FF95B22A242ED05000C5FF83 /* Info.plist */ = {isa = PBXFileReference; lastKnownFileType = text.plist.xml; path = Info.plist; sourceTree = "<group>"; };
		FF95B230242ED2A900C5FF83 /* MoviesTableViewController.swift */ = {isa = PBXFileReference; lastKnownFileType = sourcecode.swift; path = MoviesTableViewController.swift; sourceTree = "<group>"; };
		FF95B234242ED2FA00C5FF83 /* MovieViewController.swift */ = {isa = PBXFileReference; lastKnownFileType = sourcecode.swift; path = MovieViewController.swift; sourceTree = "<group>"; };
		FF95B23C2431565D00C5FF83 /* Movie.swift */ = {isa = PBXFileReference; lastKnownFileType = sourcecode.swift; path = Movie.swift; sourceTree = "<group>"; };
		FF95B23E2431582D00C5FF83 /* RequestAPI.swift */ = {isa = PBXFileReference; lastKnownFileType = sourcecode.swift; path = RequestAPI.swift; sourceTree = "<group>"; };
		FF96D59C2436913D006CF3C7 /* PopularSeries.swift */ = {isa = PBXFileReference; lastKnownFileType = sourcecode.swift; path = PopularSeries.swift; sourceTree = "<group>"; };
		FF96D59E2437BE88006CF3C7 /* DatailSeriesViewController.xib */ = {isa = PBXFileReference; lastKnownFileType = file.xib; path = DatailSeriesViewController.xib; sourceTree = "<group>"; };
		FFA8EA1B2520414A00FA6117 /* DiscoverMoviesViewController.swift */ = {isa = PBXFileReference; lastKnownFileType = sourcecode.swift; path = DiscoverMoviesViewController.swift; sourceTree = "<group>"; };
		FFA8EA1C2520414A00FA6117 /* DiscoverMoviesViewController.xib */ = {isa = PBXFileReference; lastKnownFileType = file.xib; path = DiscoverMoviesViewController.xib; sourceTree = "<group>"; };
		FFA8EA1F252046EC00FA6117 /* DiscoverCollectionViewCell.swift */ = {isa = PBXFileReference; lastKnownFileType = sourcecode.swift; path = DiscoverCollectionViewCell.swift; sourceTree = "<group>"; };
		FFA8EA20252046EC00FA6117 /* DiscoverCollectionViewCell.xib */ = {isa = PBXFileReference; lastKnownFileType = file.xib; path = DiscoverCollectionViewCell.xib; sourceTree = "<group>"; };
		FFA8EA2325215B4000FA6117 /* DiscoverCollectViewCell.swift */ = {isa = PBXFileReference; lastKnownFileType = sourcecode.swift; path = DiscoverCollectViewCell.swift; sourceTree = "<group>"; };
		FFA8EA27252185C400FA6117 /* UICollectionView+Helper.swift */ = {isa = PBXFileReference; lastKnownFileType = sourcecode.swift; path = "UICollectionView+Helper.swift"; sourceTree = "<group>"; };
		FFB64F09251D413200E5C2EA /* UIImage+Extension.swift */ = {isa = PBXFileReference; lastKnownFileType = sourcecode.swift; path = "UIImage+Extension.swift"; sourceTree = "<group>"; };
		FFC806822432E10C00402878 /* MovieTableViewCell.swift */ = {isa = PBXFileReference; lastKnownFileType = sourcecode.swift; path = MovieTableViewCell.swift; sourceTree = "<group>"; };
		FFCC7EE825100D6B00994F11 /* TrailerViewModel.swift */ = {isa = PBXFileReference; lastKnownFileType = sourcecode.swift; path = TrailerViewModel.swift; sourceTree = "<group>"; };
		FFDC28ED253553F0003B58B5 /* MainTabBarController.swift */ = {isa = PBXFileReference; lastKnownFileType = sourcecode.swift; path = MainTabBarController.swift; sourceTree = "<group>"; };
		FFDC28F125369DA0003B58B5 /* SeriesCoordinator.swift */ = {isa = PBXFileReference; lastKnownFileType = sourcecode.swift; path = SeriesCoordinator.swift; sourceTree = "<group>"; };
/* End PBXFileReference section */

/* Begin PBXFrameworksBuildPhase section */
		FF95B213242ED04300C5FF83 /* Frameworks */ = {
			isa = PBXFrameworksBuildPhase;
			buildActionMask = 2147483647;
			files = (
				FF26C65E251D6EC700C177AE /* KingfisherSwiftUI in Frameworks */,
				FF26C65C251D6EC700C177AE /* Kingfisher in Frameworks */,
			);
			runOnlyForDeploymentPostprocessing = 0;
		};
/* End PBXFrameworksBuildPhase section */

/* Begin PBXGroup section */
		FF0D460A252018DD0069A74A /* Coordinators */ = {
			isa = PBXGroup;
			children = (
				FF0D460B252019060069A74A /* Coordinator.swift */,
				FF0D46112520345B0069A74A /* Storyboarded.swift */,
				FF0D4613252035EC0069A74A /* MainCoordinator.swift */,
				FFDC28F125369DA0003B58B5 /* SeriesCoordinator.swift */,
				FF271611252FD78200370ED1 /* DetailCoordinator.swift */,
			);
			path = Coordinators;
			sourceTree = "<group>";
		};
		FF1168962506E28800F30652 /* ViewModels */ = {
			isa = PBXGroup;
			children = (
				FF1168972506E2A500F30652 /* MainViewModel.swift */,
				FFCC7EE825100D6B00994F11 /* TrailerViewModel.swift */,
				FF92EE6D251C3D86006B8E48 /* OverlayViewModel.swift */,
				FF0D460625200CF40069A74A /* DiscoverViewModel.swift */,
				FF6CDB9A25351DAC002DC3B7 /* DetailViewModel.swift */,
			);
			path = ViewModels;
			sourceTree = "<group>";
		};
		FF1168992506FE9500F30652 /* Helpers */ = {
			isa = PBXGroup;
			children = (
				FF11689A2506FEB200F30652 /* UIView+Extension.swift */,
				FF08C6CA250B29920007F26F /* UIViewController+Extension.swift */,
				FFB64F09251D413200E5C2EA /* UIImage+Extension.swift */,
				FFA8EA27252185C400FA6117 /* UICollectionView+Helper.swift */,
				FF3B31BE252FE87B00C86820 /* CardInfos+Helper.swift */,
			);
			path = Helpers;
			sourceTree = "<group>";
		};
		FF11689C25070A1000F30652 /* Utils */ = {
			isa = PBXGroup;
			children = (
				FF11689D25070A2200F30652 /* Constants.swift */,
			);
			path = Utils;
			sourceTree = "<group>";
		};
		FF5AC10B250CF9F100C780A6 /* Home */ = {
			isa = PBXGroup;
			children = (
				FF95B21F242ED04300C5FF83 /* Main.storyboard */,
				FF95B227242ED05000C5FF83 /* LaunchScreen.storyboard */,
				FF0D4600252009300069A74A /* Discover.storyboard */,
				FF0D460225200B7F0069A74A /* DiscoverViewController.swift */,
				FFA8EA1B2520414A00FA6117 /* DiscoverMoviesViewController.swift */,
				FFA8EA1C2520414A00FA6117 /* DiscoverMoviesViewController.xib */,
				FFDC28ED253553F0003B58B5 /* MainTabBarController.swift */,
			);
			path = Home;
			sourceTree = "<group>";
		};
		FF5AC10C250CFA2300C780A6 /* Detail */ = {
			isa = PBXGroup;
			children = (
				FF92EE66251C3813006B8E48 /* CardInfos */,
				FF08C6C2250723270007F26F /* SeriesOnAirViewController.xib */,
				FF96D59E2437BE88006CF3C7 /* DatailSeriesViewController.xib */,
				FF271613252FD87600370ED1 /* DetailViewController.storyboard */,
			);
			path = Detail;
			sourceTree = "<group>";
		};
		FF5AC111250D007200C780A6 /* Custom Views */ = {
			isa = PBXGroup;
			children = (
				FF5AC10D250CFA8800C780A6 /* PopularCollectionViewCell.swift */,
				FF5AC10E250CFA8800C780A6 /* PopularCollectionViewCell.xib */,
				FF5AC116250D2DE400C780A6 /* OnTheAirCollectionViewCell.swift */,
				FF5AC117250D2DE400C780A6 /* OnTheAirCollectionViewCell.xib */,
				FFA8EA1F252046EC00FA6117 /* DiscoverCollectionViewCell.swift */,
				FFA8EA20252046EC00FA6117 /* DiscoverCollectionViewCell.xib */,
				FFA8EA2325215B4000FA6117 /* DiscoverCollectViewCell.swift */,
			);
			path = "Custom Views";
			sourceTree = "<group>";
		};
		FF5AC11A250D90B000C780A6 /* Trailer */ = {
			isa = PBXGroup;
			children = (
				FF5AC11B250D90F500C780A6 /* TrailerViewController.swift */,
				FF5AC11C250D90F500C780A6 /* TrailerViewController.xib */,
			);
			path = Trailer;
			sourceTree = "<group>";
		};
		FF92EE66251C3813006B8E48 /* CardInfos */ = {
			isa = PBXGroup;
			children = (
				FF92EE67251C3843006B8E48 /* Custom Views */,
				FF7B6A6C2517052100DEBA7E /* OverlayViewController.swift */,
				FF7B6A6D2517052100DEBA7E /* OverlayViewController.xib */,
			);
			path = CardInfos;
			sourceTree = "<group>";
		};
		FF92EE67251C3843006B8E48 /* Custom Views */ = {
			isa = PBXGroup;
			children = (
				FF92EE68251C38A5006B8E48 /* WereWatchCollectionViewCell.swift */,
				FF92EE69251C38A5006B8E48 /* WereWatchCollectionViewCell.xib */,
			);
			path = "Custom Views";
			sourceTree = "<group>";
		};
		FF95B20D242ED04300C5FF83 = {
			isa = PBXGroup;
			children = (
				FF95B218242ED04300C5FF83 /* ToDoMovie&Series */,
				FF95B217242ED04300C5FF83 /* Products */,
			);
			sourceTree = "<group>";
		};
		FF95B217242ED04300C5FF83 /* Products */ = {
			isa = PBXGroup;
			children = (
				FF95B216242ED04300C5FF83 /* ToDoMovie&Series.app */,
			);
			name = Products;
			sourceTree = "<group>";
		};
		FF95B218242ED04300C5FF83 /* ToDoMovie&Series */ = {
			isa = PBXGroup;
			children = (
				FF0D460A252018DD0069A74A /* Coordinators */,
				FF11689C25070A1000F30652 /* Utils */,
				FF1168992506FE9500F30652 /* Helpers */,
				FFC4702924D4BCD40046877B /* Service */,
				FF95B23B2431562F00C5FF83 /* Models */,
				FF95B238243155ED00C5FF83 /* Views */,
				FF1168962506E28800F30652 /* ViewModels */,
				FF95B2392431560A00C5FF83 /* Controllers */,
				FF95B219242ED04300C5FF83 /* AppDelegate.swift */,
				FF95B21B242ED04300C5FF83 /* SceneDelegate.swift */,
				FF95B225242ED05000C5FF83 /* Assets.xcassets */,
				FF95B22A242ED05000C5FF83 /* Info.plist */,
				FF95B222242ED04300C5FF83 /* ToDoMovie_Series.xcdatamodeld */,
			);
			path = "ToDoMovie&Series";
			sourceTree = "<group>";
		};
		FF95B238243155ED00C5FF83 /* Views */ = {
			isa = PBXGroup;
			children = (
				FF5AC11A250D90B000C780A6 /* Trailer */,
				FF5AC10B250CF9F100C780A6 /* Home */,
				FF5AC10C250CFA2300C780A6 /* Detail */,
				FF5AC111250D007200C780A6 /* Custom Views */,
			);
			path = Views;
			sourceTree = "<group>";
		};
		FF95B2392431560A00C5FF83 /* Controllers */ = {
			isa = PBXGroup;
			children = (
				FF80D589250EDC6400A15326 /* HomeSeriesViewController.swift */,
				FF6CDB9C253532FA002DC3B7 /* DetailViewController.swift */,
				FF80D585250EDC5500A15326 /* DetailSeriesOnAirViewController.swift */,
				FF95B230242ED2A900C5FF83 /* MoviesTableViewController.swift */,
				FF95B234242ED2FA00C5FF83 /* MovieViewController.swift */,
				FFC806822432E10C00402878 /* MovieTableViewCell.swift */,
				FF271615252FE1EE00370ED1 /* DetailMoviesViewController.swift */,
			);
			path = Controllers;
			sourceTree = "<group>";
		};
		FF95B23B2431562F00C5FF83 /* Models */ = {
			isa = PBXGroup;
			children = (
				FF95B23C2431565D00C5FF83 /* Movie.swift */,
				FF0D4608252013230069A74A /* DiscoverMovies.swift */,
				FF1F8371243A8EFD00886A67 /* TopRatedSeries.swift */,
				FF96D59C2436913D006CF3C7 /* PopularSeries.swift */,
				FF11689F250710C500F30652 /* SeriesOnAir.swift */,
				FF5AC11F250D96C700C780A6 /* Videos.swift */,
				FF7B6A732518225800DEBA7E /* DetailsSeries.swift */,
			);
			path = Models;
			sourceTree = "<group>";
		};
		FFC4702924D4BCD40046877B /* Service */ = {
			isa = PBXGroup;
			children = (
				FF95B23E2431582D00C5FF83 /* RequestAPI.swift */,
			);
			path = Service;
			sourceTree = "<group>";
		};
/* End PBXGroup section */

/* Begin PBXNativeTarget section */
		FF95B215242ED04300C5FF83 /* ToDoMovie&Series */ = {
			isa = PBXNativeTarget;
			buildConfigurationList = FF95B22D242ED05000C5FF83 /* Build configuration list for PBXNativeTarget "ToDoMovie&Series" */;
			buildPhases = (
				FF95B212242ED04300C5FF83 /* Sources */,
				FF95B213242ED04300C5FF83 /* Frameworks */,
				FF95B214242ED04300C5FF83 /* Resources */,
				FFB64F20251D6C1400E5C2EA /* Embed Frameworks */,
			);
			buildRules = (
			);
			dependencies = (
			);
			name = "ToDoMovie&Series";
			packageProductDependencies = (
				FF26C65B251D6EC700C177AE /* Kingfisher */,
				FF26C65D251D6EC700C177AE /* KingfisherSwiftUI */,
			);
			productName = "ToDoMovie&Series";
			productReference = FF95B216242ED04300C5FF83 /* ToDoMovie&Series.app */;
			productType = "com.apple.product-type.application";
		};
/* End PBXNativeTarget section */

/* Begin PBXProject section */
		FF95B20E242ED04300C5FF83 /* Project object */ = {
			isa = PBXProject;
			attributes = {
				LastSwiftUpdateCheck = 1140;
				LastUpgradeCheck = 1200;
				ORGANIZATIONNAME = "Danilo Requena";
				TargetAttributes = {
					FF95B215242ED04300C5FF83 = {
						CreatedOnToolsVersion = 11.4;
					};
				};
			};
			buildConfigurationList = FF95B211242ED04300C5FF83 /* Build configuration list for PBXProject "ToDoMovie&Series" */;
			compatibilityVersion = "Xcode 9.3";
			developmentRegion = en;
			hasScannedForEncodings = 0;
			knownRegions = (
				en,
				Base,
			);
			mainGroup = FF95B20D242ED04300C5FF83;
			packageReferences = (
				FF26C65A251D6EC700C177AE /* XCRemoteSwiftPackageReference "Kingfisher" */,
			);
			productRefGroup = FF95B217242ED04300C5FF83 /* Products */;
			projectDirPath = "";
			projectRoot = "";
			targets = (
				FF95B215242ED04300C5FF83 /* ToDoMovie&Series */,
			);
		};
/* End PBXProject section */

/* Begin PBXResourcesBuildPhase section */
		FF95B214242ED04300C5FF83 /* Resources */ = {
			isa = PBXResourcesBuildPhase;
			buildActionMask = 2147483647;
			files = (
				FF95B229242ED05000C5FF83 /* LaunchScreen.storyboard in Resources */,
				FF92EE6B251C38A5006B8E48 /* WereWatchCollectionViewCell.xib in Resources */,
				FF95B226242ED05000C5FF83 /* Assets.xcassets in Resources */,
				FF0D4601252009300069A74A /* Discover.storyboard in Resources */,
				FF5AC119250D2DE400C780A6 /* OnTheAirCollectionViewCell.xib in Resources */,
				FF271614252FD87600370ED1 /* DetailViewController.storyboard in Resources */,
				FFA8EA1E2520414A00FA6117 /* DiscoverMoviesViewController.xib in Resources */,
				FF95B221242ED04300C5FF83 /* Main.storyboard in Resources */,
				FF5AC11E250D90F500C780A6 /* TrailerViewController.xib in Resources */,
				FF08C6C4250723270007F26F /* SeriesOnAirViewController.xib in Resources */,
				FF7B6A6F2517052100DEBA7E /* OverlayViewController.xib in Resources */,
				FFA8EA22252046EC00FA6117 /* DiscoverCollectionViewCell.xib in Resources */,
				FF5AC110250CFA8800C780A6 /* PopularCollectionViewCell.xib in Resources */,
				FF1F836A2438E41300886A67 /* DatailSeriesViewController.xib in Resources */,
			);
			runOnlyForDeploymentPostprocessing = 0;
		};
/* End PBXResourcesBuildPhase section */

/* Begin PBXSourcesBuildPhase section */
		FF95B212242ED04300C5FF83 /* Sources */ = {
			isa = PBXSourcesBuildPhase;
			buildActionMask = 2147483647;
			files = (
				FF5AC118250D2DE400C780A6 /* OnTheAirCollectionViewCell.swift in Sources */,
				FF0D4609252013230069A74A /* DiscoverMovies.swift in Sources */,
				FF1168A0250710C500F30652 /* SeriesOnAir.swift in Sources */,
				FF271612252FD78200370ED1 /* DetailCoordinator.swift in Sources */,
				FFA8EA21252046EC00FA6117 /* DiscoverCollectionViewCell.swift in Sources */,
				FF92EE6E251C3D86006B8E48 /* OverlayViewModel.swift in Sources */,
				FF80D58A250EDC6400A15326 /* HomeSeriesViewController.swift in Sources */,
				FF271616252FE1EE00370ED1 /* DetailMoviesViewController.swift in Sources */,
				FF5AC11D250D90F500C780A6 /* TrailerViewController.swift in Sources */,
				FF11689E25070A2200F30652 /* Constants.swift in Sources */,
				FF3B31BF252FE87B00C86820 /* CardInfos+Helper.swift in Sources */,
				FF95B23D2431565D00C5FF83 /* Movie.swift in Sources */,
				FF11689B2506FEB200F30652 /* UIView+Extension.swift in Sources */,
				FF95B23F2431582D00C5FF83 /* RequestAPI.swift in Sources */,
				FF08C6CB250B29920007F26F /* UIViewController+Extension.swift in Sources */,
				FF1168982506E2A500F30652 /* MainViewModel.swift in Sources */,
				FF95B235242ED2FA00C5FF83 /* MovieViewController.swift in Sources */,
				FF1F8372243A8EFE00886A67 /* TopRatedSeries.swift in Sources */,
				FFDC28EE253553F0003B58B5 /* MainTabBarController.swift in Sources */,
				FF95B224242ED04300C5FF83 /* ToDoMovie_Series.xcdatamodeld in Sources */,
				FFB64F0A251D413200E5C2EA /* UIImage+Extension.swift in Sources */,
				FF0D460C252019060069A74A /* Coordinator.swift in Sources */,
				FF96D59D2436913D006CF3C7 /* PopularSeries.swift in Sources */,
				FF7B6A6E2517052100DEBA7E /* OverlayViewController.swift in Sources */,
				FF0D460325200B7F0069A74A /* DiscoverViewController.swift in Sources */,
				FF95B21A242ED04300C5FF83 /* AppDelegate.swift in Sources */,
				FFA8EA28252185C400FA6117 /* UICollectionView+Helper.swift in Sources */,
				FFA8EA1D2520414A00FA6117 /* DiscoverMoviesViewController.swift in Sources */,
				FF6CDB9D253532FA002DC3B7 /* DetailViewController.swift in Sources */,
				FFDC28F225369DA0003B58B5 /* SeriesCoordinator.swift in Sources */,
				FF95B231242ED2A900C5FF83 /* MoviesTableViewController.swift in Sources */,
				FF95B21C242ED04300C5FF83 /* SceneDelegate.swift in Sources */,
				FF0D4614252035EC0069A74A /* MainCoordinator.swift in Sources */,
				FF92EE6A251C38A5006B8E48 /* WereWatchCollectionViewCell.swift in Sources */,
				FFCC7EE925100D6B00994F11 /* TrailerViewModel.swift in Sources */,
				FF0D46122520345B0069A74A /* Storyboarded.swift in Sources */,
				FF5AC10F250CFA8800C780A6 /* PopularCollectionViewCell.swift in Sources */,
				FFC806842432E10C00402878 /* MovieTableViewCell.swift in Sources */,
				FF80D587250EDC5500A15326 /* DetailSeriesOnAirViewController.swift in Sources */,
				FF6CDB9B25351DAC002DC3B7 /* DetailViewModel.swift in Sources */,
				FF0D460725200CF40069A74A /* DiscoverViewModel.swift in Sources */,
				FF5AC120250D96C700C780A6 /* Videos.swift in Sources */,
				FFA8EA2425215B4000FA6117 /* DiscoverCollectViewCell.swift in Sources */,
				FF7B6A742518225800DEBA7E /* DetailsSeries.swift in Sources */,
			);
			runOnlyForDeploymentPostprocessing = 0;
		};
/* End PBXSourcesBuildPhase section */

/* Begin PBXVariantGroup section */
		FF95B21F242ED04300C5FF83 /* Main.storyboard */ = {
			isa = PBXVariantGroup;
			children = (
				FF95B220242ED04300C5FF83 /* Base */,
			);
			name = Main.storyboard;
			sourceTree = "<group>";
		};
		FF95B227242ED05000C5FF83 /* LaunchScreen.storyboard */ = {
			isa = PBXVariantGroup;
			children = (
				FF95B228242ED05000C5FF83 /* Base */,
			);
			name = LaunchScreen.storyboard;
			sourceTree = "<group>";
		};
/* End PBXVariantGroup section */

/* Begin XCBuildConfiguration section */
		FF95B22B242ED05000C5FF83 /* Debug */ = {
			isa = XCBuildConfiguration;
			buildSettings = {
				ALWAYS_SEARCH_USER_PATHS = NO;
				CLANG_ANALYZER_NONNULL = YES;
				CLANG_ANALYZER_NUMBER_OBJECT_CONVERSION = YES_AGGRESSIVE;
				CLANG_CXX_LANGUAGE_STANDARD = "gnu++14";
				CLANG_CXX_LIBRARY = "libc++";
				CLANG_ENABLE_MODULES = YES;
				CLANG_ENABLE_OBJC_ARC = YES;
				CLANG_ENABLE_OBJC_WEAK = YES;
				CLANG_WARN_BLOCK_CAPTURE_AUTORELEASING = YES;
				CLANG_WARN_BOOL_CONVERSION = YES;
				CLANG_WARN_COMMA = YES;
				CLANG_WARN_CONSTANT_CONVERSION = YES;
				CLANG_WARN_DEPRECATED_OBJC_IMPLEMENTATIONS = YES;
				CLANG_WARN_DIRECT_OBJC_ISA_USAGE = YES_ERROR;
				CLANG_WARN_DOCUMENTATION_COMMENTS = YES;
				CLANG_WARN_EMPTY_BODY = YES;
				CLANG_WARN_ENUM_CONVERSION = YES;
				CLANG_WARN_INFINITE_RECURSION = YES;
				CLANG_WARN_INT_CONVERSION = YES;
				CLANG_WARN_NON_LITERAL_NULL_CONVERSION = YES;
				CLANG_WARN_OBJC_IMPLICIT_RETAIN_SELF = YES;
				CLANG_WARN_OBJC_LITERAL_CONVERSION = YES;
				CLANG_WARN_OBJC_ROOT_CLASS = YES_ERROR;
				CLANG_WARN_QUOTED_INCLUDE_IN_FRAMEWORK_HEADER = YES;
				CLANG_WARN_RANGE_LOOP_ANALYSIS = YES;
				CLANG_WARN_STRICT_PROTOTYPES = YES;
				CLANG_WARN_SUSPICIOUS_MOVE = YES;
				CLANG_WARN_UNGUARDED_AVAILABILITY = YES_AGGRESSIVE;
				CLANG_WARN_UNREACHABLE_CODE = YES;
				CLANG_WARN__DUPLICATE_METHOD_MATCH = YES;
				COPY_PHASE_STRIP = NO;
				DEBUG_INFORMATION_FORMAT = dwarf;
				ENABLE_STRICT_OBJC_MSGSEND = YES;
				ENABLE_TESTABILITY = YES;
				GCC_C_LANGUAGE_STANDARD = gnu11;
				GCC_DYNAMIC_NO_PIC = NO;
				GCC_NO_COMMON_BLOCKS = YES;
				GCC_OPTIMIZATION_LEVEL = 0;
				GCC_PREPROCESSOR_DEFINITIONS = (
					"DEBUG=1",
					"$(inherited)",
				);
				GCC_WARN_64_TO_32_BIT_CONVERSION = YES;
				GCC_WARN_ABOUT_RETURN_TYPE = YES_ERROR;
				GCC_WARN_UNDECLARED_SELECTOR = YES;
				GCC_WARN_UNINITIALIZED_AUTOS = YES_AGGRESSIVE;
				GCC_WARN_UNUSED_FUNCTION = YES;
				GCC_WARN_UNUSED_VARIABLE = YES;
				IPHONEOS_DEPLOYMENT_TARGET = 14.0;
				MTL_ENABLE_DEBUG_INFO = INCLUDE_SOURCE;
				MTL_FAST_MATH = YES;
				ONLY_ACTIVE_ARCH = YES;
				SDKROOT = iphoneos;
				SWIFT_ACTIVE_COMPILATION_CONDITIONS = DEBUG;
				SWIFT_OPTIMIZATION_LEVEL = "-Onone";
			};
			name = Debug;
		};
		FF95B22C242ED05000C5FF83 /* Release */ = {
			isa = XCBuildConfiguration;
			buildSettings = {
				ALWAYS_SEARCH_USER_PATHS = NO;
				CLANG_ANALYZER_NONNULL = YES;
				CLANG_ANALYZER_NUMBER_OBJECT_CONVERSION = YES_AGGRESSIVE;
				CLANG_CXX_LANGUAGE_STANDARD = "gnu++14";
				CLANG_CXX_LIBRARY = "libc++";
				CLANG_ENABLE_MODULES = YES;
				CLANG_ENABLE_OBJC_ARC = YES;
				CLANG_ENABLE_OBJC_WEAK = YES;
				CLANG_WARN_BLOCK_CAPTURE_AUTORELEASING = YES;
				CLANG_WARN_BOOL_CONVERSION = YES;
				CLANG_WARN_COMMA = YES;
				CLANG_WARN_CONSTANT_CONVERSION = YES;
				CLANG_WARN_DEPRECATED_OBJC_IMPLEMENTATIONS = YES;
				CLANG_WARN_DIRECT_OBJC_ISA_USAGE = YES_ERROR;
				CLANG_WARN_DOCUMENTATION_COMMENTS = YES;
				CLANG_WARN_EMPTY_BODY = YES;
				CLANG_WARN_ENUM_CONVERSION = YES;
				CLANG_WARN_INFINITE_RECURSION = YES;
				CLANG_WARN_INT_CONVERSION = YES;
				CLANG_WARN_NON_LITERAL_NULL_CONVERSION = YES;
				CLANG_WARN_OBJC_IMPLICIT_RETAIN_SELF = YES;
				CLANG_WARN_OBJC_LITERAL_CONVERSION = YES;
				CLANG_WARN_OBJC_ROOT_CLASS = YES_ERROR;
				CLANG_WARN_QUOTED_INCLUDE_IN_FRAMEWORK_HEADER = YES;
				CLANG_WARN_RANGE_LOOP_ANALYSIS = YES;
				CLANG_WARN_STRICT_PROTOTYPES = YES;
				CLANG_WARN_SUSPICIOUS_MOVE = YES;
				CLANG_WARN_UNGUARDED_AVAILABILITY = YES_AGGRESSIVE;
				CLANG_WARN_UNREACHABLE_CODE = YES;
				CLANG_WARN__DUPLICATE_METHOD_MATCH = YES;
				COPY_PHASE_STRIP = NO;
				DEBUG_INFORMATION_FORMAT = "dwarf-with-dsym";
				ENABLE_NS_ASSERTIONS = NO;
				ENABLE_STRICT_OBJC_MSGSEND = YES;
				GCC_C_LANGUAGE_STANDARD = gnu11;
				GCC_NO_COMMON_BLOCKS = YES;
				GCC_WARN_64_TO_32_BIT_CONVERSION = YES;
				GCC_WARN_ABOUT_RETURN_TYPE = YES_ERROR;
				GCC_WARN_UNDECLARED_SELECTOR = YES;
				GCC_WARN_UNINITIALIZED_AUTOS = YES_AGGRESSIVE;
				GCC_WARN_UNUSED_FUNCTION = YES;
				GCC_WARN_UNUSED_VARIABLE = YES;
				IPHONEOS_DEPLOYMENT_TARGET = 14.0;
				MTL_ENABLE_DEBUG_INFO = NO;
				MTL_FAST_MATH = YES;
				SDKROOT = iphoneos;
				SWIFT_COMPILATION_MODE = wholemodule;
				SWIFT_OPTIMIZATION_LEVEL = "-O";
				VALIDATE_PRODUCT = YES;
			};
			name = Release;
		};
		FF95B22E242ED05000C5FF83 /* Debug */ = {
			isa = XCBuildConfiguration;
			buildSettings = {
				ASSETCATALOG_COMPILER_APPICON_NAME = AppIcon;
				CODE_SIGN_STYLE = Automatic;
				DEVELOPMENT_TEAM = SM9KCJGMUP;
				INFOPLIST_FILE = "ToDoMovie&Series/Info.plist";
				IPHONEOS_DEPLOYMENT_TARGET = 14.0;
				LD_RUNPATH_SEARCH_PATHS = (
					"$(inherited)",
					"@executable_path/Frameworks",
				);
				PRODUCT_BUNDLE_IDENTIFIER = "com.dobigaster.ToDoMovie-Series";
				PRODUCT_NAME = "$(TARGET_NAME)";
				SWIFT_VERSION = 5.0;
				TARGETED_DEVICE_FAMILY = "1,2";
			};
			name = Debug;
		};
		FF95B22F242ED05000C5FF83 /* Release */ = {
			isa = XCBuildConfiguration;
			buildSettings = {
				ASSETCATALOG_COMPILER_APPICON_NAME = AppIcon;
				CODE_SIGN_STYLE = Automatic;
				DEVELOPMENT_TEAM = SM9KCJGMUP;
				INFOPLIST_FILE = "ToDoMovie&Series/Info.plist";
				IPHONEOS_DEPLOYMENT_TARGET = 14.0;
				LD_RUNPATH_SEARCH_PATHS = (
					"$(inherited)",
					"@executable_path/Frameworks",
				);
				PRODUCT_BUNDLE_IDENTIFIER = "com.dobigaster.ToDoMovie-Series";
				PRODUCT_NAME = "$(TARGET_NAME)";
				SWIFT_VERSION = 5.0;
				TARGETED_DEVICE_FAMILY = "1,2";
			};
			name = Release;
		};
/* End XCBuildConfiguration section */

/* Begin XCConfigurationList section */
		FF95B211242ED04300C5FF83 /* Build configuration list for PBXProject "ToDoMovie&Series" */ = {
			isa = XCConfigurationList;
			buildConfigurations = (
				FF95B22B242ED05000C5FF83 /* Debug */,
				FF95B22C242ED05000C5FF83 /* Release */,
			);
			defaultConfigurationIsVisible = 0;
			defaultConfigurationName = Release;
		};
		FF95B22D242ED05000C5FF83 /* Build configuration list for PBXNativeTarget "ToDoMovie&Series" */ = {
			isa = XCConfigurationList;
			buildConfigurations = (
				FF95B22E242ED05000C5FF83 /* Debug */,
				FF95B22F242ED05000C5FF83 /* Release */,
			);
			defaultConfigurationIsVisible = 0;
			defaultConfigurationName = Release;
		};
/* End XCConfigurationList section */

/* Begin XCRemoteSwiftPackageReference section */
		FF26C65A251D6EC700C177AE /* XCRemoteSwiftPackageReference "Kingfisher" */ = {
			isa = XCRemoteSwiftPackageReference;
			repositoryURL = "https://github.com/onevcat/Kingfisher.git";
			requirement = {
				kind = upToNextMajorVersion;
				minimumVersion = 5.15.4;
			};
		};
/* End XCRemoteSwiftPackageReference section */

/* Begin XCSwiftPackageProductDependency section */
		FF26C65B251D6EC700C177AE /* Kingfisher */ = {
			isa = XCSwiftPackageProductDependency;
			package = FF26C65A251D6EC700C177AE /* XCRemoteSwiftPackageReference "Kingfisher" */;
			productName = Kingfisher;
		};
		FF26C65D251D6EC700C177AE /* KingfisherSwiftUI */ = {
			isa = XCSwiftPackageProductDependency;
			package = FF26C65A251D6EC700C177AE /* XCRemoteSwiftPackageReference "Kingfisher" */;
			productName = KingfisherSwiftUI;
		};
/* End XCSwiftPackageProductDependency section */

/* Begin XCVersionGroup section */
		FF95B222242ED04300C5FF83 /* ToDoMovie_Series.xcdatamodeld */ = {
			isa = XCVersionGroup;
			children = (
				FF95B223242ED04300C5FF83 /* ToDoMovie_Series.xcdatamodel */,
			);
			currentVersion = FF95B223242ED04300C5FF83 /* ToDoMovie_Series.xcdatamodel */;
			path = ToDoMovie_Series.xcdatamodeld;
			sourceTree = "<group>";
			versionGroupType = wrapper.xcdatamodel;
		};
/* End XCVersionGroup section */
	};
	rootObject = FF95B20E242ED04300C5FF83 /* Project object */;
}
