// !$*UTF8*$!
{
	archiveVersion = 1;
	classes = {
	};
	objectVersion = 50;
	objects = {

/* Begin PBXBuildFile section */
		FF08C6C4250723270007F26F /* SeriesOnAirViewController.xib in Resources */ = {isa = PBXBuildFile; fileRef = FF08C6C2250723270007F26F /* SeriesOnAirViewController.xib */; };
		FF08C6CB250B29920007F26F /* UIViewController+Extension.swift in Sources */ = {isa = PBXBuildFile; fileRef = FF08C6CA250B29920007F26F /* UIViewController+Extension.swift */; };
		FF1168982506E2A500F30652 /* MainViewModel.swift in Sources */ = {isa = PBXBuildFile; fileRef = FF1168972506E2A500F30652 /* MainViewModel.swift */; };
		FF11689B2506FEB200F30652 /* UIView+Extension.swift in Sources */ = {isa = PBXBuildFile; fileRef = FF11689A2506FEB200F30652 /* UIView+Extension.swift */; };
		FF11689E25070A2200F30652 /* Constants.swift in Sources */ = {isa = PBXBuildFile; fileRef = FF11689D25070A2200F30652 /* Constants.swift */; };
		FF1168A0250710C500F30652 /* SeriesOnAir.swift in Sources */ = {isa = PBXBuildFile; fileRef = FF11689F250710C500F30652 /* SeriesOnAir.swift */; };
		FF1F836A2438E41300886A67 /* DatailSeriesViewController.xib in Resources */ = {isa = PBXBuildFile; fileRef = FF96D59E2437BE88006CF3C7 /* DatailSeriesViewController.xib */; };
		FF1F8372243A8EFE00886A67 /* TopRatedSeries.swift in Sources */ = {isa = PBXBuildFile; fileRef = FF1F8371243A8EFD00886A67 /* TopRatedSeries.swift */; };
		FF5AC10F250CFA8800C780A6 /* PopularCollectionViewCell.swift in Sources */ = {isa = PBXBuildFile; fileRef = FF5AC10D250CFA8800C780A6 /* PopularCollectionViewCell.swift */; };
		FF5AC110250CFA8800C780A6 /* PopularCollectionViewCell.xib in Resources */ = {isa = PBXBuildFile; fileRef = FF5AC10E250CFA8800C780A6 /* PopularCollectionViewCell.xib */; };
		FF5AC118250D2DE400C780A6 /* OnTheAirCollectionViewCell.swift in Sources */ = {isa = PBXBuildFile; fileRef = FF5AC116250D2DE400C780A6 /* OnTheAirCollectionViewCell.swift */; };
		FF5AC119250D2DE400C780A6 /* OnTheAirCollectionViewCell.xib in Resources */ = {isa = PBXBuildFile; fileRef = FF5AC117250D2DE400C780A6 /* OnTheAirCollectionViewCell.xib */; };
		FF5AC11D250D90F500C780A6 /* TrailerViewController.swift in Sources */ = {isa = PBXBuildFile; fileRef = FF5AC11B250D90F500C780A6 /* TrailerViewController.swift */; };
		FF5AC11E250D90F500C780A6 /* TrailerViewController.xib in Resources */ = {isa = PBXBuildFile; fileRef = FF5AC11C250D90F500C780A6 /* TrailerViewController.xib */; };
		FF5AC120250D96C700C780A6 /* Videos.swift in Sources */ = {isa = PBXBuildFile; fileRef = FF5AC11F250D96C700C780A6 /* Videos.swift */; };
		FF80D587250EDC5500A15326 /* DetailSeriesOnAirViewController.swift in Sources */ = {isa = PBXBuildFile; fileRef = FF80D585250EDC5500A15326 /* DetailSeriesOnAirViewController.swift */; };
		FF80D588250EDC5500A15326 /* DetailPopSeriesViewController.swift in Sources */ = {isa = PBXBuildFile; fileRef = FF80D586250EDC5500A15326 /* DetailPopSeriesViewController.swift */; };
		FF80D58A250EDC6400A15326 /* HomeSeriesViewController.swift in Sources */ = {isa = PBXBuildFile; fileRef = FF80D589250EDC6400A15326 /* HomeSeriesViewController.swift */; };
		FF95B21A242ED04300C5FF83 /* AppDelegate.swift in Sources */ = {isa = PBXBuildFile; fileRef = FF95B219242ED04300C5FF83 /* AppDelegate.swift */; };
		FF95B21C242ED04300C5FF83 /* SceneDelegate.swift in Sources */ = {isa = PBXBuildFile; fileRef = FF95B21B242ED04300C5FF83 /* SceneDelegate.swift */; };
		FF95B221242ED04300C5FF83 /* Main.storyboard in Resources */ = {isa = PBXBuildFile; fileRef = FF95B21F242ED04300C5FF83 /* Main.storyboard */; };
		FF95B224242ED04300C5FF83 /* ToDoMovie_Series.xcdatamodeld in Sources */ = {isa = PBXBuildFile; fileRef = FF95B222242ED04300C5FF83 /* ToDoMovie_Series.xcdatamodeld */; };
		FF95B226242ED05000C5FF83 /* Assets.xcassets in Resources */ = {isa = PBXBuildFile; fileRef = FF95B225242ED05000C5FF83 /* Assets.xcassets */; };
		FF95B229242ED05000C5FF83 /* LaunchScreen.storyboard in Resources */ = {isa = PBXBuildFile; fileRef = FF95B227242ED05000C5FF83 /* LaunchScreen.storyboard */; };
		FF95B231242ED2A900C5FF83 /* MoviesTableViewController.swift in Sources */ = {isa = PBXBuildFile; fileRef = FF95B230242ED2A900C5FF83 /* MoviesTableViewController.swift */; };
		FF95B235242ED2FA00C5FF83 /* MovieViewController.swift in Sources */ = {isa = PBXBuildFile; fileRef = FF95B234242ED2FA00C5FF83 /* MovieViewController.swift */; };
		FF95B23D2431565D00C5FF83 /* Movie.swift in Sources */ = {isa = PBXBuildFile; fileRef = FF95B23C2431565D00C5FF83 /* Movie.swift */; };
		FF95B23F2431582D00C5FF83 /* RequestAPI.swift in Sources */ = {isa = PBXBuildFile; fileRef = FF95B23E2431582D00C5FF83 /* RequestAPI.swift */; };
		FF96D59D2436913D006CF3C7 /* PopularSeries.swift in Sources */ = {isa = PBXBuildFile; fileRef = FF96D59C2436913D006CF3C7 /* PopularSeries.swift */; };
		FFC806842432E10C00402878 /* MovieTableViewCell.swift in Sources */ = {isa = PBXBuildFile; fileRef = FFC806822432E10C00402878 /* MovieTableViewCell.swift */; };
/* End PBXBuildFile section */

/* Begin PBXFileReference section */
		FF08C6C2250723270007F26F /* SeriesOnAirViewController.xib */ = {isa = PBXFileReference; lastKnownFileType = file.xib; name = SeriesOnAirViewController.xib; path = "ToDoMovie&Series/Views/Detail/SeriesOnAirViewController.xib"; sourceTree = SOURCE_ROOT; };
		FF08C6CA250B29920007F26F /* UIViewController+Extension.swift */ = {isa = PBXFileReference; lastKnownFileType = sourcecode.swift; path = "UIViewController+Extension.swift"; sourceTree = "<group>"; };
		FF1168972506E2A500F30652 /* MainViewModel.swift */ = {isa = PBXFileReference; lastKnownFileType = sourcecode.swift; path = MainViewModel.swift; sourceTree = "<group>"; };
		FF11689A2506FEB200F30652 /* UIView+Extension.swift */ = {isa = PBXFileReference; lastKnownFileType = sourcecode.swift; path = "UIView+Extension.swift"; sourceTree = "<group>"; };
		FF11689D25070A2200F30652 /* Constants.swift */ = {isa = PBXFileReference; lastKnownFileType = sourcecode.swift; path = Constants.swift; sourceTree = "<group>"; };
		FF11689F250710C500F30652 /* SeriesOnAir.swift */ = {isa = PBXFileReference; lastKnownFileType = sourcecode.swift; path = SeriesOnAir.swift; sourceTree = "<group>"; };
		FF1F8371243A8EFD00886A67 /* TopRatedSeries.swift */ = {isa = PBXFileReference; lastKnownFileType = sourcecode.swift; path = TopRatedSeries.swift; sourceTree = "<group>"; };
		FF5AC10D250CFA8800C780A6 /* PopularCollectionViewCell.swift */ = {isa = PBXFileReference; lastKnownFileType = sourcecode.swift; path = PopularCollectionViewCell.swift; sourceTree = "<group>"; };
		FF5AC10E250CFA8800C780A6 /* PopularCollectionViewCell.xib */ = {isa = PBXFileReference; lastKnownFileType = file.xib; path = PopularCollectionViewCell.xib; sourceTree = "<group>"; };
		FF5AC116250D2DE400C780A6 /* OnTheAirCollectionViewCell.swift */ = {isa = PBXFileReference; lastKnownFileType = sourcecode.swift; path = OnTheAirCollectionViewCell.swift; sourceTree = "<group>"; };
		FF5AC117250D2DE400C780A6 /* OnTheAirCollectionViewCell.xib */ = {isa = PBXFileReference; lastKnownFileType = file.xib; path = OnTheAirCollectionViewCell.xib; sourceTree = "<group>"; };
		FF5AC11B250D90F500C780A6 /* TrailerViewController.swift */ = {isa = PBXFileReference; lastKnownFileType = sourcecode.swift; path = TrailerViewController.swift; sourceTree = "<group>"; };
		FF5AC11C250D90F500C780A6 /* TrailerViewController.xib */ = {isa = PBXFileReference; lastKnownFileType = file.xib; path = TrailerViewController.xib; sourceTree = "<group>"; };
		FF5AC11F250D96C700C780A6 /* Videos.swift */ = {isa = PBXFileReference; lastKnownFileType = sourcecode.swift; path = Videos.swift; sourceTree = "<group>"; };
		FF80D585250EDC5500A15326 /* DetailSeriesOnAirViewController.swift */ = {isa = PBXFileReference; fileEncoding = 4; lastKnownFileType = sourcecode.swift; name = DetailSeriesOnAirViewController.swift; path = Details/DetailSeriesOnAirViewController.swift; sourceTree = "<group>"; };
		FF80D586250EDC5500A15326 /* DetailPopSeriesViewController.swift */ = {isa = PBXFileReference; fileEncoding = 4; lastKnownFileType = sourcecode.swift; name = DetailPopSeriesViewController.swift; path = Details/DetailPopSeriesViewController.swift; sourceTree = "<group>"; };
		FF80D589250EDC6400A15326 /* HomeSeriesViewController.swift */ = {isa = PBXFileReference; fileEncoding = 4; lastKnownFileType = sourcecode.swift; name = HomeSeriesViewController.swift; path = Home/HomeSeriesViewController.swift; sourceTree = "<group>"; };
		FF95B216242ED04300C5FF83 /* ToDoMovie&Series.app */ = {isa = PBXFileReference; explicitFileType = wrapper.application; includeInIndex = 0; path = "ToDoMovie&Series.app"; sourceTree = BUILT_PRODUCTS_DIR; };
		FF95B219242ED04300C5FF83 /* AppDelegate.swift */ = {isa = PBXFileReference; lastKnownFileType = sourcecode.swift; path = AppDelegate.swift; sourceTree = "<group>"; };
		FF95B21B242ED04300C5FF83 /* SceneDelegate.swift */ = {isa = PBXFileReference; lastKnownFileType = sourcecode.swift; path = SceneDelegate.swift; sourceTree = "<group>"; };
		FF95B220242ED04300C5FF83 /* Base */ = {isa = PBXFileReference; lastKnownFileType = file.storyboard; name = Base; path = Base.lproj/Main.storyboard; sourceTree = "<group>"; };
		FF95B223242ED04300C5FF83 /* ToDoMovie_Series.xcdatamodel */ = {isa = PBXFileReference; lastKnownFileType = wrapper.xcdatamodel; path = ToDoMovie_Series.xcdatamodel; sourceTree = "<group>"; };
		FF95B225242ED05000C5FF83 /* Assets.xcassets */ = {isa = PBXFileReference; lastKnownFileType = folder.assetcatalog; path = Assets.xcassets; sourceTree = "<group>"; };
		FF95B228242ED05000C5FF83 /* Base */ = {isa = PBXFileReference; lastKnownFileType = file.storyboard; name = Base; path = Base.lproj/LaunchScreen.storyboard; sourceTree = "<group>"; };
		FF95B22A242ED05000C5FF83 /* Info.plist */ = {isa = PBXFileReference; lastKnownFileType = text.plist.xml; path = Info.plist; sourceTree = "<group>"; };
		FF95B230242ED2A900C5FF83 /* MoviesTableViewController.swift */ = {isa = PBXFileReference; lastKnownFileType = sourcecode.swift; path = MoviesTableViewController.swift; sourceTree = "<group>"; };
		FF95B234242ED2FA00C5FF83 /* MovieViewController.swift */ = {isa = PBXFileReference; lastKnownFileType = sourcecode.swift; path = MovieViewController.swift; sourceTree = "<group>"; };
		FF95B23C2431565D00C5FF83 /* Movie.swift */ = {isa = PBXFileReference; lastKnownFileType = sourcecode.swift; path = Movie.swift; sourceTree = "<group>"; };
		FF95B23E2431582D00C5FF83 /* RequestAPI.swift */ = {isa = PBXFileReference; lastKnownFileType = sourcecode.swift; path = RequestAPI.swift; sourceTree = "<group>"; };
		FF96D59C2436913D006CF3C7 /* PopularSeries.swift */ = {isa = PBXFileReference; lastKnownFileType = sourcecode.swift; path = PopularSeries.swift; sourceTree = "<group>"; };
		FF96D59E2437BE88006CF3C7 /* DatailSeriesViewController.xib */ = {isa = PBXFileReference; lastKnownFileType = file.xib; path = DatailSeriesViewController.xib; sourceTree = "<group>"; };
		FFC806822432E10C00402878 /* MovieTableViewCell.swift */ = {isa = PBXFileReference; lastKnownFileType = sourcecode.swift; path = MovieTableViewCell.swift; sourceTree = "<group>"; };
/* End PBXFileReference section */

/* Begin PBXFrameworksBuildPhase section */
		FF95B213242ED04300C5FF83 /* Frameworks */ = {
			isa = PBXFrameworksBuildPhase;
			buildActionMask = 2147483647;
			files = (
			);
			runOnlyForDeploymentPostprocessing = 0;
		};
/* End PBXFrameworksBuildPhase section */

/* Begin PBXGroup section */
		FF1168962506E28800F30652 /* ViewModels */ = {
			isa = PBXGroup;
			children = (
				FF1168972506E2A500F30652 /* MainViewModel.swift */,
			);
			path = ViewModels;
			sourceTree = "<group>";
		};
		FF1168992506FE9500F30652 /* Helpers */ = {
			isa = PBXGroup;
			children = (
				FF11689A2506FEB200F30652 /* UIView+Extension.swift */,
				FF08C6CA250B29920007F26F /* UIViewController+Extension.swift */,
			);
			path = Helpers;
			sourceTree = "<group>";
		};
		FF11689C25070A1000F30652 /* Utils */ = {
			isa = PBXGroup;
			children = (
				FF11689D25070A2200F30652 /* Constants.swift */,
			);
			path = Utils;
			sourceTree = "<group>";
		};
		FF5AC10B250CF9F100C780A6 /* Home */ = {
			isa = PBXGroup;
			children = (
				FF95B21F242ED04300C5FF83 /* Main.storyboard */,
				FF95B227242ED05000C5FF83 /* LaunchScreen.storyboard */,
			);
			path = Home;
			sourceTree = "<group>";
		};
		FF5AC10C250CFA2300C780A6 /* Detail */ = {
			isa = PBXGroup;
			children = (
				FF08C6C2250723270007F26F /* SeriesOnAirViewController.xib */,
				FF96D59E2437BE88006CF3C7 /* DatailSeriesViewController.xib */,
			);
			path = Detail;
			sourceTree = "<group>";
		};
		FF5AC111250D007200C780A6 /* Custom Cells */ = {
			isa = PBXGroup;
			children = (
				FF5AC10D250CFA8800C780A6 /* PopularCollectionViewCell.swift */,
				FF5AC10E250CFA8800C780A6 /* PopularCollectionViewCell.xib */,
				FF5AC116250D2DE400C780A6 /* OnTheAirCollectionViewCell.swift */,
				FF5AC117250D2DE400C780A6 /* OnTheAirCollectionViewCell.xib */,
			);
			path = "Custom Cells";
			sourceTree = "<group>";
		};
		FF5AC11A250D90B000C780A6 /* Trailer */ = {
			isa = PBXGroup;
			children = (
				FF5AC11B250D90F500C780A6 /* TrailerViewController.swift */,
				FF5AC11C250D90F500C780A6 /* TrailerViewController.xib */,
			);
			path = Trailer;
			sourceTree = "<group>";
		};
		FF95B20D242ED04300C5FF83 = {
			isa = PBXGroup;
			children = (
				FF95B218242ED04300C5FF83 /* ToDoMovie&Series */,
				FF95B217242ED04300C5FF83 /* Products */,
			);
			sourceTree = "<group>";
		};
		FF95B217242ED04300C5FF83 /* Products */ = {
			isa = PBXGroup;
			children = (
				FF95B216242ED04300C5FF83 /* ToDoMovie&Series.app */,
			);
			name = Products;
			sourceTree = "<group>";
		};
		FF95B218242ED04300C5FF83 /* ToDoMovie&Series */ = {
			isa = PBXGroup;
			children = (
				FF11689C25070A1000F30652 /* Utils */,
				FF1168992506FE9500F30652 /* Helpers */,
				FFC4702924D4BCD40046877B /* Service */,
				FF95B23B2431562F00C5FF83 /* Models */,
				FF95B238243155ED00C5FF83 /* Views */,
				FF1168962506E28800F30652 /* ViewModels */,
				FF95B2392431560A00C5FF83 /* Controllers */,
				FF95B219242ED04300C5FF83 /* AppDelegate.swift */,
				FF95B21B242ED04300C5FF83 /* SceneDelegate.swift */,
				FF95B225242ED05000C5FF83 /* Assets.xcassets */,
				FF95B22A242ED05000C5FF83 /* Info.plist */,
				FF95B222242ED04300C5FF83 /* ToDoMovie_Series.xcdatamodeld */,
			);
			path = "ToDoMovie&Series";
			sourceTree = "<group>";
		};
		FF95B238243155ED00C5FF83 /* Views */ = {
			isa = PBXGroup;
			children = (
				FF5AC11A250D90B000C780A6 /* Trailer */,
				FF5AC10B250CF9F100C780A6 /* Home */,
				FF5AC10C250CFA2300C780A6 /* Detail */,
				FF5AC111250D007200C780A6 /* Custom Cells */,
			);
			path = Views;
			sourceTree = "<group>";
		};
		FF95B2392431560A00C5FF83 /* Controllers */ = {
			isa = PBXGroup;
			children = (
				FF80D589250EDC6400A15326 /* HomeSeriesViewController.swift */,
				FF80D586250EDC5500A15326 /* DetailPopSeriesViewController.swift */,
				FF80D585250EDC5500A15326 /* DetailSeriesOnAirViewController.swift */,
				FF95B230242ED2A900C5FF83 /* MoviesTableViewController.swift */,
				FF95B234242ED2FA00C5FF83 /* MovieViewController.swift */,
				FFC806822432E10C00402878 /* MovieTableViewCell.swift */,
			);
			path = Controllers;
			sourceTree = "<group>";
		};
		FF95B23B2431562F00C5FF83 /* Models */ = {
			isa = PBXGroup;
			children = (
				FF95B23C2431565D00C5FF83 /* Movie.swift */,
				FF1F8371243A8EFD00886A67 /* TopRatedSeries.swift */,
				FF96D59C2436913D006CF3C7 /* PopularSeries.swift */,
				FF11689F250710C500F30652 /* SeriesOnAir.swift */,
				FF5AC11F250D96C700C780A6 /* Videos.swift */,
			);
			path = Models;
			sourceTree = "<group>";
		};
		FFC4702924D4BCD40046877B /* Service */ = {
			isa = PBXGroup;
			children = (
				FF95B23E2431582D00C5FF83 /* RequestAPI.swift */,
			);
			path = Service;
			sourceTree = "<group>";
		};
/* End PBXGroup section */

/* Begin PBXNativeTarget section */
		FF95B215242ED04300C5FF83 /* ToDoMovie&Series */ = {
			isa = PBXNativeTarget;
			buildConfigurationList = FF95B22D242ED05000C5FF83 /* Build configuration list for PBXNativeTarget "ToDoMovie&Series" */;
			buildPhases = (
				FF95B212242ED04300C5FF83 /* Sources */,
				FF95B213242ED04300C5FF83 /* Frameworks */,
				FF95B214242ED04300C5FF83 /* Resources */,
			);
			buildRules = (
			);
			dependencies = (
			);
			name = "ToDoMovie&Series";
			packageProductDependencies = (
			);
			productName = "ToDoMovie&Series";
			productReference = FF95B216242ED04300C5FF83 /* ToDoMovie&Series.app */;
			productType = "com.apple.product-type.application";
		};
/* End PBXNativeTarget section */

/* Begin PBXProject section */
		FF95B20E242ED04300C5FF83 /* Project object */ = {
			isa = PBXProject;
			attributes = {
				LastSwiftUpdateCheck = 1140;
				LastUpgradeCheck = 1140;
				ORGANIZATIONNAME = "Danilo Requena";
				TargetAttributes = {
					FF95B215242ED04300C5FF83 = {
						CreatedOnToolsVersion = 11.4;
					};
				};
			};
			buildConfigurationList = FF95B211242ED04300C5FF83 /* Build configuration list for PBXProject "ToDoMovie&Series" */;
			compatibilityVersion = "Xcode 9.3";
			developmentRegion = en;
			hasScannedForEncodings = 0;
			knownRegions = (
				en,
				Base,
			);
			mainGroup = FF95B20D242ED04300C5FF83;
			packageReferences = (
			);
			productRefGroup = FF95B217242ED04300C5FF83 /* Products */;
			projectDirPath = "";
			projectRoot = "";
			targets = (
				FF95B215242ED04300C5FF83 /* ToDoMovie&Series */,
			);
		};
/* End PBXProject section */

/* Begin PBXResourcesBuildPhase section */
		FF95B214242ED04300C5FF83 /* Resources */ = {
			isa = PBXResourcesBuildPhase;
			buildActionMask = 2147483647;
			files = (
				FF95B229242ED05000C5FF83 /* LaunchScreen.storyboard in Resources */,
				FF95B226242ED05000C5FF83 /* Assets.xcassets in Resources */,
				FF5AC119250D2DE400C780A6 /* OnTheAirCollectionViewCell.xib in Resources */,
				FF95B221242ED04300C5FF83 /* Main.storyboard in Resources */,
				FF5AC11E250D90F500C780A6 /* TrailerViewController.xib in Resources */,
				FF08C6C4250723270007F26F /* SeriesOnAirViewController.xib in Resources */,
				FF5AC110250CFA8800C780A6 /* PopularCollectionViewCell.xib in Resources */,
				FF1F836A2438E41300886A67 /* DatailSeriesViewController.xib in Resources */,
			);
			runOnlyForDeploymentPostprocessing = 0;
		};
/* End PBXResourcesBuildPhase section */

/* Begin PBXSourcesBuildPhase section */
		FF95B212242ED04300C5FF83 /* Sources */ = {
			isa = PBXSourcesBuildPhase;
			buildActionMask = 2147483647;
			files = (
				FF5AC118250D2DE400C780A6 /* OnTheAirCollectionViewCell.swift in Sources */,
				FF1168A0250710C500F30652 /* SeriesOnAir.swift in Sources */,
				FF80D58A250EDC6400A15326 /* HomeSeriesViewController.swift in Sources */,
				FF80D588250EDC5500A15326 /* DetailPopSeriesViewController.swift in Sources */,
				FF5AC11D250D90F500C780A6 /* TrailerViewController.swift in Sources */,
				FF11689E25070A2200F30652 /* Constants.swift in Sources */,
				FF95B23D2431565D00C5FF83 /* Movie.swift in Sources */,
				FF11689B2506FEB200F30652 /* UIView+Extension.swift in Sources */,
				FF95B23F2431582D00C5FF83 /* RequestAPI.swift in Sources */,
				FF08C6CB250B29920007F26F /* UIViewController+Extension.swift in Sources */,
				FF1168982506E2A500F30652 /* MainViewModel.swift in Sources */,
				FF95B235242ED2FA00C5FF83 /* MovieViewController.swift in Sources */,
				FF1F8372243A8EFE00886A67 /* TopRatedSeries.swift in Sources */,
				FF95B224242ED04300C5FF83 /* ToDoMovie_Series.xcdatamodeld in Sources */,
				FF96D59D2436913D006CF3C7 /* PopularSeries.swift in Sources */,
				FF95B21A242ED04300C5FF83 /* AppDelegate.swift in Sources */,
				FF95B231242ED2A900C5FF83 /* MoviesTableViewController.swift in Sources */,
				FF95B21C242ED04300C5FF83 /* SceneDelegate.swift in Sources */,
				FF5AC10F250CFA8800C780A6 /* PopularCollectionViewCell.swift in Sources */,
				FFC806842432E10C00402878 /* MovieTableViewCell.swift in Sources */,
				FF80D587250EDC5500A15326 /* DetailSeriesOnAirViewController.swift in Sources */,
				FF5AC120250D96C700C780A6 /* Videos.swift in Sources */,
			);
			runOnlyForDeploymentPostprocessing = 0;
		};
/* End PBXSourcesBuildPhase section */

/* Begin PBXVariantGroup section */
		FF95B21F242ED04300C5FF83 /* Main.storyboard */ = {
			isa = PBXVariantGroup;
			children = (
				FF95B220242ED04300C5FF83 /* Base */,
			);
			name = Main.storyboard;
			sourceTree = "<group>";
		};
		FF95B227242ED05000C5FF83 /* LaunchScreen.storyboard */ = {
			isa = PBXVariantGroup;
			children = (
				FF95B228242ED05000C5FF83 /* Base */,
			);
			name = LaunchScreen.storyboard;
			sourceTree = "<group>";
		};
/* End PBXVariantGroup section */

/* Begin XCBuildConfiguration section */
		FF95B22B242ED05000C5FF83 /* Debug */ = {
			isa = XCBuildConfiguration;
			buildSettings = {
				ALWAYS_SEARCH_USER_PATHS = NO;
				CLANG_ANALYZER_NONNULL = YES;
				CLANG_ANALYZER_NUMBER_OBJECT_CONVERSION = YES_AGGRESSIVE;
				CLANG_CXX_LANGUAGE_STANDARD = "gnu++14";
				CLANG_CXX_LIBRARY = "libc++";
				CLANG_ENABLE_MODULES = YES;
				CLANG_ENABLE_OBJC_ARC = YES;
				CLANG_ENABLE_OBJC_WEAK = YES;
				CLANG_WARN_BLOCK_CAPTURE_AUTORELEASING = YES;
				CLANG_WARN_BOOL_CONVERSION = YES;
				CLANG_WARN_COMMA = YES;
				CLANG_WARN_CONSTANT_CONVERSION = YES;
				CLANG_WARN_DEPRECATED_OBJC_IMPLEMENTATIONS = YES;
				CLANG_WARN_DIRECT_OBJC_ISA_USAGE = YES_ERROR;
				CLANG_WARN_DOCUMENTATION_COMMENTS = YES;
				CLANG_WARN_EMPTY_BODY = YES;
				CLANG_WARN_ENUM_CONVERSION = YES;
				CLANG_WARN_INFINITE_RECURSION = YES;
				CLANG_WARN_INT_CONVERSION = YES;
				CLANG_WARN_NON_LITERAL_NULL_CONVERSION = YES;
				CLANG_WARN_OBJC_IMPLICIT_RETAIN_SELF = YES;
				CLANG_WARN_OBJC_LITERAL_CONVERSION = YES;
				CLANG_WARN_OBJC_ROOT_CLASS = YES_ERROR;
				CLANG_WARN_RANGE_LOOP_ANALYSIS = YES;
				CLANG_WARN_STRICT_PROTOTYPES = YES;
				CLANG_WARN_SUSPICIOUS_MOVE = YES;
				CLANG_WARN_UNGUARDED_AVAILABILITY = YES_AGGRESSIVE;
				CLANG_WARN_UNREACHABLE_CODE = YES;
				CLANG_WARN__DUPLICATE_METHOD_MATCH = YES;
				COPY_PHASE_STRIP = NO;
				DEBUG_INFORMATION_FORMAT = dwarf;
				ENABLE_STRICT_OBJC_MSGSEND = YES;
				ENABLE_TESTABILITY = YES;
				GCC_C_LANGUAGE_STANDARD = gnu11;
				GCC_DYNAMIC_NO_PIC = NO;
				GCC_NO_COMMON_BLOCKS = YES;
				GCC_OPTIMIZATION_LEVEL = 0;
				GCC_PREPROCESSOR_DEFINITIONS = (
					"DEBUG=1",
					"$(inherited)",
				);
				GCC_WARN_64_TO_32_BIT_CONVERSION = YES;
				GCC_WARN_ABOUT_RETURN_TYPE = YES_ERROR;
				GCC_WARN_UNDECLARED_SELECTOR = YES;
				GCC_WARN_UNINITIALIZED_AUTOS = YES_AGGRESSIVE;
				GCC_WARN_UNUSED_FUNCTION = YES;
				GCC_WARN_UNUSED_VARIABLE = YES;
				IPHONEOS_DEPLOYMENT_TARGET = 13.4;
				MTL_ENABLE_DEBUG_INFO = INCLUDE_SOURCE;
				MTL_FAST_MATH = YES;
				ONLY_ACTIVE_ARCH = YES;
				SDKROOT = iphoneos;
				SWIFT_ACTIVE_COMPILATION_CONDITIONS = DEBUG;
				SWIFT_OPTIMIZATION_LEVEL = "-Onone";
			};
			name = Debug;
		};
		FF95B22C242ED05000C5FF83 /* Release */ = {
			isa = XCBuildConfiguration;
			buildSettings = {
				ALWAYS_SEARCH_USER_PATHS = NO;
				CLANG_ANALYZER_NONNULL = YES;
				CLANG_ANALYZER_NUMBER_OBJECT_CONVERSION = YES_AGGRESSIVE;
				CLANG_CXX_LANGUAGE_STANDARD = "gnu++14";
				CLANG_CXX_LIBRARY = "libc++";
				CLANG_ENABLE_MODULES = YES;
				CLANG_ENABLE_OBJC_ARC = YES;
				CLANG_ENABLE_OBJC_WEAK = YES;
				CLANG_WARN_BLOCK_CAPTURE_AUTORELEASING = YES;
				CLANG_WARN_BOOL_CONVERSION = YES;
				CLANG_WARN_COMMA = YES;
				CLANG_WARN_CONSTANT_CONVERSION = YES;
				CLANG_WARN_DEPRECATED_OBJC_IMPLEMENTATIONS = YES;
				CLANG_WARN_DIRECT_OBJC_ISA_USAGE = YES_ERROR;
				CLANG_WARN_DOCUMENTATION_COMMENTS = YES;
				CLANG_WARN_EMPTY_BODY = YES;
				CLANG_WARN_ENUM_CONVERSION = YES;
				CLANG_WARN_INFINITE_RECURSION = YES;
				CLANG_WARN_INT_CONVERSION = YES;
				CLANG_WARN_NON_LITERAL_NULL_CONVERSION = YES;
				CLANG_WARN_OBJC_IMPLICIT_RETAIN_SELF = YES;
				CLANG_WARN_OBJC_LITERAL_CONVERSION = YES;
				CLANG_WARN_OBJC_ROOT_CLASS = YES_ERROR;
				CLANG_WARN_RANGE_LOOP_ANALYSIS = YES;
				CLANG_WARN_STRICT_PROTOTYPES = YES;
				CLANG_WARN_SUSPICIOUS_MOVE = YES;
				CLANG_WARN_UNGUARDED_AVAILABILITY = YES_AGGRESSIVE;
				CLANG_WARN_UNREACHABLE_CODE = YES;
				CLANG_WARN__DUPLICATE_METHOD_MATCH = YES;
				COPY_PHASE_STRIP = NO;
				DEBUG_INFORMATION_FORMAT = "dwarf-with-dsym";
				ENABLE_NS_ASSERTIONS = NO;
				ENABLE_STRICT_OBJC_MSGSEND = YES;
				GCC_C_LANGUAGE_STANDARD = gnu11;
				GCC_NO_COMMON_BLOCKS = YES;
				GCC_WARN_64_TO_32_BIT_CONVERSION = YES;
				GCC_WARN_ABOUT_RETURN_TYPE = YES_ERROR;
				GCC_WARN_UNDECLARED_SELECTOR = YES;
				GCC_WARN_UNINITIALIZED_AUTOS = YES_AGGRESSIVE;
				GCC_WARN_UNUSED_FUNCTION = YES;
				GCC_WARN_UNUSED_VARIABLE = YES;
				IPHONEOS_DEPLOYMENT_TARGET = 13.4;
				MTL_ENABLE_DEBUG_INFO = NO;
				MTL_FAST_MATH = YES;
				SDKROOT = iphoneos;
				SWIFT_COMPILATION_MODE = wholemodule;
				SWIFT_OPTIMIZATION_LEVEL = "-O";
				VALIDATE_PRODUCT = YES;
			};
			name = Release;
		};
		FF95B22E242ED05000C5FF83 /* Debug */ = {
			isa = XCBuildConfiguration;
			buildSettings = {
				ASSETCATALOG_COMPILER_APPICON_NAME = AppIcon;
				CODE_SIGN_STYLE = Automatic;
				DEVELOPMENT_TEAM = SM9KCJGMUP;
				INFOPLIST_FILE = "ToDoMovie&Series/Info.plist";
				LD_RUNPATH_SEARCH_PATHS = (
					"$(inherited)",
					"@executable_path/Frameworks",
				);
				PRODUCT_BUNDLE_IDENTIFIER = "com.dobigaster.ToDoMovie-Series";
				PRODUCT_NAME = "$(TARGET_NAME)";
				SWIFT_VERSION = 5.0;
				TARGETED_DEVICE_FAMILY = "1,2";
			};
			name = Debug;
		};
		FF95B22F242ED05000C5FF83 /* Release */ = {
			isa = XCBuildConfiguration;
			buildSettings = {
				ASSETCATALOG_COMPILER_APPICON_NAME = AppIcon;
				CODE_SIGN_STYLE = Automatic;
				DEVELOPMENT_TEAM = SM9KCJGMUP;
				INFOPLIST_FILE = "ToDoMovie&Series/Info.plist";
				LD_RUNPATH_SEARCH_PATHS = (
					"$(inherited)",
					"@executable_path/Frameworks",
				);
				PRODUCT_BUNDLE_IDENTIFIER = "com.dobigaster.ToDoMovie-Series";
				PRODUCT_NAME = "$(TARGET_NAME)";
				SWIFT_VERSION = 5.0;
				TARGETED_DEVICE_FAMILY = "1,2";
			};
			name = Release;
		};
/* End XCBuildConfiguration section */

/* Begin XCConfigurationList section */
		FF95B211242ED04300C5FF83 /* Build configuration list for PBXProject "ToDoMovie&Series" */ = {
			isa = XCConfigurationList;
			buildConfigurations = (
				FF95B22B242ED05000C5FF83 /* Debug */,
				FF95B22C242ED05000C5FF83 /* Release */,
			);
			defaultConfigurationIsVisible = 0;
			defaultConfigurationName = Release;
		};
		FF95B22D242ED05000C5FF83 /* Build configuration list for PBXNativeTarget "ToDoMovie&Series" */ = {
			isa = XCConfigurationList;
			buildConfigurations = (
				FF95B22E242ED05000C5FF83 /* Debug */,
				FF95B22F242ED05000C5FF83 /* Release */,
			);
			defaultConfigurationIsVisible = 0;
			defaultConfigurationName = Release;
		};
/* End XCConfigurationList section */

/* Begin XCVersionGroup section */
		FF95B222242ED04300C5FF83 /* ToDoMovie_Series.xcdatamodeld */ = {
			isa = XCVersionGroup;
			children = (
				FF95B223242ED04300C5FF83 /* ToDoMovie_Series.xcdatamodel */,
			);
			currentVersion = FF95B223242ED04300C5FF83 /* ToDoMovie_Series.xcdatamodel */;
			path = ToDoMovie_Series.xcdatamodeld;
			sourceTree = "<group>";
			versionGroupType = wrapper.xcdatamodel;
		};
/* End XCVersionGroup section */
	};
	rootObject = FF95B20E242ED04300C5FF83 /* Project object */;
}
